// !$*UTF8*$!
{
	archiveVersion = 1;
	classes = {
	};
	objectVersion = 46;
	objects = {

/* Begin PBXBuildFile section */
		00935FC93493F945D5862800 /* libPods.a in Frameworks */ = {isa = PBXBuildFile; fileRef = 89954F290A804B134971FBB4 /* libPods.a */; };
		C2269ECC1CBE613200A63BD4 /* main.m in Sources */ = {isa = PBXBuildFile; fileRef = C2269ECB1CBE613200A63BD4 /* main.m */; };
		C2269ED51CBE613200A63BD4 /* Main.storyboard in Resources */ = {isa = PBXBuildFile; fileRef = C2269ED31CBE613200A63BD4 /* Main.storyboard */; };
		C2269ED71CBE613200A63BD4 /* Assets.xcassets in Resources */ = {isa = PBXBuildFile; fileRef = C2269ED61CBE613200A63BD4 /* Assets.xcassets */; };
		C2269EDA1CBE613200A63BD4 /* LaunchScreen.storyboard in Resources */ = {isa = PBXBuildFile; fileRef = C2269ED81CBE613200A63BD4 /* LaunchScreen.storyboard */; };
		C2269EFC1CBE7C7400A63BD4 /* BaseViewController.m in Sources */ = {isa = PBXBuildFile; fileRef = C2269EF91CBE7C7400A63BD4 /* BaseViewController.m */; };
		C2269EFF1CBE7C8900A63BD4 /* BaseModel.m in Sources */ = {isa = PBXBuildFile; fileRef = C2269EFE1CBE7C8900A63BD4 /* BaseModel.m */; };
		C2269F021CBE7CA400A63BD4 /* BaseTableViewCell.m in Sources */ = {isa = PBXBuildFile; fileRef = C2269F011CBE7CA400A63BD4 /* BaseTableViewCell.m */; };
		C2285E2E1CD1A095000347A7 /* CollectionListDB.m in Sources */ = {isa = PBXBuildFile; fileRef = C2285E2D1CD1A095000347A7 /* CollectionListDB.m */; };
		C2285E311CD1AD7C000347A7 /* DataBaseManager.m in Sources */ = {isa = PBXBuildFile; fileRef = C2285E301CD1AD7C000347A7 /* DataBaseManager.m */; };
		C2285E3A1CD20DEB000347A7 /* collect_selected.png in Resources */ = {isa = PBXBuildFile; fileRef = C2285E381CD20DEB000347A7 /* collect_selected.png */; };
		C2285E3B1CD20DEB000347A7 /* collect.png in Resources */ = {isa = PBXBuildFile; fileRef = C2285E391CD20DEB000347A7 /* collect.png */; };
		C23943DA1CCE151B001C7D04 /* MineViewController.m in Sources */ = {isa = PBXBuildFile; fileRef = C23943D91CCE151B001C7D04 /* MineViewController.m */; };
		C23943DD1CCE152C001C7D04 /* MineModel.m in Sources */ = {isa = PBXBuildFile; fileRef = C23943DC1CCE152C001C7D04 /* MineModel.m */; };
		C23943F41CCE6079001C7D04 /* MineHeaderCell.m in Sources */ = {isa = PBXBuildFile; fileRef = C23943F31CCE6079001C7D04 /* MineHeaderCell.m */; };
		C23943F61CCE6A81001C7D04 /* MineHeaderCell.xib in Resources */ = {isa = PBXBuildFile; fileRef = C23943F51CCE6A81001C7D04 /* MineHeaderCell.xib */; };
		C242E5801CC77BB70097A119 /* CollectionViewController.m in Sources */ = {isa = PBXBuildFile; fileRef = C242E57F1CC77BB70097A119 /* CollectionViewController.m */; };
		C242E5831CC77BD10097A119 /* LoginViewController.m in Sources */ = {isa = PBXBuildFile; fileRef = C242E5821CC77BD10097A119 /* LoginViewController.m */; };
		C242E5861CC77BDF0097A119 /* RegisterViewController.m in Sources */ = {isa = PBXBuildFile; fileRef = C242E5851CC77BDF0097A119 /* RegisterViewController.m */; };
		C25F46FD1CD0E43200D040B2 /* commenticon.png in Resources */ = {isa = PBXBuildFile; fileRef = C25F46D01CD0E43200D040B2 /* commenticon.png */; };
		C25F46FE1CD0E43200D040B2 /* icon_play.png in Resources */ = {isa = PBXBuildFile; fileRef = C25F46D11CD0E43200D040B2 /* icon_play.png */; };
		C25F46FF1CD0E43200D040B2 /* icon_play_Label_left.png in Resources */ = {isa = PBXBuildFile; fileRef = C25F46D21CD0E43200D040B2 /* icon_play_Label_left.png */; };
		C25F47001CD0E43200D040B2 /* topic.png in Resources */ = {isa = PBXBuildFile; fileRef = C25F46D31CD0E43200D040B2 /* topic.png */; };
		C25F47011CD0E43200D040B2 /* 专题.png in Resources */ = {isa = PBXBuildFile; fileRef = C25F46D41CD0E43200D040B2 /* 专题.png */; };
		C25F47021CD0E43200D040B2 /* guide.png in Resources */ = {isa = PBXBuildFile; fileRef = C25F46D61CD0E43200D040B2 /* guide.png */; };
		C25F47031CD0E43200D040B2 /* image.png in Resources */ = {isa = PBXBuildFile; fileRef = C25F46D71CD0E43200D040B2 /* image.png */; };
		C25F47041CD0E43200D040B2 /* importantNews.png in Resources */ = {isa = PBXBuildFile; fileRef = C25F46D81CD0E43200D040B2 /* importantNews.png */; };
		C25F47051CD0E43200D040B2 /* new.png in Resources */ = {isa = PBXBuildFile; fileRef = C25F46D91CD0E43200D040B2 /* new.png */; };
		C25F47061CD0E43200D040B2 /* recommand.png in Resources */ = {isa = PBXBuildFile; fileRef = C25F46DA1CD0E43200D040B2 /* recommand.png */; };
		C25F47071CD0E43200D040B2 /* talk.png in Resources */ = {isa = PBXBuildFile; fileRef = C25F46DB1CD0E43200D040B2 /* talk.png */; };
		C25F47081CD0E43200D040B2 /* text.png in Resources */ = {isa = PBXBuildFile; fileRef = C25F46DC1CD0E43200D040B2 /* text.png */; };
		C25F47091CD0E43200D040B2 /* video.png in Resources */ = {isa = PBXBuildFile; fileRef = C25F46DD1CD0E43200D040B2 /* video.png */; };
		C25F470B1CD0E43200D040B2 /* logo_word.png in Resources */ = {isa = PBXBuildFile; fileRef = C25F46DF1CD0E43200D040B2 /* logo_word.png */; };
		C25F470C1CD0E43200D040B2 /* nav_menu_icon@2x.png in Resources */ = {isa = PBXBuildFile; fileRef = C25F46E01CD0E43200D040B2 /* nav_menu_icon@2x.png */; };
		C25F470D1CD0E43200D040B2 /* bg-addbutton-highlighted.png in Resources */ = {isa = PBXBuildFile; fileRef = C25F46E21CD0E43200D040B2 /* bg-addbutton-highlighted.png */; };
		C25F470E1CD0E43200D040B2 /* bg-addbutton-highlighted@2x.png in Resources */ = {isa = PBXBuildFile; fileRef = C25F46E31CD0E43200D040B2 /* bg-addbutton-highlighted@2x.png */; };
		C25F470F1CD0E43200D040B2 /* bg-addbutton.png in Resources */ = {isa = PBXBuildFile; fileRef = C25F46E41CD0E43200D040B2 /* bg-addbutton.png */; };
		C25F47101CD0E43200D040B2 /* bg-addbutton@2x.png in Resources */ = {isa = PBXBuildFile; fileRef = C25F46E51CD0E43200D040B2 /* bg-addbutton@2x.png */; };
		C25F47111CD0E43200D040B2 /* bg-menuitem-highlighted.png in Resources */ = {isa = PBXBuildFile; fileRef = C25F46E61CD0E43200D040B2 /* bg-menuitem-highlighted.png */; };
		C25F47121CD0E43200D040B2 /* bg-menuitem-highlighted@2x.png in Resources */ = {isa = PBXBuildFile; fileRef = C25F46E71CD0E43200D040B2 /* bg-menuitem-highlighted@2x.png */; };
		C25F47131CD0E43200D040B2 /* bg-menuitem.png in Resources */ = {isa = PBXBuildFile; fileRef = C25F46E81CD0E43200D040B2 /* bg-menuitem.png */; };
		C25F47141CD0E43200D040B2 /* bg-menuitem@2x.png in Resources */ = {isa = PBXBuildFile; fileRef = C25F46E91CD0E43200D040B2 /* bg-menuitem@2x.png */; };
		C25F47151CD0E43200D040B2 /* bg_addbutton.png in Resources */ = {isa = PBXBuildFile; fileRef = C25F46EA1CD0E43200D040B2 /* bg_addbutton.png */; };
		C25F47161CD0E43200D040B2 /* bg_addbutton_highlighted.png in Resources */ = {isa = PBXBuildFile; fileRef = C25F46EB1CD0E43200D040B2 /* bg_addbutton_highlighted.png */; };
		C25F47171CD0E43200D040B2 /* bg_menuitem.png in Resources */ = {isa = PBXBuildFile; fileRef = C25F46EC1CD0E43200D040B2 /* bg_menuitem.png */; };
		C25F47181CD0E43200D040B2 /* bg_menuitem_highlighted.png in Resources */ = {isa = PBXBuildFile; fileRef = C25F46ED1CD0E43200D040B2 /* bg_menuitem_highlighted.png */; };
		C25F47191CD0E43200D040B2 /* collection.png in Resources */ = {isa = PBXBuildFile; fileRef = C25F46EE1CD0E43200D040B2 /* collection.png */; };
		C25F471A1CD0E43200D040B2 /* icon-plus-highlighted.png in Resources */ = {isa = PBXBuildFile; fileRef = C25F46EF1CD0E43200D040B2 /* icon-plus-highlighted.png */; };
		C25F471B1CD0E43200D040B2 /* icon-plus-highlighted@2x.png in Resources */ = {isa = PBXBuildFile; fileRef = C25F46F01CD0E43200D040B2 /* icon-plus-highlighted@2x.png */; };
		C25F471C1CD0E43200D040B2 /* icon-plus.png in Resources */ = {isa = PBXBuildFile; fileRef = C25F46F11CD0E43200D040B2 /* icon-plus.png */; };
		C25F471D1CD0E43200D040B2 /* icon-plus@2x.png in Resources */ = {isa = PBXBuildFile; fileRef = C25F46F21CD0E43200D040B2 /* icon-plus@2x.png */; };
		C25F471E1CD0E43200D040B2 /* icon-star.png in Resources */ = {isa = PBXBuildFile; fileRef = C25F46F31CD0E43200D040B2 /* icon-star.png */; };
		C25F471F1CD0E43200D040B2 /* icon-star@2x.png in Resources */ = {isa = PBXBuildFile; fileRef = C25F46F41CD0E43200D040B2 /* icon-star@2x.png */; };
		C25F47201CD0E43200D040B2 /* icon_plus_highlighted.png in Resources */ = {isa = PBXBuildFile; fileRef = C25F46F51CD0E43200D040B2 /* icon_plus_highlighted.png */; };
		C25F47211CD0E43200D040B2 /* icon_plus_normal.png in Resources */ = {isa = PBXBuildFile; fileRef = C25F46F61CD0E43200D040B2 /* icon_plus_normal.png */; };
		C25F47221CD0E43200D040B2 /* profile.png in Resources */ = {isa = PBXBuildFile; fileRef = C25F46F71CD0E43200D040B2 /* profile.png */; };
		C25F47231CD0E43200D040B2 /* backBtn.png in Resources */ = {isa = PBXBuildFile; fileRef = C25F46F91CD0E43200D040B2 /* backBtn.png */; };
		C25F47241CD0E43200D040B2 /* placeHolder.png in Resources */ = {isa = PBXBuildFile; fileRef = C25F46FA1CD0E43200D040B2 /* placeHolder.png */; };
		C25F47251CD0E43200D040B2 /* placeholder_image.png in Resources */ = {isa = PBXBuildFile; fileRef = C25F46FB1CD0E43200D040B2 /* placeholder_image.png */; };
		C25F47261CD0E43200D040B2 /* placeholder_word.png in Resources */ = {isa = PBXBuildFile; fileRef = C25F46FC1CD0E43200D040B2 /* placeholder_word.png */; };
		C2676D791CD04EE800430133 /* WMPlayer.m in Sources */ = {isa = PBXBuildFile; fileRef = C2676D6E1CD04EE800430133 /* WMPlayer.m */; };
		C2676D831CD04F5300430133 /* SidModel.m in Sources */ = {isa = PBXBuildFile; fileRef = C2676D7F1CD04F5300430133 /* SidModel.m */; };
		C2676D931CD04F6800430133 /* clear@2x.png in Resources */ = {isa = PBXBuildFile; fileRef = C2676D851CD04F6800430133 /* clear@2x.png */; };
		C2676D941CD04F6800430133 /* close@2x.png in Resources */ = {isa = PBXBuildFile; fileRef = C2676D861CD04F6800430133 /* close@2x.png */; };
		C2676D951CD04F6800430133 /* found_s@2x.png in Resources */ = {isa = PBXBuildFile; fileRef = C2676D871CD04F6800430133 /* found_s@2x.png */; };
		C2676D961CD04F6800430133 /* found@2x.png in Resources */ = {isa = PBXBuildFile; fileRef = C2676D881CD04F6800430133 /* found@2x.png */; };
		C2676D981CD04F6800430133 /* message_s@2x.png in Resources */ = {isa = PBXBuildFile; fileRef = C2676D8A1CD04F6800430133 /* message_s@2x.png */; };
		C2676D991CD04F6800430133 /* message@2x.png in Resources */ = {isa = PBXBuildFile; fileRef = C2676D8B1CD04F6800430133 /* message@2x.png */; };
		C2676D9A1CD04F6800430133 /* play.png in Resources */ = {isa = PBXBuildFile; fileRef = C2676D8C1CD04F6800430133 /* play.png */; };
		C2676D9B1CD04F6800430133 /* playcount.png in Resources */ = {isa = PBXBuildFile; fileRef = C2676D8D1CD04F6800430133 /* playcount.png */; };
		C2676D9C1CD04F6800430133 /* share_s@2x.png in Resources */ = {isa = PBXBuildFile; fileRef = C2676D8E1CD04F6800430133 /* share_s@2x.png */; };
		C2676D9D1CD04F6800430133 /* share@2x.png in Resources */ = {isa = PBXBuildFile; fileRef = C2676D8F1CD04F6800430133 /* share@2x.png */; };
		C2676D9E1CD04F6800430133 /* time.png in Resources */ = {isa = PBXBuildFile; fileRef = C2676D901CD04F6800430133 /* time.png */; };
		C2676D9F1CD04F6800430133 /* video_play_btn_bg@2x.png in Resources */ = {isa = PBXBuildFile; fileRef = C2676D911CD04F6800430133 /* video_play_btn_bg@2x.png */; };
		C2676DA01CD04F6800430133 /* WMPlayer.gif in Resources */ = {isa = PBXBuildFile; fileRef = C2676D921CD04F6800430133 /* WMPlayer.gif */; };
		C2676DA21CD05C6600430133 /* WMPlayer.bundle in Resources */ = {isa = PBXBuildFile; fileRef = C2676DA11CD05C6600430133 /* WMPlayer.bundle */; };
		C2AD2C471CC4EF26004D5889 /* BaseTableViewController.m in Sources */ = {isa = PBXBuildFile; fileRef = C2AD2C461CC4EF26004D5889 /* BaseTableViewController.m */; };
		C2D557341CC8C3D100B2737C /* DataModel.m in Sources */ = {isa = PBXBuildFile; fileRef = C2D557331CC8C3D100B2737C /* DataModel.m */; };
		C2D557371CC8CC4700B2737C /* TypeOneCell.m in Sources */ = {isa = PBXBuildFile; fileRef = C2D557361CC8CC4700B2737C /* TypeOneCell.m */; };
		C2D5573C1CC8CDB100B2737C /* TypeTwoCell.m in Sources */ = {isa = PBXBuildFile; fileRef = C2D5573B1CC8CDB100B2737C /* TypeTwoCell.m */; };
		C2D557411CC8D88C00B2737C /* TypeThreeCell.m in Sources */ = {isa = PBXBuildFile; fileRef = C2D557401CC8D88C00B2737C /* TypeThreeCell.m */; };
		C2D557441CC8D89800B2737C /* TypeFourCell.m in Sources */ = {isa = PBXBuildFile; fileRef = C2D557431CC8D89800B2737C /* TypeFourCell.m */; };
		C2DE9A341CC1D2E300263791 /* NCAnimationView.m in Sources */ = {isa = PBXBuildFile; fileRef = C2DE9A311CC1D2E300263791 /* NCAnimationView.m */; };
		C2DE9A351CC1D2E300263791 /* NCAnimationViewItem.m in Sources */ = {isa = PBXBuildFile; fileRef = C2DE9A331CC1D2E300263791 /* NCAnimationViewItem.m */; };
		C2E3A2C31CCF13F9005B5200 /* TypeFiveCell.m in Sources */ = {isa = PBXBuildFile; fileRef = C2E3A2C21CCF13F9005B5200 /* TypeFiveCell.m */; };
		C2E6F6B91CD0F3D2004D27E1 /* 1.jpg in Resources */ = {isa = PBXBuildFile; fileRef = C2E6F6B21CD0F3D2004D27E1 /* 1.jpg */; };
		C2E6F6BA1CD0F3D2004D27E1 /* demo－1.tiff in Resources */ = {isa = PBXBuildFile; fileRef = C2E6F6B31CD0F3D2004D27E1 /* demo－1.tiff */; };
		C2E6F6BB1CD0F3D2004D27E1 /* demo－2.tiff in Resources */ = {isa = PBXBuildFile; fileRef = C2E6F6B41CD0F3D2004D27E1 /* demo－2.tiff */; };
		C2E6F6BC1CD0F3D2004D27E1 /* demo－3.tiff in Resources */ = {isa = PBXBuildFile; fileRef = C2E6F6B51CD0F3D2004D27E1 /* demo－3.tiff */; };
		C2E6F6BD1CD0F3D2004D27E1 /* demo－4.tiff in Resources */ = {isa = PBXBuildFile; fileRef = C2E6F6B61CD0F3D2004D27E1 /* demo－4.tiff */; };
		C2E6F6BE1CD0F3D2004D27E1 /* demo－5.tiff in Resources */ = {isa = PBXBuildFile; fileRef = C2E6F6B71CD0F3D2004D27E1 /* demo－5.tiff */; };
		C2E6F6BF1CD0F3D2004D27E1 /* demo－6.tiff in Resources */ = {isa = PBXBuildFile; fileRef = C2E6F6B81CD0F3D2004D27E1 /* demo－6.tiff */; };
		C2E6F7221CD0FD36004D27E1 /* .gitignore in Resources */ = {isa = PBXBuildFile; fileRef = C2E6F6C31CD0FD36004D27E1 /* .gitignore */; };
		C2E6F7231CD0FD36004D27E1 /* GuideViewController.m in Sources */ = {isa = PBXBuildFile; fileRef = C2E6F6C51CD0FD36004D27E1 /* GuideViewController.m */; };
		C2E6F7241CD0FD36004D27E1 /* .gitignore in Resources */ = {isa = PBXBuildFile; fileRef = C2E6F6C71CD0FD36004D27E1 /* .gitignore */; };
		C2E6F7251CD0FD36004D27E1 /* ImportDetailsViewController.m in Sources */ = {isa = PBXBuildFile; fileRef = C2E6F6C91CD0FD36004D27E1 /* ImportDetailsViewController.m */; };
		C2E6F7261CD0FD36004D27E1 /* ImportNewsViewController.m in Sources */ = {isa = PBXBuildFile; fileRef = C2E6F6CB1CD0FD36004D27E1 /* ImportNewsViewController.m */; };
		C2E6F7271CD0FD36004D27E1 /* .gitignore in Resources */ = {isa = PBXBuildFile; fileRef = C2E6F6CD1CD0FD36004D27E1 /* .gitignore */; };
		C2E6F7281CD0FD36004D27E1 /* NewCarsViewController.m in Sources */ = {isa = PBXBuildFile; fileRef = C2E6F6CF1CD0FD36004D27E1 /* NewCarsViewController.m */; };
		C2E6F7291CD0FD36004D27E1 /* .gitignore in Resources */ = {isa = PBXBuildFile; fileRef = C2E6F6D11CD0FD36004D27E1 /* .gitignore */; };
		C2E6F72A1CD0FD36004D27E1 /* PictureDisplayViewController.m in Sources */ = {isa = PBXBuildFile; fileRef = C2E6F6D31CD0FD36004D27E1 /* PictureDisplayViewController.m */; };
		C2E6F72B1CD0FD36004D27E1 /* PictureViewController.m in Sources */ = {isa = PBXBuildFile; fileRef = C2E6F6D51CD0FD36004D27E1 /* PictureViewController.m */; };
		C2E6F72C1CD0FD36004D27E1 /* .gitignore in Resources */ = {isa = PBXBuildFile; fileRef = C2E6F6D71CD0FD36004D27E1 /* .gitignore */; };
		C2E6F72D1CD0FD36004D27E1 /* RecommandViewController.m in Sources */ = {isa = PBXBuildFile; fileRef = C2E6F6D91CD0FD36004D27E1 /* RecommandViewController.m */; };
		C2E6F72E1CD0FD36004D27E1 /* TalkCarViewController.m in Sources */ = {isa = PBXBuildFile; fileRef = C2E6F6DC1CD0FD36004D27E1 /* TalkCarViewController.m */; };
		C2E6F72F1CD0FD36004D27E1 /* .gitignore in Resources */ = {isa = PBXBuildFile; fileRef = C2E6F6DE1CD0FD36004D27E1 /* .gitignore */; };
		C2E6F7301CD0FD36004D27E1 /* TextDetailViewController.m in Sources */ = {isa = PBXBuildFile; fileRef = C2E6F6E01CD0FD36004D27E1 /* TextDetailViewController.m */; };
		C2E6F7311CD0FD36004D27E1 /* TextViewController.m in Sources */ = {isa = PBXBuildFile; fileRef = C2E6F6E21CD0FD36004D27E1 /* TextViewController.m */; };
		C2E6F7321CD0FD36004D27E1 /* .gitignore in Resources */ = {isa = PBXBuildFile; fileRef = C2E6F6E41CD0FD36004D27E1 /* .gitignore */; };
		C2E6F7331CD0FD36004D27E1 /* VideoPlayViewController.m in Sources */ = {isa = PBXBuildFile; fileRef = C2E6F6E61CD0FD36004D27E1 /* VideoPlayViewController.m */; };
		C2E6F7341CD0FD36004D27E1 /* VideoViewController.m in Sources */ = {isa = PBXBuildFile; fileRef = C2E6F6E81CD0FD36004D27E1 /* VideoViewController.m */; };
		C2E6F7351CD0FD36004D27E1 /* DrawerViewController.m in Sources */ = {isa = PBXBuildFile; fileRef = C2E6F6EC1CD0FD36004D27E1 /* DrawerViewController.m */; };
		C2E6F7361CD0FD36004D27E1 /* MenuViewController.m in Sources */ = {isa = PBXBuildFile; fileRef = C2E6F6EE1CD0FD36004D27E1 /* MenuViewController.m */; };
		C2E6F7371CD0FD36004D27E1 /* .gitignore in Resources */ = {isa = PBXBuildFile; fileRef = C2E6F6F11CD0FD36004D27E1 /* .gitignore */; };
		C2E6F7381CD0FD36004D27E1 /* ImportantDetailheaderModel.m in Sources */ = {isa = PBXBuildFile; fileRef = C2E6F6F31CD0FD36004D27E1 /* ImportantDetailheaderModel.m */; };
		C2E6F7391CD0FD36004D27E1 /* ImportDetailModel.m in Sources */ = {isa = PBXBuildFile; fileRef = C2E6F6F51CD0FD36004D27E1 /* ImportDetailModel.m */; };
		C2E6F73A1CD0FD36004D27E1 /* ImportModel.m in Sources */ = {isa = PBXBuildFile; fileRef = C2E6F6F71CD0FD36004D27E1 /* ImportModel.m */; };
		C2E6F73B1CD0FD36004D27E1 /* .gitignore in Resources */ = {isa = PBXBuildFile; fileRef = C2E6F6F91CD0FD36004D27E1 /* .gitignore */; };
		C2E6F73C1CD0FD36004D27E1 /* PictureDisplayModel.m in Sources */ = {isa = PBXBuildFile; fileRef = C2E6F6FB1CD0FD36004D27E1 /* PictureDisplayModel.m */; };
		C2E6F73D1CD0FD36004D27E1 /* PictureModel.m in Sources */ = {isa = PBXBuildFile; fileRef = C2E6F6FD1CD0FD36004D27E1 /* PictureModel.m */; };
		C2E6F73E1CD0FD36004D27E1 /* .gitignore in Resources */ = {isa = PBXBuildFile; fileRef = C2E6F6FF1CD0FD36004D27E1 /* .gitignore */; };
		C2E6F73F1CD0FD36004D27E1 /* DetailHeaderModel.m in Sources */ = {isa = PBXBuildFile; fileRef = C2E6F7011CD0FD36004D27E1 /* DetailHeaderModel.m */; };
		C2E6F7401CD0FD36004D27E1 /* DetailModel.m in Sources */ = {isa = PBXBuildFile; fileRef = C2E6F7031CD0FD36004D27E1 /* DetailModel.m */; };
		C2E6F7411CD0FD36004D27E1 /* TextModel.m in Sources */ = {isa = PBXBuildFile; fileRef = C2E6F7051CD0FD36004D27E1 /* TextModel.m */; };
		C2E6F7421CD0FD36004D27E1 /* .gitignore in Resources */ = {isa = PBXBuildFile; fileRef = C2E6F7071CD0FD36004D27E1 /* .gitignore */; };
		C2E6F7431CD0FD36004D27E1 /* VideoModel.m in Sources */ = {isa = PBXBuildFile; fileRef = C2E6F7091CD0FD36004D27E1 /* VideoModel.m */; };
		C2E6F7441CD0FD36004D27E1 /* AutoView.m in Sources */ = {isa = PBXBuildFile; fileRef = C2E6F70D1CD0FD36004D27E1 /* AutoView.m */; };
		C2E6F7451CD0FD36004D27E1 /* NSString+height.m in Sources */ = {isa = PBXBuildFile; fileRef = C2E6F70F1CD0FD36004D27E1 /* NSString+height.m */; };
		C2E6F7461CD0FD36004D27E1 /* .gitignore in Resources */ = {isa = PBXBuildFile; fileRef = C2E6F7111CD0FD36004D27E1 /* .gitignore */; };
		C2E6F7471CD0FD36004D27E1 /* ImportantDetailHeaderView.m in Sources */ = {isa = PBXBuildFile; fileRef = C2E6F7131CD0FD36004D27E1 /* ImportantDetailHeaderView.m */; };
		C2E6F7481CD0FD36004D27E1 /* ImportantDetailTypeOneCell.m in Sources */ = {isa = PBXBuildFile; fileRef = C2E6F7151CD0FD36004D27E1 /* ImportantDetailTypeOneCell.m */; };
		C2E6F7491CD0FD36004D27E1 /* ImportantDetailTypeTwoCell.m in Sources */ = {isa = PBXBuildFile; fileRef = C2E6F7171CD0FD36004D27E1 /* ImportantDetailTypeTwoCell.m */; };
		C2E6F74A1CD0FD36004D27E1 /* MediaCell.m in Sources */ = {isa = PBXBuildFile; fileRef = C2E6F7191CD0FD36004D27E1 /* MediaCell.m */; };
		C2E6F74B1CD0FD36004D27E1 /* .gitignore in Resources */ = {isa = PBXBuildFile; fileRef = C2E6F71B1CD0FD36004D27E1 /* .gitignore */; };
		C2E6F74C1CD0FD36004D27E1 /* DetailTableViewTypeOneCell.m in Sources */ = {isa = PBXBuildFile; fileRef = C2E6F71D1CD0FD36004D27E1 /* DetailTableViewTypeOneCell.m */; };
		C2E6F74D1CD0FD36004D27E1 /* DetailTableViewTypeThreeCell.m in Sources */ = {isa = PBXBuildFile; fileRef = C2E6F71F1CD0FD36004D27E1 /* DetailTableViewTypeThreeCell.m */; };
		C2E6F74E1CD0FD36004D27E1 /* DetailTableViewTypeTwoCell.m in Sources */ = {isa = PBXBuildFile; fileRef = C2E6F7211CD0FD36004D27E1 /* DetailTableViewTypeTwoCell.m */; };
		C2E6F7531CD0FD89004D27E1 /* AppDelegate.m in Sources */ = {isa = PBXBuildFile; fileRef = C2E6F7501CD0FD89004D27E1 /* AppDelegate.m */; };
		C2E6F7541CD0FD89004D27E1 /* ViewController.m in Sources */ = {isa = PBXBuildFile; fileRef = C2E6F7521CD0FD89004D27E1 /* ViewController.m */; };
		C2E6F7561CD111D5004D27E1 /* startBackgroud@4x_640*1136.PNG in Resources */ = {isa = PBXBuildFile; fileRef = C2E6F7551CD111D5004D27E1 /* startBackgroud@4x_640*1136.PNG */; };
/* End PBXBuildFile section */

/* Begin PBXFileReference section */
		89954F290A804B134971FBB4 /* libPods.a */ = {isa = PBXFileReference; explicitFileType = archive.ar; includeInIndex = 0; path = libPods.a; sourceTree = BUILT_PRODUCTS_DIR; };
		97CF78AAFE90DC8CFE4CCA72 /* Pods.debug.xcconfig */ = {isa = PBXFileReference; includeInIndex = 1; lastKnownFileType = text.xcconfig; name = Pods.debug.xcconfig; path = "Pods/Target Support Files/Pods/Pods.debug.xcconfig"; sourceTree = "<group>"; };
		C2269EC71CBE613200A63BD4 /* CarPark.app */ = {isa = PBXFileReference; explicitFileType = wrapper.application; includeInIndex = 0; path = CarPark.app; sourceTree = BUILT_PRODUCTS_DIR; };
		C2269ECB1CBE613200A63BD4 /* main.m */ = {isa = PBXFileReference; lastKnownFileType = sourcecode.c.objc; path = main.m; sourceTree = "<group>"; };
		C2269ED41CBE613200A63BD4 /* Base */ = {isa = PBXFileReference; lastKnownFileType = file.storyboard; name = Base; path = Base.lproj/Main.storyboard; sourceTree = "<group>"; };
		C2269ED61CBE613200A63BD4 /* Assets.xcassets */ = {isa = PBXFileReference; lastKnownFileType = folder.assetcatalog; path = Assets.xcassets; sourceTree = "<group>"; };
		C2269ED91CBE613200A63BD4 /* Base */ = {isa = PBXFileReference; lastKnownFileType = file.storyboard; name = Base; path = Base.lproj/LaunchScreen.storyboard; sourceTree = "<group>"; };
		C2269EDB1CBE613200A63BD4 /* Info.plist */ = {isa = PBXFileReference; lastKnownFileType = text.plist.xml; path = Info.plist; sourceTree = "<group>"; };
		C2269EF31CBE798E00A63BD4 /* CarPark.pch */ = {isa = PBXFileReference; fileEncoding = 4; lastKnownFileType = sourcecode.c.h; path = CarPark.pch; sourceTree = "<group>"; };
		C2269EF81CBE7C7400A63BD4 /* BaseViewController.h */ = {isa = PBXFileReference; fileEncoding = 4; lastKnownFileType = sourcecode.c.h; path = BaseViewController.h; sourceTree = "<group>"; };
		C2269EF91CBE7C7400A63BD4 /* BaseViewController.m */ = {isa = PBXFileReference; fileEncoding = 4; lastKnownFileType = sourcecode.c.objc; path = BaseViewController.m; sourceTree = "<group>"; };
		C2269EFD1CBE7C8900A63BD4 /* BaseModel.h */ = {isa = PBXFileReference; fileEncoding = 4; lastKnownFileType = sourcecode.c.h; path = BaseModel.h; sourceTree = "<group>"; };
		C2269EFE1CBE7C8900A63BD4 /* BaseModel.m */ = {isa = PBXFileReference; fileEncoding = 4; lastKnownFileType = sourcecode.c.objc; path = BaseModel.m; sourceTree = "<group>"; };
		C2269F001CBE7CA400A63BD4 /* BaseTableViewCell.h */ = {isa = PBXFileReference; fileEncoding = 4; lastKnownFileType = sourcecode.c.h; path = BaseTableViewCell.h; sourceTree = "<group>"; };
		C2269F011CBE7CA400A63BD4 /* BaseTableViewCell.m */ = {isa = PBXFileReference; fileEncoding = 4; lastKnownFileType = sourcecode.c.objc; path = BaseTableViewCell.m; sourceTree = "<group>"; };
		C2285E2C1CD1A095000347A7 /* CollectionListDB.h */ = {isa = PBXFileReference; fileEncoding = 4; lastKnownFileType = sourcecode.c.h; path = CollectionListDB.h; sourceTree = "<group>"; };
		C2285E2D1CD1A095000347A7 /* CollectionListDB.m */ = {isa = PBXFileReference; fileEncoding = 4; lastKnownFileType = sourcecode.c.objc; path = CollectionListDB.m; sourceTree = "<group>"; };
		C2285E2F1CD1AD7C000347A7 /* DataBaseManager.h */ = {isa = PBXFileReference; fileEncoding = 4; lastKnownFileType = sourcecode.c.h; path = DataBaseManager.h; sourceTree = "<group>"; };
		C2285E301CD1AD7C000347A7 /* DataBaseManager.m */ = {isa = PBXFileReference; fileEncoding = 4; lastKnownFileType = sourcecode.c.objc; path = DataBaseManager.m; sourceTree = "<group>"; };
		C2285E381CD20DEB000347A7 /* collect_selected.png */ = {isa = PBXFileReference; lastKnownFileType = image.png; path = collect_selected.png; sourceTree = "<group>"; };
		C2285E391CD20DEB000347A7 /* collect.png */ = {isa = PBXFileReference; lastKnownFileType = image.png; path = collect.png; sourceTree = "<group>"; };
		C23943D81CCE151B001C7D04 /* MineViewController.h */ = {isa = PBXFileReference; fileEncoding = 4; lastKnownFileType = sourcecode.c.h; path = MineViewController.h; sourceTree = "<group>"; };
		C23943D91CCE151B001C7D04 /* MineViewController.m */ = {isa = PBXFileReference; fileEncoding = 4; lastKnownFileType = sourcecode.c.objc; path = MineViewController.m; sourceTree = "<group>"; };
		C23943DB1CCE152C001C7D04 /* MineModel.h */ = {isa = PBXFileReference; fileEncoding = 4; lastKnownFileType = sourcecode.c.h; path = MineModel.h; sourceTree = "<group>"; };
		C23943DC1CCE152C001C7D04 /* MineModel.m */ = {isa = PBXFileReference; fileEncoding = 4; lastKnownFileType = sourcecode.c.objc; path = MineModel.m; sourceTree = "<group>"; };
		C23943F21CCE6079001C7D04 /* MineHeaderCell.h */ = {isa = PBXFileReference; fileEncoding = 4; lastKnownFileType = sourcecode.c.h; path = MineHeaderCell.h; sourceTree = "<group>"; };
		C23943F31CCE6079001C7D04 /* MineHeaderCell.m */ = {isa = PBXFileReference; fileEncoding = 4; lastKnownFileType = sourcecode.c.objc; path = MineHeaderCell.m; sourceTree = "<group>"; };
		C23943F51CCE6A81001C7D04 /* MineHeaderCell.xib */ = {isa = PBXFileReference; fileEncoding = 4; lastKnownFileType = file.xib; path = MineHeaderCell.xib; sourceTree = "<group>"; };
		C242E57E1CC77BB70097A119 /* CollectionViewController.h */ = {isa = PBXFileReference; fileEncoding = 4; lastKnownFileType = sourcecode.c.h; path = CollectionViewController.h; sourceTree = "<group>"; };
		C242E57F1CC77BB70097A119 /* CollectionViewController.m */ = {isa = PBXFileReference; fileEncoding = 4; lastKnownFileType = sourcecode.c.objc; path = CollectionViewController.m; sourceTree = "<group>"; };
		C242E5811CC77BD10097A119 /* LoginViewController.h */ = {isa = PBXFileReference; fileEncoding = 4; lastKnownFileType = sourcecode.c.h; path = LoginViewController.h; sourceTree = "<group>"; };
		C242E5821CC77BD10097A119 /* LoginViewController.m */ = {isa = PBXFileReference; fileEncoding = 4; lastKnownFileType = sourcecode.c.objc; path = LoginViewController.m; sourceTree = "<group>"; };
		C242E5841CC77BDF0097A119 /* RegisterViewController.h */ = {isa = PBXFileReference; fileEncoding = 4; lastKnownFileType = sourcecode.c.h; path = RegisterViewController.h; sourceTree = "<group>"; };
		C242E5851CC77BDF0097A119 /* RegisterViewController.m */ = {isa = PBXFileReference; fileEncoding = 4; lastKnownFileType = sourcecode.c.objc; path = RegisterViewController.m; sourceTree = "<group>"; };
		C25F46D01CD0E43200D040B2 /* commenticon.png */ = {isa = PBXFileReference; lastKnownFileType = image.png; path = commenticon.png; sourceTree = "<group>"; };
		C25F46D11CD0E43200D040B2 /* icon_play.png */ = {isa = PBXFileReference; lastKnownFileType = image.png; path = icon_play.png; sourceTree = "<group>"; };
		C25F46D21CD0E43200D040B2 /* icon_play_Label_left.png */ = {isa = PBXFileReference; lastKnownFileType = image.png; path = icon_play_Label_left.png; sourceTree = "<group>"; };
		C25F46D31CD0E43200D040B2 /* topic.png */ = {isa = PBXFileReference; lastKnownFileType = image.png; path = topic.png; sourceTree = "<group>"; };
		C25F46D41CD0E43200D040B2 /* 专题.png */ = {isa = PBXFileReference; lastKnownFileType = image.png; path = "专题.png"; sourceTree = "<group>"; };
		C25F46D61CD0E43200D040B2 /* guide.png */ = {isa = PBXFileReference; lastKnownFileType = image.png; path = guide.png; sourceTree = "<group>"; };
		C25F46D71CD0E43200D040B2 /* image.png */ = {isa = PBXFileReference; lastKnownFileType = image.png; path = image.png; sourceTree = "<group>"; };
		C25F46D81CD0E43200D040B2 /* importantNews.png */ = {isa = PBXFileReference; lastKnownFileType = image.png; path = importantNews.png; sourceTree = "<group>"; };
		C25F46D91CD0E43200D040B2 /* new.png */ = {isa = PBXFileReference; lastKnownFileType = image.png; path = new.png; sourceTree = "<group>"; };
		C25F46DA1CD0E43200D040B2 /* recommand.png */ = {isa = PBXFileReference; lastKnownFileType = image.png; path = recommand.png; sourceTree = "<group>"; };
		C25F46DB1CD0E43200D040B2 /* talk.png */ = {isa = PBXFileReference; lastKnownFileType = image.png; path = talk.png; sourceTree = "<group>"; };
		C25F46DC1CD0E43200D040B2 /* text.png */ = {isa = PBXFileReference; lastKnownFileType = image.png; path = text.png; sourceTree = "<group>"; };
		C25F46DD1CD0E43200D040B2 /* video.png */ = {isa = PBXFileReference; lastKnownFileType = image.png; path = video.png; sourceTree = "<group>"; };
		C25F46DE1CD0E43200D040B2 /* logo.png */ = {isa = PBXFileReference; lastKnownFileType = image.png; path = logo.png; sourceTree = "<group>"; };
		C25F46DF1CD0E43200D040B2 /* logo_word.png */ = {isa = PBXFileReference; lastKnownFileType = image.png; path = logo_word.png; sourceTree = "<group>"; };
		C25F46E01CD0E43200D040B2 /* nav_menu_icon@2x.png */ = {isa = PBXFileReference; lastKnownFileType = image.png; path = "nav_menu_icon@2x.png"; sourceTree = "<group>"; };
		C25F46E21CD0E43200D040B2 /* bg-addbutton-highlighted.png */ = {isa = PBXFileReference; lastKnownFileType = image.png; path = "bg-addbutton-highlighted.png"; sourceTree = "<group>"; };
		C25F46E31CD0E43200D040B2 /* bg-addbutton-highlighted@2x.png */ = {isa = PBXFileReference; lastKnownFileType = image.png; path = "bg-addbutton-highlighted@2x.png"; sourceTree = "<group>"; };
		C25F46E41CD0E43200D040B2 /* bg-addbutton.png */ = {isa = PBXFileReference; lastKnownFileType = image.png; path = "bg-addbutton.png"; sourceTree = "<group>"; };
		C25F46E51CD0E43200D040B2 /* bg-addbutton@2x.png */ = {isa = PBXFileReference; lastKnownFileType = image.png; path = "bg-addbutton@2x.png"; sourceTree = "<group>"; };
		C25F46E61CD0E43200D040B2 /* bg-menuitem-highlighted.png */ = {isa = PBXFileReference; lastKnownFileType = image.png; path = "bg-menuitem-highlighted.png"; sourceTree = "<group>"; };
		C25F46E71CD0E43200D040B2 /* bg-menuitem-highlighted@2x.png */ = {isa = PBXFileReference; lastKnownFileType = image.png; path = "bg-menuitem-highlighted@2x.png"; sourceTree = "<group>"; };
		C25F46E81CD0E43200D040B2 /* bg-menuitem.png */ = {isa = PBXFileReference; lastKnownFileType = image.png; path = "bg-menuitem.png"; sourceTree = "<group>"; };
		C25F46E91CD0E43200D040B2 /* bg-menuitem@2x.png */ = {isa = PBXFileReference; lastKnownFileType = image.png; path = "bg-menuitem@2x.png"; sourceTree = "<group>"; };
		C25F46EA1CD0E43200D040B2 /* bg_addbutton.png */ = {isa = PBXFileReference; lastKnownFileType = image.png; path = bg_addbutton.png; sourceTree = "<group>"; };
		C25F46EB1CD0E43200D040B2 /* bg_addbutton_highlighted.png */ = {isa = PBXFileReference; lastKnownFileType = image.png; path = bg_addbutton_highlighted.png; sourceTree = "<group>"; };
		C25F46EC1CD0E43200D040B2 /* bg_menuitem.png */ = {isa = PBXFileReference; lastKnownFileType = image.png; path = bg_menuitem.png; sourceTree = "<group>"; };
		C25F46ED1CD0E43200D040B2 /* bg_menuitem_highlighted.png */ = {isa = PBXFileReference; lastKnownFileType = image.png; path = bg_menuitem_highlighted.png; sourceTree = "<group>"; };
		C25F46EE1CD0E43200D040B2 /* collection.png */ = {isa = PBXFileReference; lastKnownFileType = image.png; path = collection.png; sourceTree = "<group>"; };
		C25F46EF1CD0E43200D040B2 /* icon-plus-highlighted.png */ = {isa = PBXFileReference; lastKnownFileType = image.png; path = "icon-plus-highlighted.png"; sourceTree = "<group>"; };
		C25F46F01CD0E43200D040B2 /* icon-plus-highlighted@2x.png */ = {isa = PBXFileReference; lastKnownFileType = image.png; path = "icon-plus-highlighted@2x.png"; sourceTree = "<group>"; };
		C25F46F11CD0E43200D040B2 /* icon-plus.png */ = {isa = PBXFileReference; lastKnownFileType = image.png; path = "icon-plus.png"; sourceTree = "<group>"; };
		C25F46F21CD0E43200D040B2 /* icon-plus@2x.png */ = {isa = PBXFileReference; lastKnownFileType = image.png; path = "icon-plus@2x.png"; sourceTree = "<group>"; };
		C25F46F31CD0E43200D040B2 /* icon-star.png */ = {isa = PBXFileReference; lastKnownFileType = image.png; path = "icon-star.png"; sourceTree = "<group>"; };
		C25F46F41CD0E43200D040B2 /* icon-star@2x.png */ = {isa = PBXFileReference; lastKnownFileType = image.png; path = "icon-star@2x.png"; sourceTree = "<group>"; };
		C25F46F51CD0E43200D040B2 /* icon_plus_highlighted.png */ = {isa = PBXFileReference; lastKnownFileType = image.png; path = icon_plus_highlighted.png; sourceTree = "<group>"; };
		C25F46F61CD0E43200D040B2 /* icon_plus_normal.png */ = {isa = PBXFileReference; lastKnownFileType = image.png; path = icon_plus_normal.png; sourceTree = "<group>"; };
		C25F46F71CD0E43200D040B2 /* profile.png */ = {isa = PBXFileReference; lastKnownFileType = image.png; path = profile.png; sourceTree = "<group>"; };
		C25F46F91CD0E43200D040B2 /* backBtn.png */ = {isa = PBXFileReference; lastKnownFileType = image.png; path = backBtn.png; sourceTree = "<group>"; };
		C25F46FA1CD0E43200D040B2 /* placeHolder.png */ = {isa = PBXFileReference; lastKnownFileType = image.png; path = placeHolder.png; sourceTree = "<group>"; };
		C25F46FB1CD0E43200D040B2 /* placeholder_image.png */ = {isa = PBXFileReference; lastKnownFileType = image.png; path = placeholder_image.png; sourceTree = "<group>"; };
		C25F46FC1CD0E43200D040B2 /* placeholder_word.png */ = {isa = PBXFileReference; lastKnownFileType = image.png; path = placeholder_word.png; sourceTree = "<group>"; };
		C2676D6D1CD04EE800430133 /* WMPlayer.h */ = {isa = PBXFileReference; fileEncoding = 4; lastKnownFileType = sourcecode.c.h; path = WMPlayer.h; sourceTree = "<group>"; };
		C2676D6E1CD04EE800430133 /* WMPlayer.m */ = {isa = PBXFileReference; fileEncoding = 4; lastKnownFileType = sourcecode.c.objc; path = WMPlayer.m; sourceTree = "<group>"; };
		C2676D7E1CD04F5300430133 /* SidModel.h */ = {isa = PBXFileReference; fileEncoding = 4; lastKnownFileType = sourcecode.c.h; path = SidModel.h; sourceTree = "<group>"; };
		C2676D7F1CD04F5300430133 /* SidModel.m */ = {isa = PBXFileReference; fileEncoding = 4; lastKnownFileType = sourcecode.c.objc; path = SidModel.m; sourceTree = "<group>"; };
		C2676D851CD04F6800430133 /* clear@2x.png */ = {isa = PBXFileReference; lastKnownFileType = image.png; path = "clear@2x.png"; sourceTree = "<group>"; };
		C2676D861CD04F6800430133 /* close@2x.png */ = {isa = PBXFileReference; lastKnownFileType = image.png; path = "close@2x.png"; sourceTree = "<group>"; };
		C2676D871CD04F6800430133 /* found_s@2x.png */ = {isa = PBXFileReference; lastKnownFileType = image.png; path = "found_s@2x.png"; sourceTree = "<group>"; };
		C2676D881CD04F6800430133 /* found@2x.png */ = {isa = PBXFileReference; lastKnownFileType = image.png; path = "found@2x.png"; sourceTree = "<group>"; };
		C2676D891CD04F6800430133 /* logo.png */ = {isa = PBXFileReference; lastKnownFileType = image.png; path = logo.png; sourceTree = "<group>"; };
		C2676D8A1CD04F6800430133 /* message_s@2x.png */ = {isa = PBXFileReference; lastKnownFileType = image.png; path = "message_s@2x.png"; sourceTree = "<group>"; };
		C2676D8B1CD04F6800430133 /* message@2x.png */ = {isa = PBXFileReference; lastKnownFileType = image.png; path = "message@2x.png"; sourceTree = "<group>"; };
		C2676D8C1CD04F6800430133 /* play.png */ = {isa = PBXFileReference; lastKnownFileType = image.png; path = play.png; sourceTree = "<group>"; };
		C2676D8D1CD04F6800430133 /* playcount.png */ = {isa = PBXFileReference; lastKnownFileType = image.png; path = playcount.png; sourceTree = "<group>"; };
		C2676D8E1CD04F6800430133 /* share_s@2x.png */ = {isa = PBXFileReference; lastKnownFileType = image.png; path = "share_s@2x.png"; sourceTree = "<group>"; };
		C2676D8F1CD04F6800430133 /* share@2x.png */ = {isa = PBXFileReference; lastKnownFileType = image.png; path = "share@2x.png"; sourceTree = "<group>"; };
		C2676D901CD04F6800430133 /* time.png */ = {isa = PBXFileReference; lastKnownFileType = image.png; path = time.png; sourceTree = "<group>"; };
		C2676D911CD04F6800430133 /* video_play_btn_bg@2x.png */ = {isa = PBXFileReference; lastKnownFileType = image.png; path = "video_play_btn_bg@2x.png"; sourceTree = "<group>"; };
		C2676D921CD04F6800430133 /* WMPlayer.gif */ = {isa = PBXFileReference; lastKnownFileType = image.gif; path = WMPlayer.gif; sourceTree = "<group>"; };
		C2676DA11CD05C6600430133 /* WMPlayer.bundle */ = {isa = PBXFileReference; lastKnownFileType = "wrapper.plug-in"; path = WMPlayer.bundle; sourceTree = "<group>"; };
		C2AD2C451CC4EF26004D5889 /* BaseTableViewController.h */ = {isa = PBXFileReference; fileEncoding = 4; lastKnownFileType = sourcecode.c.h; path = BaseTableViewController.h; sourceTree = "<group>"; };
		C2AD2C461CC4EF26004D5889 /* BaseTableViewController.m */ = {isa = PBXFileReference; fileEncoding = 4; lastKnownFileType = sourcecode.c.objc; path = BaseTableViewController.m; sourceTree = "<group>"; };
		C2D557321CC8C3D100B2737C /* DataModel.h */ = {isa = PBXFileReference; fileEncoding = 4; lastKnownFileType = sourcecode.c.h; path = DataModel.h; sourceTree = "<group>"; };
		C2D557331CC8C3D100B2737C /* DataModel.m */ = {isa = PBXFileReference; fileEncoding = 4; lastKnownFileType = sourcecode.c.objc; path = DataModel.m; sourceTree = "<group>"; };
		C2D557351CC8CC4700B2737C /* TypeOneCell.h */ = {isa = PBXFileReference; fileEncoding = 4; lastKnownFileType = sourcecode.c.h; path = TypeOneCell.h; sourceTree = "<group>"; };
		C2D557361CC8CC4700B2737C /* TypeOneCell.m */ = {isa = PBXFileReference; fileEncoding = 4; lastKnownFileType = sourcecode.c.objc; path = TypeOneCell.m; sourceTree = "<group>"; };
		C2D5573A1CC8CDB100B2737C /* TypeTwoCell.h */ = {isa = PBXFileReference; fileEncoding = 4; lastKnownFileType = sourcecode.c.h; path = TypeTwoCell.h; sourceTree = "<group>"; };
		C2D5573B1CC8CDB100B2737C /* TypeTwoCell.m */ = {isa = PBXFileReference; fileEncoding = 4; lastKnownFileType = sourcecode.c.objc; path = TypeTwoCell.m; sourceTree = "<group>"; };
		C2D5573F1CC8D88C00B2737C /* TypeThreeCell.h */ = {isa = PBXFileReference; fileEncoding = 4; lastKnownFileType = sourcecode.c.h; path = TypeThreeCell.h; sourceTree = "<group>"; };
		C2D557401CC8D88C00B2737C /* TypeThreeCell.m */ = {isa = PBXFileReference; fileEncoding = 4; lastKnownFileType = sourcecode.c.objc; path = TypeThreeCell.m; sourceTree = "<group>"; };
		C2D557421CC8D89800B2737C /* TypeFourCell.h */ = {isa = PBXFileReference; fileEncoding = 4; lastKnownFileType = sourcecode.c.h; path = TypeFourCell.h; sourceTree = "<group>"; };
		C2D557431CC8D89800B2737C /* TypeFourCell.m */ = {isa = PBXFileReference; fileEncoding = 4; lastKnownFileType = sourcecode.c.objc; path = TypeFourCell.m; sourceTree = "<group>"; };
		C2DE9A301CC1D2E300263791 /* NCAnimationView.h */ = {isa = PBXFileReference; fileEncoding = 4; lastKnownFileType = sourcecode.c.h; path = NCAnimationView.h; sourceTree = "<group>"; };
		C2DE9A311CC1D2E300263791 /* NCAnimationView.m */ = {isa = PBXFileReference; fileEncoding = 4; lastKnownFileType = sourcecode.c.objc; path = NCAnimationView.m; sourceTree = "<group>"; };
		C2DE9A321CC1D2E300263791 /* NCAnimationViewItem.h */ = {isa = PBXFileReference; fileEncoding = 4; lastKnownFileType = sourcecode.c.h; path = NCAnimationViewItem.h; sourceTree = "<group>"; };
		C2DE9A331CC1D2E300263791 /* NCAnimationViewItem.m */ = {isa = PBXFileReference; fileEncoding = 4; lastKnownFileType = sourcecode.c.objc; path = NCAnimationViewItem.m; sourceTree = "<group>"; };
		C2E3A2BF1CCF1194005B5200 /* TypeFiveCell.h */ = {isa = PBXFileReference; fileEncoding = 4; lastKnownFileType = sourcecode.c.h; path = TypeFiveCell.h; sourceTree = "<group>"; };
		C2E3A2C21CCF13F9005B5200 /* TypeFiveCell.m */ = {isa = PBXFileReference; fileEncoding = 4; lastKnownFileType = sourcecode.c.objc; path = TypeFiveCell.m; sourceTree = "<group>"; };
		C2E6F6B21CD0F3D2004D27E1 /* 1.jpg */ = {isa = PBXFileReference; lastKnownFileType = image.jpeg; path = 1.jpg; sourceTree = "<group>"; };
		C2E6F6B31CD0F3D2004D27E1 /* demo－1.tiff */ = {isa = PBXFileReference; lastKnownFileType = image.tiff; path = "demo－1.tiff"; sourceTree = "<group>"; };
		C2E6F6B41CD0F3D2004D27E1 /* demo－2.tiff */ = {isa = PBXFileReference; lastKnownFileType = image.tiff; path = "demo－2.tiff"; sourceTree = "<group>"; };
		C2E6F6B51CD0F3D2004D27E1 /* demo－3.tiff */ = {isa = PBXFileReference; lastKnownFileType = image.tiff; path = "demo－3.tiff"; sourceTree = "<group>"; };
		C2E6F6B61CD0F3D2004D27E1 /* demo－4.tiff */ = {isa = PBXFileReference; lastKnownFileType = image.tiff; path = "demo－4.tiff"; sourceTree = "<group>"; };
		C2E6F6B71CD0F3D2004D27E1 /* demo－5.tiff */ = {isa = PBXFileReference; lastKnownFileType = image.tiff; path = "demo－5.tiff"; sourceTree = "<group>"; };
		C2E6F6B81CD0F3D2004D27E1 /* demo－6.tiff */ = {isa = PBXFileReference; lastKnownFileType = image.tiff; path = "demo－6.tiff"; sourceTree = "<group>"; };
		C2E6F6C31CD0FD36004D27E1 /* .gitignore */ = {isa = PBXFileReference; fileEncoding = 4; lastKnownFileType = text; path = .gitignore; sourceTree = "<group>"; };
		C2E6F6C41CD0FD36004D27E1 /* GuideViewController.h */ = {isa = PBXFileReference; fileEncoding = 4; lastKnownFileType = sourcecode.c.h; path = GuideViewController.h; sourceTree = "<group>"; };
		C2E6F6C51CD0FD36004D27E1 /* GuideViewController.m */ = {isa = PBXFileReference; fileEncoding = 4; lastKnownFileType = sourcecode.c.objc; path = GuideViewController.m; sourceTree = "<group>"; };
		C2E6F6C71CD0FD36004D27E1 /* .gitignore */ = {isa = PBXFileReference; fileEncoding = 4; lastKnownFileType = text; path = .gitignore; sourceTree = "<group>"; };
		C2E6F6C81CD0FD36004D27E1 /* ImportDetailsViewController.h */ = {isa = PBXFileReference; fileEncoding = 4; lastKnownFileType = sourcecode.c.h; path = ImportDetailsViewController.h; sourceTree = "<group>"; };
		C2E6F6C91CD0FD36004D27E1 /* ImportDetailsViewController.m */ = {isa = PBXFileReference; fileEncoding = 4; lastKnownFileType = sourcecode.c.objc; path = ImportDetailsViewController.m; sourceTree = "<group>"; };
		C2E6F6CA1CD0FD36004D27E1 /* ImportNewsViewController.h */ = {isa = PBXFileReference; fileEncoding = 4; lastKnownFileType = sourcecode.c.h; path = ImportNewsViewController.h; sourceTree = "<group>"; };
		C2E6F6CB1CD0FD36004D27E1 /* ImportNewsViewController.m */ = {isa = PBXFileReference; fileEncoding = 4; lastKnownFileType = sourcecode.c.objc; path = ImportNewsViewController.m; sourceTree = "<group>"; };
		C2E6F6CD1CD0FD36004D27E1 /* .gitignore */ = {isa = PBXFileReference; fileEncoding = 4; lastKnownFileType = text; path = .gitignore; sourceTree = "<group>"; };
		C2E6F6CE1CD0FD36004D27E1 /* NewCarsViewController.h */ = {isa = PBXFileReference; fileEncoding = 4; lastKnownFileType = sourcecode.c.h; path = NewCarsViewController.h; sourceTree = "<group>"; };
		C2E6F6CF1CD0FD36004D27E1 /* NewCarsViewController.m */ = {isa = PBXFileReference; fileEncoding = 4; lastKnownFileType = sourcecode.c.objc; path = NewCarsViewController.m; sourceTree = "<group>"; };
		C2E6F6D11CD0FD36004D27E1 /* .gitignore */ = {isa = PBXFileReference; fileEncoding = 4; lastKnownFileType = text; path = .gitignore; sourceTree = "<group>"; };
		C2E6F6D21CD0FD36004D27E1 /* PictureDisplayViewController.h */ = {isa = PBXFileReference; fileEncoding = 4; lastKnownFileType = sourcecode.c.h; path = PictureDisplayViewController.h; sourceTree = "<group>"; };
		C2E6F6D31CD0FD36004D27E1 /* PictureDisplayViewController.m */ = {isa = PBXFileReference; fileEncoding = 4; lastKnownFileType = sourcecode.c.objc; path = PictureDisplayViewController.m; sourceTree = "<group>"; };
		C2E6F6D41CD0FD36004D27E1 /* PictureViewController.h */ = {isa = PBXFileReference; fileEncoding = 4; lastKnownFileType = sourcecode.c.h; path = PictureViewController.h; sourceTree = "<group>"; };
		C2E6F6D51CD0FD36004D27E1 /* PictureViewController.m */ = {isa = PBXFileReference; fileEncoding = 4; lastKnownFileType = sourcecode.c.objc; path = PictureViewController.m; sourceTree = "<group>"; };
		C2E6F6D71CD0FD36004D27E1 /* .gitignore */ = {isa = PBXFileReference; fileEncoding = 4; lastKnownFileType = text; path = .gitignore; sourceTree = "<group>"; };
		C2E6F6D81CD0FD36004D27E1 /* RecommandViewController.h */ = {isa = PBXFileReference; fileEncoding = 4; lastKnownFileType = sourcecode.c.h; path = RecommandViewController.h; sourceTree = "<group>"; };
		C2E6F6D91CD0FD36004D27E1 /* RecommandViewController.m */ = {isa = PBXFileReference; fileEncoding = 4; lastKnownFileType = sourcecode.c.objc; path = RecommandViewController.m; sourceTree = "<group>"; };
		C2E6F6DB1CD0FD36004D27E1 /* TalkCarViewController.h */ = {isa = PBXFileReference; fileEncoding = 4; lastKnownFileType = sourcecode.c.h; path = TalkCarViewController.h; sourceTree = "<group>"; };
		C2E6F6DC1CD0FD36004D27E1 /* TalkCarViewController.m */ = {isa = PBXFileReference; fileEncoding = 4; lastKnownFileType = sourcecode.c.objc; path = TalkCarViewController.m; sourceTree = "<group>"; };
		C2E6F6DE1CD0FD36004D27E1 /* .gitignore */ = {isa = PBXFileReference; fileEncoding = 4; lastKnownFileType = text; path = .gitignore; sourceTree = "<group>"; };
		C2E6F6DF1CD0FD36004D27E1 /* TextDetailViewController.h */ = {isa = PBXFileReference; fileEncoding = 4; lastKnownFileType = sourcecode.c.h; path = TextDetailViewController.h; sourceTree = "<group>"; };
		C2E6F6E01CD0FD36004D27E1 /* TextDetailViewController.m */ = {isa = PBXFileReference; fileEncoding = 4; lastKnownFileType = sourcecode.c.objc; path = TextDetailViewController.m; sourceTree = "<group>"; };
		C2E6F6E11CD0FD36004D27E1 /* TextViewController.h */ = {isa = PBXFileReference; fileEncoding = 4; lastKnownFileType = sourcecode.c.h; path = TextViewController.h; sourceTree = "<group>"; };
		C2E6F6E21CD0FD36004D27E1 /* TextViewController.m */ = {isa = PBXFileReference; fileEncoding = 4; lastKnownFileType = sourcecode.c.objc; path = TextViewController.m; sourceTree = "<group>"; };
		C2E6F6E41CD0FD36004D27E1 /* .gitignore */ = {isa = PBXFileReference; fileEncoding = 4; lastKnownFileType = text; path = .gitignore; sourceTree = "<group>"; };
		C2E6F6E51CD0FD36004D27E1 /* VideoPlayViewController.h */ = {isa = PBXFileReference; fileEncoding = 4; lastKnownFileType = sourcecode.c.h; path = VideoPlayViewController.h; sourceTree = "<group>"; };
		C2E6F6E61CD0FD36004D27E1 /* VideoPlayViewController.m */ = {isa = PBXFileReference; fileEncoding = 4; lastKnownFileType = sourcecode.c.objc; path = VideoPlayViewController.m; sourceTree = "<group>"; };
		C2E6F6E71CD0FD36004D27E1 /* VideoViewController.h */ = {isa = PBXFileReference; fileEncoding = 4; lastKnownFileType = sourcecode.c.h; path = VideoViewController.h; sourceTree = "<group>"; };
		C2E6F6E81CD0FD36004D27E1 /* VideoViewController.m */ = {isa = PBXFileReference; fileEncoding = 4; lastKnownFileType = sourcecode.c.objc; path = VideoViewController.m; sourceTree = "<group>"; };
		C2E6F6EB1CD0FD36004D27E1 /* DrawerViewController.h */ = {isa = PBXFileReference; fileEncoding = 4; lastKnownFileType = sourcecode.c.h; path = DrawerViewController.h; sourceTree = "<group>"; };
		C2E6F6EC1CD0FD36004D27E1 /* DrawerViewController.m */ = {isa = PBXFileReference; fileEncoding = 4; lastKnownFileType = sourcecode.c.objc; path = DrawerViewController.m; sourceTree = "<group>"; };
		C2E6F6ED1CD0FD36004D27E1 /* MenuViewController.h */ = {isa = PBXFileReference; fileEncoding = 4; lastKnownFileType = sourcecode.c.h; path = MenuViewController.h; sourceTree = "<group>"; };
		C2E6F6EE1CD0FD36004D27E1 /* MenuViewController.m */ = {isa = PBXFileReference; fileEncoding = 4; lastKnownFileType = sourcecode.c.objc; path = MenuViewController.m; sourceTree = "<group>"; };
		C2E6F6F11CD0FD36004D27E1 /* .gitignore */ = {isa = PBXFileReference; fileEncoding = 4; lastKnownFileType = text; path = .gitignore; sourceTree = "<group>"; };
		C2E6F6F21CD0FD36004D27E1 /* ImportantDetailheaderModel.h */ = {isa = PBXFileReference; fileEncoding = 4; lastKnownFileType = sourcecode.c.h; path = ImportantDetailheaderModel.h; sourceTree = "<group>"; };
		C2E6F6F31CD0FD36004D27E1 /* ImportantDetailheaderModel.m */ = {isa = PBXFileReference; fileEncoding = 4; lastKnownFileType = sourcecode.c.objc; path = ImportantDetailheaderModel.m; sourceTree = "<group>"; };
		C2E6F6F41CD0FD36004D27E1 /* ImportDetailModel.h */ = {isa = PBXFileReference; fileEncoding = 4; lastKnownFileType = sourcecode.c.h; path = ImportDetailModel.h; sourceTree = "<group>"; };
		C2E6F6F51CD0FD36004D27E1 /* ImportDetailModel.m */ = {isa = PBXFileReference; fileEncoding = 4; lastKnownFileType = sourcecode.c.objc; path = ImportDetailModel.m; sourceTree = "<group>"; };
		C2E6F6F61CD0FD36004D27E1 /* ImportModel.h */ = {isa = PBXFileReference; fileEncoding = 4; lastKnownFileType = sourcecode.c.h; path = ImportModel.h; sourceTree = "<group>"; };
		C2E6F6F71CD0FD36004D27E1 /* ImportModel.m */ = {isa = PBXFileReference; fileEncoding = 4; lastKnownFileType = sourcecode.c.objc; path = ImportModel.m; sourceTree = "<group>"; };
		C2E6F6F91CD0FD36004D27E1 /* .gitignore */ = {isa = PBXFileReference; fileEncoding = 4; lastKnownFileType = text; path = .gitignore; sourceTree = "<group>"; };
		C2E6F6FA1CD0FD36004D27E1 /* PictureDisplayModel.h */ = {isa = PBXFileReference; fileEncoding = 4; lastKnownFileType = sourcecode.c.h; path = PictureDisplayModel.h; sourceTree = "<group>"; };
		C2E6F6FB1CD0FD36004D27E1 /* PictureDisplayModel.m */ = {isa = PBXFileReference; fileEncoding = 4; lastKnownFileType = sourcecode.c.objc; path = PictureDisplayModel.m; sourceTree = "<group>"; };
		C2E6F6FC1CD0FD36004D27E1 /* PictureModel.h */ = {isa = PBXFileReference; fileEncoding = 4; lastKnownFileType = sourcecode.c.h; path = PictureModel.h; sourceTree = "<group>"; };
		C2E6F6FD1CD0FD36004D27E1 /* PictureModel.m */ = {isa = PBXFileReference; fileEncoding = 4; lastKnownFileType = sourcecode.c.objc; path = PictureModel.m; sourceTree = "<group>"; };
		C2E6F6FF1CD0FD36004D27E1 /* .gitignore */ = {isa = PBXFileReference; fileEncoding = 4; lastKnownFileType = text; path = .gitignore; sourceTree = "<group>"; };
		C2E6F7001CD0FD36004D27E1 /* DetailHeaderModel.h */ = {isa = PBXFileReference; fileEncoding = 4; lastKnownFileType = sourcecode.c.h; path = DetailHeaderModel.h; sourceTree = "<group>"; };
		C2E6F7011CD0FD36004D27E1 /* DetailHeaderModel.m */ = {isa = PBXFileReference; fileEncoding = 4; lastKnownFileType = sourcecode.c.objc; path = DetailHeaderModel.m; sourceTree = "<group>"; };
		C2E6F7021CD0FD36004D27E1 /* DetailModel.h */ = {isa = PBXFileReference; fileEncoding = 4; lastKnownFileType = sourcecode.c.h; path = DetailModel.h; sourceTree = "<group>"; };
		C2E6F7031CD0FD36004D27E1 /* DetailModel.m */ = {isa = PBXFileReference; fileEncoding = 4; lastKnownFileType = sourcecode.c.objc; path = DetailModel.m; sourceTree = "<group>"; };
		C2E6F7041CD0FD36004D27E1 /* TextModel.h */ = {isa = PBXFileReference; fileEncoding = 4; lastKnownFileType = sourcecode.c.h; path = TextModel.h; sourceTree = "<group>"; };
		C2E6F7051CD0FD36004D27E1 /* TextModel.m */ = {isa = PBXFileReference; fileEncoding = 4; lastKnownFileType = sourcecode.c.objc; path = TextModel.m; sourceTree = "<group>"; };
		C2E6F7071CD0FD36004D27E1 /* .gitignore */ = {isa = PBXFileReference; fileEncoding = 4; lastKnownFileType = text; path = .gitignore; sourceTree = "<group>"; };
		C2E6F7081CD0FD36004D27E1 /* VideoModel.h */ = {isa = PBXFileReference; fileEncoding = 4; lastKnownFileType = sourcecode.c.h; path = VideoModel.h; sourceTree = "<group>"; };
		C2E6F7091CD0FD36004D27E1 /* VideoModel.m */ = {isa = PBXFileReference; fileEncoding = 4; lastKnownFileType = sourcecode.c.objc; path = VideoModel.m; sourceTree = "<group>"; };
		C2E6F70C1CD0FD36004D27E1 /* AutoView.h */ = {isa = PBXFileReference; fileEncoding = 4; lastKnownFileType = sourcecode.c.h; path = AutoView.h; sourceTree = "<group>"; };
		C2E6F70D1CD0FD36004D27E1 /* AutoView.m */ = {isa = PBXFileReference; fileEncoding = 4; lastKnownFileType = sourcecode.c.objc; path = AutoView.m; sourceTree = "<group>"; };
		C2E6F70E1CD0FD36004D27E1 /* NSString+height.h */ = {isa = PBXFileReference; fileEncoding = 4; lastKnownFileType = sourcecode.c.h; path = "NSString+height.h"; sourceTree = "<group>"; };
		C2E6F70F1CD0FD36004D27E1 /* NSString+height.m */ = {isa = PBXFileReference; fileEncoding = 4; lastKnownFileType = sourcecode.c.objc; path = "NSString+height.m"; sourceTree = "<group>"; };
		C2E6F7111CD0FD36004D27E1 /* .gitignore */ = {isa = PBXFileReference; fileEncoding = 4; lastKnownFileType = text; path = .gitignore; sourceTree = "<group>"; };
		C2E6F7121CD0FD36004D27E1 /* ImportantDetailHeaderView.h */ = {isa = PBXFileReference; fileEncoding = 4; lastKnownFileType = sourcecode.c.h; path = ImportantDetailHeaderView.h; sourceTree = "<group>"; };
		C2E6F7131CD0FD36004D27E1 /* ImportantDetailHeaderView.m */ = {isa = PBXFileReference; fileEncoding = 4; lastKnownFileType = sourcecode.c.objc; path = ImportantDetailHeaderView.m; sourceTree = "<group>"; };
		C2E6F7141CD0FD36004D27E1 /* ImportantDetailTypeOneCell.h */ = {isa = PBXFileReference; fileEncoding = 4; lastKnownFileType = sourcecode.c.h; path = ImportantDetailTypeOneCell.h; sourceTree = "<group>"; };
		C2E6F7151CD0FD36004D27E1 /* ImportantDetailTypeOneCell.m */ = {isa = PBXFileReference; fileEncoding = 4; lastKnownFileType = sourcecode.c.objc; path = ImportantDetailTypeOneCell.m; sourceTree = "<group>"; };
		C2E6F7161CD0FD36004D27E1 /* ImportantDetailTypeTwoCell.h */ = {isa = PBXFileReference; fileEncoding = 4; lastKnownFileType = sourcecode.c.h; path = ImportantDetailTypeTwoCell.h; sourceTree = "<group>"; };
		C2E6F7171CD0FD36004D27E1 /* ImportantDetailTypeTwoCell.m */ = {isa = PBXFileReference; fileEncoding = 4; lastKnownFileType = sourcecode.c.objc; path = ImportantDetailTypeTwoCell.m; sourceTree = "<group>"; };
		C2E6F7181CD0FD36004D27E1 /* MediaCell.h */ = {isa = PBXFileReference; fileEncoding = 4; lastKnownFileType = sourcecode.c.h; path = MediaCell.h; sourceTree = "<group>"; };
		C2E6F7191CD0FD36004D27E1 /* MediaCell.m */ = {isa = PBXFileReference; fileEncoding = 4; lastKnownFileType = sourcecode.c.objc; path = MediaCell.m; sourceTree = "<group>"; };
		C2E6F71B1CD0FD36004D27E1 /* .gitignore */ = {isa = PBXFileReference; fileEncoding = 4; lastKnownFileType = text; path = .gitignore; sourceTree = "<group>"; };
		C2E6F71C1CD0FD36004D27E1 /* DetailTableViewTypeOneCell.h */ = {isa = PBXFileReference; fileEncoding = 4; lastKnownFileType = sourcecode.c.h; path = DetailTableViewTypeOneCell.h; sourceTree = "<group>"; };
		C2E6F71D1CD0FD36004D27E1 /* DetailTableViewTypeOneCell.m */ = {isa = PBXFileReference; fileEncoding = 4; lastKnownFileType = sourcecode.c.objc; path = DetailTableViewTypeOneCell.m; sourceTree = "<group>"; };
		C2E6F71E1CD0FD36004D27E1 /* DetailTableViewTypeThreeCell.h */ = {isa = PBXFileReference; fileEncoding = 4; lastKnownFileType = sourcecode.c.h; path = DetailTableViewTypeThreeCell.h; sourceTree = "<group>"; };
		C2E6F71F1CD0FD36004D27E1 /* DetailTableViewTypeThreeCell.m */ = {isa = PBXFileReference; fileEncoding = 4; lastKnownFileType = sourcecode.c.objc; path = DetailTableViewTypeThreeCell.m; sourceTree = "<group>"; };
		C2E6F7201CD0FD36004D27E1 /* DetailTableViewTypeTwoCell.h */ = {isa = PBXFileReference; fileEncoding = 4; lastKnownFileType = sourcecode.c.h; path = DetailTableViewTypeTwoCell.h; sourceTree = "<group>"; };
		C2E6F7211CD0FD36004D27E1 /* DetailTableViewTypeTwoCell.m */ = {isa = PBXFileReference; fileEncoding = 4; lastKnownFileType = sourcecode.c.objc; path = DetailTableViewTypeTwoCell.m; sourceTree = "<group>"; };
		C2E6F74F1CD0FD89004D27E1 /* AppDelegate.h */ = {isa = PBXFileReference; fileEncoding = 4; lastKnownFileType = sourcecode.c.h; path = AppDelegate.h; sourceTree = "<group>"; };
		C2E6F7501CD0FD89004D27E1 /* AppDelegate.m */ = {isa = PBXFileReference; fileEncoding = 4; lastKnownFileType = sourcecode.c.objc; path = AppDelegate.m; sourceTree = "<group>"; };
		C2E6F7511CD0FD89004D27E1 /* ViewController.h */ = {isa = PBXFileReference; fileEncoding = 4; lastKnownFileType = sourcecode.c.h; path = ViewController.h; sourceTree = "<group>"; };
		C2E6F7521CD0FD89004D27E1 /* ViewController.m */ = {isa = PBXFileReference; fileEncoding = 4; lastKnownFileType = sourcecode.c.objc; path = ViewController.m; sourceTree = "<group>"; };
		C2E6F7551CD111D5004D27E1 /* startBackgroud@4x_640*1136.PNG */ = {isa = PBXFileReference; lastKnownFileType = image.png; path = "startBackgroud@4x_640*1136.PNG"; sourceTree = "<group>"; };
		D22859644F039E2E1964D154 /* Pods.release.xcconfig */ = {isa = PBXFileReference; includeInIndex = 1; lastKnownFileType = text.xcconfig; name = Pods.release.xcconfig; path = "Pods/Target Support Files/Pods/Pods.release.xcconfig"; sourceTree = "<group>"; };
/* End PBXFileReference section */

/* Begin PBXFrameworksBuildPhase section */
		C2269EC41CBE613200A63BD4 /* Frameworks */ = {
			isa = PBXFrameworksBuildPhase;
			buildActionMask = 2147483647;
			files = (
				00935FC93493F945D5862800 /* libPods.a in Frameworks */,
			);
			runOnlyForDeploymentPostprocessing = 0;
		};
/* End PBXFrameworksBuildPhase section */

/* Begin PBXGroup section */
		40C3DF913EDD2AD22968FE81 /* Frameworks */ = {
			isa = PBXGroup;
			children = (
				89954F290A804B134971FBB4 /* libPods.a */,
			);
			name = Frameworks;
			sourceTree = "<group>";
		};
		77BA09BAFD078DCD1BE26AFE /* Pods */ = {
			isa = PBXGroup;
			children = (
				97CF78AAFE90DC8CFE4CCA72 /* Pods.debug.xcconfig */,
				D22859644F039E2E1964D154 /* Pods.release.xcconfig */,
			);
			name = Pods;
			sourceTree = "<group>";
		};
		C2269EBE1CBE613200A63BD4 = {
			isa = PBXGroup;
			children = (
				C2269EC91CBE613200A63BD4 /* CarPark */,
				C2269EC81CBE613200A63BD4 /* Products */,
				77BA09BAFD078DCD1BE26AFE /* Pods */,
				40C3DF913EDD2AD22968FE81 /* Frameworks */,
			);
			sourceTree = "<group>";
		};
		C2269EC81CBE613200A63BD4 /* Products */ = {
			isa = PBXGroup;
			children = (
				C2269EC71CBE613200A63BD4 /* CarPark.app */,
			);
			name = Products;
			sourceTree = "<group>";
		};
		C2269EC91CBE613200A63BD4 /* CarPark */ = {
			isa = PBXGroup;
			children = (
				C2E6F74F1CD0FD89004D27E1 /* AppDelegate.h */,
				C2E6F7501CD0FD89004D27E1 /* AppDelegate.m */,
				C2E6F7511CD0FD89004D27E1 /* ViewController.h */,
				C2E6F7521CD0FD89004D27E1 /* ViewController.m */,
				C2E6F6C01CD0FD36004D27E1 /* Main */,
				C242E56E1CC77B1A0097A119 /* Profile */,
				C2269EF11CBE796400A63BD4 /* Tools */,
				C2269EEC1CBE78AC00A63BD4 /* Base */,
				C2269EED1CBE78AC00A63BD4 /* Document */,
				C2E6F7551CD111D5004D27E1 /* startBackgroud@4x_640*1136.PNG */,
				C2269ED31CBE613200A63BD4 /* Main.storyboard */,
				C2269ED61CBE613200A63BD4 /* Assets.xcassets */,
				C2269ED81CBE613200A63BD4 /* LaunchScreen.storyboard */,
				C2269EDB1CBE613200A63BD4 /* Info.plist */,
				C2269ECA1CBE613200A63BD4 /* Supporting Files */,
			);
			path = CarPark;
			sourceTree = "<group>";
		};
		C2269ECA1CBE613200A63BD4 /* Supporting Files */ = {
			isa = PBXGroup;
			children = (
				C2269ECB1CBE613200A63BD4 /* main.m */,
			);
			name = "Supporting Files";
			sourceTree = "<group>";
		};
		C2269EEC1CBE78AC00A63BD4 /* Base */ = {
			isa = PBXGroup;
			children = (
				C2269EF71CBE7C7400A63BD4 /* Controller */,
				C2269EFA1CBE7C7400A63BD4 /* Model */,
				C2269EFB1CBE7C7400A63BD4 /* View */,
			);
			path = Base;
			sourceTree = "<group>";
		};
		C2269EED1CBE78AC00A63BD4 /* Document */ = {
			isa = PBXGroup;
			children = (
				C25F46CE1CD0E43200D040B2 /* Image */,
			);
			path = Document;
			sourceTree = "<group>";
		};
		C2269EF11CBE796400A63BD4 /* Tools */ = {
			isa = PBXGroup;
			children = (
				C2676D531CD04EE800430133 /* WMPlayer */,
				C2DE9A2E1CC1D2AE00263791 /* NCAnimationView */,
				C2269EF31CBE798E00A63BD4 /* CarPark.pch */,
				C2285E2C1CD1A095000347A7 /* CollectionListDB.h */,
				C2285E2D1CD1A095000347A7 /* CollectionListDB.m */,
				C2285E2F1CD1AD7C000347A7 /* DataBaseManager.h */,
				C2285E301CD1AD7C000347A7 /* DataBaseManager.m */,
			);
			path = Tools;
			sourceTree = "<group>";
		};
		C2269EF71CBE7C7400A63BD4 /* Controller */ = {
			isa = PBXGroup;
			children = (
				C2269EF81CBE7C7400A63BD4 /* BaseViewController.h */,
				C2269EF91CBE7C7400A63BD4 /* BaseViewController.m */,
				C2AD2C451CC4EF26004D5889 /* BaseTableViewController.h */,
				C2AD2C461CC4EF26004D5889 /* BaseTableViewController.m */,
			);
			path = Controller;
			sourceTree = "<group>";
		};
		C2269EFA1CBE7C7400A63BD4 /* Model */ = {
			isa = PBXGroup;
			children = (
				C2269EFD1CBE7C8900A63BD4 /* BaseModel.h */,
				C2269EFE1CBE7C8900A63BD4 /* BaseModel.m */,
				C2D557321CC8C3D100B2737C /* DataModel.h */,
				C2D557331CC8C3D100B2737C /* DataModel.m */,
			);
			path = Model;
			sourceTree = "<group>";
		};
		C2269EFB1CBE7C7400A63BD4 /* View */ = {
			isa = PBXGroup;
			children = (
				C2269F001CBE7CA400A63BD4 /* BaseTableViewCell.h */,
				C2269F011CBE7CA400A63BD4 /* BaseTableViewCell.m */,
				C2D557351CC8CC4700B2737C /* TypeOneCell.h */,
				C2D557361CC8CC4700B2737C /* TypeOneCell.m */,
				C2D5573A1CC8CDB100B2737C /* TypeTwoCell.h */,
				C2D5573B1CC8CDB100B2737C /* TypeTwoCell.m */,
				C2D5573F1CC8D88C00B2737C /* TypeThreeCell.h */,
				C2D557401CC8D88C00B2737C /* TypeThreeCell.m */,
				C2D557421CC8D89800B2737C /* TypeFourCell.h */,
				C2D557431CC8D89800B2737C /* TypeFourCell.m */,
				C2E3A2BF1CCF1194005B5200 /* TypeFiveCell.h */,
				C2E3A2C21CCF13F9005B5200 /* TypeFiveCell.m */,
			);
			path = View;
			sourceTree = "<group>";
		};
		C23943D41CCE14FC001C7D04 /* Mine */ = {
			isa = PBXGroup;
			children = (
				C23943D51CCE14FC001C7D04 /* Controller */,
				C23943D61CCE14FC001C7D04 /* Model */,
				C23943D71CCE14FC001C7D04 /* View */,
			);
			path = Mine;
			sourceTree = "<group>";
		};
		C23943D51CCE14FC001C7D04 /* Controller */ = {
			isa = PBXGroup;
			children = (
				C23943D81CCE151B001C7D04 /* MineViewController.h */,
				C23943D91CCE151B001C7D04 /* MineViewController.m */,
			);
			path = Controller;
			sourceTree = "<group>";
		};
		C23943D61CCE14FC001C7D04 /* Model */ = {
			isa = PBXGroup;
			children = (
				C23943DB1CCE152C001C7D04 /* MineModel.h */,
				C23943DC1CCE152C001C7D04 /* MineModel.m */,
			);
			path = Model;
			sourceTree = "<group>";
		};
		C23943D71CCE14FC001C7D04 /* View */ = {
			isa = PBXGroup;
			children = (
				C23943F21CCE6079001C7D04 /* MineHeaderCell.h */,
				C23943F31CCE6079001C7D04 /* MineHeaderCell.m */,
				C23943F51CCE6A81001C7D04 /* MineHeaderCell.xib */,
			);
			path = View;
			sourceTree = "<group>";
		};
		C242E56E1CC77B1A0097A119 /* Profile */ = {
			isa = PBXGroup;
			children = (
				C23943D41CCE14FC001C7D04 /* Mine */,
				C242E56F1CC77B1A0097A119 /* Collection */,
				C242E5731CC77B1A0097A119 /* Login */,
				C242E5771CC77B1A0097A119 /* Register */,
			);
			path = Profile;
			sourceTree = "<group>";
		};
		C242E56F1CC77B1A0097A119 /* Collection */ = {
			isa = PBXGroup;
			children = (
				C242E57E1CC77BB70097A119 /* CollectionViewController.h */,
				C242E57F1CC77BB70097A119 /* CollectionViewController.m */,
			);
			path = Collection;
			sourceTree = "<group>";
		};
		C242E5731CC77B1A0097A119 /* Login */ = {
			isa = PBXGroup;
			children = (
				C242E5811CC77BD10097A119 /* LoginViewController.h */,
				C242E5821CC77BD10097A119 /* LoginViewController.m */,
			);
			path = Login;
			sourceTree = "<group>";
		};
		C242E5771CC77B1A0097A119 /* Register */ = {
			isa = PBXGroup;
			children = (
				C242E5841CC77BDF0097A119 /* RegisterViewController.h */,
				C242E5851CC77BDF0097A119 /* RegisterViewController.m */,
			);
			path = Register;
			sourceTree = "<group>";
		};
		C25F46CE1CD0E43200D040B2 /* Image */ = {
			isa = PBXGroup;
			children = (
				C2285E381CD20DEB000347A7 /* collect_selected.png */,
				C2285E391CD20DEB000347A7 /* collect.png */,
				C2E6F6B21CD0F3D2004D27E1 /* 1.jpg */,
				C2E6F6B31CD0F3D2004D27E1 /* demo－1.tiff */,
				C2E6F6B41CD0F3D2004D27E1 /* demo－2.tiff */,
				C2E6F6B51CD0F3D2004D27E1 /* demo－3.tiff */,
				C2E6F6B61CD0F3D2004D27E1 /* demo－4.tiff */,
				C2E6F6B71CD0F3D2004D27E1 /* demo－5.tiff */,
				C2E6F6B81CD0F3D2004D27E1 /* demo－6.tiff */,
				C25F46CF1CD0E43200D040B2 /* cell */,
				C25F46D51CD0E43200D040B2 /* Drawer */,
				C25F46DE1CD0E43200D040B2 /* logo.png */,
				C25F46DF1CD0E43200D040B2 /* logo_word.png */,
				C25F46E01CD0E43200D040B2 /* nav_menu_icon@2x.png */,
				C25F46E11CD0E43200D040B2 /* NCAnimationImage */,
				C25F46F81CD0E43200D040B2 /* Picture */,
				C25F46FA1CD0E43200D040B2 /* placeHolder.png */,
				C25F46FB1CD0E43200D040B2 /* placeholder_image.png */,
				C25F46FC1CD0E43200D040B2 /* placeholder_word.png */,
			);
			path = Image;
			sourceTree = "<group>";
		};
		C25F46CF1CD0E43200D040B2 /* cell */ = {
			isa = PBXGroup;
			children = (
				C25F46D01CD0E43200D040B2 /* commenticon.png */,
				C25F46D11CD0E43200D040B2 /* icon_play.png */,
				C25F46D21CD0E43200D040B2 /* icon_play_Label_left.png */,
				C25F46D31CD0E43200D040B2 /* topic.png */,
				C25F46D41CD0E43200D040B2 /* 专题.png */,
			);
			path = cell;
			sourceTree = "<group>";
		};
		C25F46D51CD0E43200D040B2 /* Drawer */ = {
			isa = PBXGroup;
			children = (
				C25F46D61CD0E43200D040B2 /* guide.png */,
				C25F46D71CD0E43200D040B2 /* image.png */,
				C25F46D81CD0E43200D040B2 /* importantNews.png */,
				C25F46D91CD0E43200D040B2 /* new.png */,
				C25F46DA1CD0E43200D040B2 /* recommand.png */,
				C25F46DB1CD0E43200D040B2 /* talk.png */,
				C25F46DC1CD0E43200D040B2 /* text.png */,
				C25F46DD1CD0E43200D040B2 /* video.png */,
			);
			path = Drawer;
			sourceTree = "<group>";
		};
		C25F46E11CD0E43200D040B2 /* NCAnimationImage */ = {
			isa = PBXGroup;
			children = (
				C25F46E21CD0E43200D040B2 /* bg-addbutton-highlighted.png */,
				C25F46E31CD0E43200D040B2 /* bg-addbutton-highlighted@2x.png */,
				C25F46E41CD0E43200D040B2 /* bg-addbutton.png */,
				C25F46E51CD0E43200D040B2 /* bg-addbutton@2x.png */,
				C25F46E61CD0E43200D040B2 /* bg-menuitem-highlighted.png */,
				C25F46E71CD0E43200D040B2 /* bg-menuitem-highlighted@2x.png */,
				C25F46E81CD0E43200D040B2 /* bg-menuitem.png */,
				C25F46E91CD0E43200D040B2 /* bg-menuitem@2x.png */,
				C25F46EA1CD0E43200D040B2 /* bg_addbutton.png */,
				C25F46EB1CD0E43200D040B2 /* bg_addbutton_highlighted.png */,
				C25F46EC1CD0E43200D040B2 /* bg_menuitem.png */,
				C25F46ED1CD0E43200D040B2 /* bg_menuitem_highlighted.png */,
				C25F46EE1CD0E43200D040B2 /* collection.png */,
				C25F46EF1CD0E43200D040B2 /* icon-plus-highlighted.png */,
				C25F46F01CD0E43200D040B2 /* icon-plus-highlighted@2x.png */,
				C25F46F11CD0E43200D040B2 /* icon-plus.png */,
				C25F46F21CD0E43200D040B2 /* icon-plus@2x.png */,
				C25F46F31CD0E43200D040B2 /* icon-star.png */,
				C25F46F41CD0E43200D040B2 /* icon-star@2x.png */,
				C25F46F51CD0E43200D040B2 /* icon_plus_highlighted.png */,
				C25F46F61CD0E43200D040B2 /* icon_plus_normal.png */,
				C25F46F71CD0E43200D040B2 /* profile.png */,
			);
			path = NCAnimationImage;
			sourceTree = "<group>";
		};
		C25F46F81CD0E43200D040B2 /* Picture */ = {
			isa = PBXGroup;
			children = (
				C25F46F91CD0E43200D040B2 /* backBtn.png */,
			);
			path = Picture;
			sourceTree = "<group>";
		};
		C2676D531CD04EE800430133 /* WMPlayer */ = {
			isa = PBXGroup;
			children = (
				C2676DA11CD05C6600430133 /* WMPlayer.bundle */,
				C2676D7B1CD04F5300430133 /* DataManager */,
				C2676D7A1CD04F4800430133 /* image */,
				C2676D6D1CD04EE800430133 /* WMPlayer.h */,
				C2676D6E1CD04EE800430133 /* WMPlayer.m */,
			);
			path = WMPlayer;
			sourceTree = "<group>";
		};
		C2676D7A1CD04F4800430133 /* image */ = {
			isa = PBXGroup;
			children = (
				C2676D851CD04F6800430133 /* clear@2x.png */,
				C2676D861CD04F6800430133 /* close@2x.png */,
				C2676D871CD04F6800430133 /* found_s@2x.png */,
				C2676D881CD04F6800430133 /* found@2x.png */,
				C2676D891CD04F6800430133 /* logo.png */,
				C2676D8A1CD04F6800430133 /* message_s@2x.png */,
				C2676D8B1CD04F6800430133 /* message@2x.png */,
				C2676D8C1CD04F6800430133 /* play.png */,
				C2676D8D1CD04F6800430133 /* playcount.png */,
				C2676D8E1CD04F6800430133 /* share_s@2x.png */,
				C2676D8F1CD04F6800430133 /* share@2x.png */,
				C2676D901CD04F6800430133 /* time.png */,
				C2676D911CD04F6800430133 /* video_play_btn_bg@2x.png */,
				C2676D921CD04F6800430133 /* WMPlayer.gif */,
			);
			path = image;
			sourceTree = "<group>";
		};
		C2676D7B1CD04F5300430133 /* DataManager */ = {
			isa = PBXGroup;
			children = (
				C2676D7E1CD04F5300430133 /* SidModel.h */,
				C2676D7F1CD04F5300430133 /* SidModel.m */,
			);
			path = DataManager;
			sourceTree = "<group>";
		};
		C2DE9A2E1CC1D2AE00263791 /* NCAnimationView */ = {
			isa = PBXGroup;
			children = (
				C2DE9A2F1CC1D2E300263791 /* View */,
			);
			path = NCAnimationView;
			sourceTree = "<group>";
		};
		C2DE9A2F1CC1D2E300263791 /* View */ = {
			isa = PBXGroup;
			children = (
				C2DE9A301CC1D2E300263791 /* NCAnimationView.h */,
				C2DE9A311CC1D2E300263791 /* NCAnimationView.m */,
				C2DE9A321CC1D2E300263791 /* NCAnimationViewItem.h */,
				C2DE9A331CC1D2E300263791 /* NCAnimationViewItem.m */,
			);
			path = View;
			sourceTree = "<group>";
		};
		C2E6F6C01CD0FD36004D27E1 /* Main */ = {
			isa = PBXGroup;
			children = (
				C2E6F6E91CD0FD36004D27E1 /* DrawerViewController */,
				C2E6F6C11CD0FD36004D27E1 /* Controllers */,
				C2E6F6EF1CD0FD36004D27E1 /* Models */,
				C2E6F70A1CD0FD36004D27E1 /* Views */,
			);
			path = Main;
			sourceTree = "<group>";
		};
		C2E6F6C11CD0FD36004D27E1 /* Controllers */ = {
			isa = PBXGroup;
			children = (
				C2E6F6C21CD0FD36004D27E1 /* GuideController */,
				C2E6F6C61CD0FD36004D27E1 /* ImportantNewsController */,
				C2E6F6CC1CD0FD36004D27E1 /* NewCarsController */,
				C2E6F6D01CD0FD36004D27E1 /* PictureController */,
				C2E6F6D61CD0FD36004D27E1 /* RecommandController */,
				C2E6F6DA1CD0FD36004D27E1 /* TalkCarController */,
				C2E6F6DD1CD0FD36004D27E1 /* TextController */,
				C2E6F6E31CD0FD36004D27E1 /* VideoController */,
			);
			path = Controllers;
			sourceTree = "<group>";
		};
		C2E6F6C21CD0FD36004D27E1 /* GuideController */ = {
			isa = PBXGroup;
			children = (
				C2E6F6C31CD0FD36004D27E1 /* .gitignore */,
				C2E6F6C41CD0FD36004D27E1 /* GuideViewController.h */,
				C2E6F6C51CD0FD36004D27E1 /* GuideViewController.m */,
			);
			path = GuideController;
			sourceTree = "<group>";
		};
		C2E6F6C61CD0FD36004D27E1 /* ImportantNewsController */ = {
			isa = PBXGroup;
			children = (
				C2E6F6C71CD0FD36004D27E1 /* .gitignore */,
				C2E6F6CA1CD0FD36004D27E1 /* ImportNewsViewController.h */,
				C2E6F6CB1CD0FD36004D27E1 /* ImportNewsViewController.m */,
				C2E6F6C81CD0FD36004D27E1 /* ImportDetailsViewController.h */,
				C2E6F6C91CD0FD36004D27E1 /* ImportDetailsViewController.m */,
			);
			path = ImportantNewsController;
			sourceTree = "<group>";
		};
		C2E6F6CC1CD0FD36004D27E1 /* NewCarsController */ = {
			isa = PBXGroup;
			children = (
				C2E6F6CD1CD0FD36004D27E1 /* .gitignore */,
				C2E6F6CE1CD0FD36004D27E1 /* NewCarsViewController.h */,
				C2E6F6CF1CD0FD36004D27E1 /* NewCarsViewController.m */,
			);
			path = NewCarsController;
			sourceTree = "<group>";
		};
		C2E6F6D01CD0FD36004D27E1 /* PictureController */ = {
			isa = PBXGroup;
			children = (
				C2E6F6D11CD0FD36004D27E1 /* .gitignore */,
				C2E6F6D41CD0FD36004D27E1 /* PictureViewController.h */,
				C2E6F6D51CD0FD36004D27E1 /* PictureViewController.m */,
				C2E6F6D21CD0FD36004D27E1 /* PictureDisplayViewController.h */,
				C2E6F6D31CD0FD36004D27E1 /* PictureDisplayViewController.m */,
			);
			path = PictureController;
			sourceTree = "<group>";
		};
		C2E6F6D61CD0FD36004D27E1 /* RecommandController */ = {
			isa = PBXGroup;
			children = (
				C2E6F6D71CD0FD36004D27E1 /* .gitignore */,
				C2E6F6D81CD0FD36004D27E1 /* RecommandViewController.h */,
				C2E6F6D91CD0FD36004D27E1 /* RecommandViewController.m */,
			);
			path = RecommandController;
			sourceTree = "<group>";
		};
		C2E6F6DA1CD0FD36004D27E1 /* TalkCarController */ = {
			isa = PBXGroup;
			children = (
				C2E6F6DB1CD0FD36004D27E1 /* TalkCarViewController.h */,
				C2E6F6DC1CD0FD36004D27E1 /* TalkCarViewController.m */,
			);
			path = TalkCarController;
			sourceTree = "<group>";
		};
		C2E6F6DD1CD0FD36004D27E1 /* TextController */ = {
			isa = PBXGroup;
			children = (
				C2E6F6DE1CD0FD36004D27E1 /* .gitignore */,
				C2E6F6E11CD0FD36004D27E1 /* TextViewController.h */,
				C2E6F6E21CD0FD36004D27E1 /* TextViewController.m */,
				C2E6F6DF1CD0FD36004D27E1 /* TextDetailViewController.h */,
				C2E6F6E01CD0FD36004D27E1 /* TextDetailViewController.m */,
			);
			path = TextController;
			sourceTree = "<group>";
		};
		C2E6F6E31CD0FD36004D27E1 /* VideoController */ = {
			isa = PBXGroup;
			children = (
				C2E6F6E41CD0FD36004D27E1 /* .gitignore */,
				C2E6F6E71CD0FD36004D27E1 /* VideoViewController.h */,
				C2E6F6E81CD0FD36004D27E1 /* VideoViewController.m */,
				C2E6F6E51CD0FD36004D27E1 /* VideoPlayViewController.h */,
				C2E6F6E61CD0FD36004D27E1 /* VideoPlayViewController.m */,
			);
			path = VideoController;
			sourceTree = "<group>";
		};
		C2E6F6E91CD0FD36004D27E1 /* DrawerViewController */ = {
			isa = PBXGroup;
			children = (
				C2E6F6EA1CD0FD36004D27E1 /* Controller */,
			);
			path = DrawerViewController;
			sourceTree = "<group>";
		};
		C2E6F6EA1CD0FD36004D27E1 /* Controller */ = {
			isa = PBXGroup;
			children = (
				C2E6F6EB1CD0FD36004D27E1 /* DrawerViewController.h */,
				C2E6F6EC1CD0FD36004D27E1 /* DrawerViewController.m */,
				C2E6F6ED1CD0FD36004D27E1 /* MenuViewController.h */,
				C2E6F6EE1CD0FD36004D27E1 /* MenuViewController.m */,
			);
			path = Controller;
			sourceTree = "<group>";
		};
		C2E6F6EF1CD0FD36004D27E1 /* Models */ = {
			isa = PBXGroup;
			children = (
				C2E6F6F01CD0FD36004D27E1 /* ImportantNewsModel */,
				C2E6F6F81CD0FD36004D27E1 /* PictureModel */,
				C2E6F6FE1CD0FD36004D27E1 /* TextModel */,
				C2E6F7061CD0FD36004D27E1 /* VideoModel */,
			);
			path = Models;
			sourceTree = "<group>";
		};
		C2E6F6F01CD0FD36004D27E1 /* ImportantNewsModel */ = {
			isa = PBXGroup;
			children = (
				C2E6F6F11CD0FD36004D27E1 /* .gitignore */,
				C2E6F6F21CD0FD36004D27E1 /* ImportantDetailheaderModel.h */,
				C2E6F6F31CD0FD36004D27E1 /* ImportantDetailheaderModel.m */,
				C2E6F6F41CD0FD36004D27E1 /* ImportDetailModel.h */,
				C2E6F6F51CD0FD36004D27E1 /* ImportDetailModel.m */,
				C2E6F6F61CD0FD36004D27E1 /* ImportModel.h */,
				C2E6F6F71CD0FD36004D27E1 /* ImportModel.m */,
			);
			path = ImportantNewsModel;
			sourceTree = "<group>";
		};
		C2E6F6F81CD0FD36004D27E1 /* PictureModel */ = {
			isa = PBXGroup;
			children = (
				C2E6F6F91CD0FD36004D27E1 /* .gitignore */,
				C2E6F6FA1CD0FD36004D27E1 /* PictureDisplayModel.h */,
				C2E6F6FB1CD0FD36004D27E1 /* PictureDisplayModel.m */,
				C2E6F6FC1CD0FD36004D27E1 /* PictureModel.h */,
				C2E6F6FD1CD0FD36004D27E1 /* PictureModel.m */,
			);
			path = PictureModel;
			sourceTree = "<group>";
		};
		C2E6F6FE1CD0FD36004D27E1 /* TextModel */ = {
			isa = PBXGroup;
			children = (
				C2E6F6FF1CD0FD36004D27E1 /* .gitignore */,
				C2E6F7001CD0FD36004D27E1 /* DetailHeaderModel.h */,
				C2E6F7011CD0FD36004D27E1 /* DetailHeaderModel.m */,
				C2E6F7021CD0FD36004D27E1 /* DetailModel.h */,
				C2E6F7031CD0FD36004D27E1 /* DetailModel.m */,
				C2E6F7041CD0FD36004D27E1 /* TextModel.h */,
				C2E6F7051CD0FD36004D27E1 /* TextModel.m */,
			);
			path = TextModel;
			sourceTree = "<group>";
		};
		C2E6F7061CD0FD36004D27E1 /* VideoModel */ = {
			isa = PBXGroup;
			children = (
				C2E6F7071CD0FD36004D27E1 /* .gitignore */,
				C2E6F7081CD0FD36004D27E1 /* VideoModel.h */,
				C2E6F7091CD0FD36004D27E1 /* VideoModel.m */,
			);
			path = VideoModel;
			sourceTree = "<group>";
		};
		C2E6F70A1CD0FD36004D27E1 /* Views */ = {
			isa = PBXGroup;
			children = (
				C2E6F70B1CD0FD36004D27E1 /* CycleView */,
				C2E6F7101CD0FD36004D27E1 /* ImportantNewsView */,
				C2E6F71A1CD0FD36004D27E1 /* View */,
			);
			path = Views;
			sourceTree = "<group>";
		};
		C2E6F70B1CD0FD36004D27E1 /* CycleView */ = {
			isa = PBXGroup;
			children = (
				C2E6F70C1CD0FD36004D27E1 /* AutoView.h */,
				C2E6F70D1CD0FD36004D27E1 /* AutoView.m */,
				C2E6F70E1CD0FD36004D27E1 /* NSString+height.h */,
				C2E6F70F1CD0FD36004D27E1 /* NSString+height.m */,
			);
			path = CycleView;
			sourceTree = "<group>";
		};
		C2E6F7101CD0FD36004D27E1 /* ImportantNewsView */ = {
			isa = PBXGroup;
			children = (
				C2E6F7111CD0FD36004D27E1 /* .gitignore */,
				C2E6F7121CD0FD36004D27E1 /* ImportantDetailHeaderView.h */,
				C2E6F7131CD0FD36004D27E1 /* ImportantDetailHeaderView.m */,
				C2E6F7141CD0FD36004D27E1 /* ImportantDetailTypeOneCell.h */,
				C2E6F7151CD0FD36004D27E1 /* ImportantDetailTypeOneCell.m */,
				C2E6F7161CD0FD36004D27E1 /* ImportantDetailTypeTwoCell.h */,
				C2E6F7171CD0FD36004D27E1 /* ImportantDetailTypeTwoCell.m */,
				C2E6F7181CD0FD36004D27E1 /* MediaCell.h */,
				C2E6F7191CD0FD36004D27E1 /* MediaCell.m */,
			);
			path = ImportantNewsView;
			sourceTree = "<group>";
		};
		C2E6F71A1CD0FD36004D27E1 /* View */ = {
			isa = PBXGroup;
			children = (
				C2E6F71B1CD0FD36004D27E1 /* .gitignore */,
				C2E6F71C1CD0FD36004D27E1 /* DetailTableViewTypeOneCell.h */,
				C2E6F71D1CD0FD36004D27E1 /* DetailTableViewTypeOneCell.m */,
				C2E6F71E1CD0FD36004D27E1 /* DetailTableViewTypeThreeCell.h */,
				C2E6F71F1CD0FD36004D27E1 /* DetailTableViewTypeThreeCell.m */,
				C2E6F7201CD0FD36004D27E1 /* DetailTableViewTypeTwoCell.h */,
				C2E6F7211CD0FD36004D27E1 /* DetailTableViewTypeTwoCell.m */,
			);
			path = View;
			sourceTree = "<group>";
		};
/* End PBXGroup section */

/* Begin PBXNativeTarget section */
		C2269EC61CBE613200A63BD4 /* CarPark */ = {
			isa = PBXNativeTarget;
			buildConfigurationList = C2269EDE1CBE613200A63BD4 /* Build configuration list for PBXNativeTarget "CarPark" */;
			buildPhases = (
				C2269EC31CBE613200A63BD4 /* Sources */,
				C2269EC41CBE613200A63BD4 /* Frameworks */,
				C2269EC51CBE613200A63BD4 /* Resources */,
				156B713CB2441F83550321B3 /* Embed Pods Frameworks */,
			);
			buildRules = (
			);
			dependencies = (
			);
			name = CarPark;
			productName = CarPark;
			productReference = C2269EC71CBE613200A63BD4 /* CarPark.app */;
			productType = "com.apple.product-type.application";
		};
/* End PBXNativeTarget section */

/* Begin PBXProject section */
		C2269EBF1CBE613200A63BD4 /* Project object */ = {
			isa = PBXProject;
			attributes = {
				LastUpgradeCheck = 0720;
				ORGANIZATIONNAME = com.lcarpark.zfw;
				TargetAttributes = {
					C2269EC61CBE613200A63BD4 = {
						CreatedOnToolsVersion = 7.2;
						DevelopmentTeam = A6DPYCKQWT;
					};
				};
			};
			buildConfigurationList = C2269EC21CBE613200A63BD4 /* Build configuration list for PBXProject "CarPark" */;
			compatibilityVersion = "Xcode 3.2";
			developmentRegion = English;
			hasScannedForEncodings = 0;
			knownRegions = (
				en,
				Base,
			);
			mainGroup = C2269EBE1CBE613200A63BD4;
			productRefGroup = C2269EC81CBE613200A63BD4 /* Products */;
			projectDirPath = "";
			projectRoot = "";
			targets = (
				C2269EC61CBE613200A63BD4 /* CarPark */,
			);
		};
/* End PBXProject section */

/* Begin PBXResourcesBuildPhase section */
		C2269EC51CBE613200A63BD4 /* Resources */ = {
			isa = PBXResourcesBuildPhase;
			buildActionMask = 2147483647;
			files = (
				C2E6F7461CD0FD36004D27E1 /* .gitignore in Resources */,
				C2E6F7271CD0FD36004D27E1 /* .gitignore in Resources */,
				C25F47221CD0E43200D040B2 /* profile.png in Resources */,
				C25F47261CD0E43200D040B2 /* placeholder_word.png in Resources */,
				C2E6F6B91CD0F3D2004D27E1 /* 1.jpg in Resources */,
				C25F471B1CD0E43200D040B2 /* icon-plus-highlighted@2x.png in Resources */,
				C25F47191CD0E43200D040B2 /* collection.png in Resources */,
				C23943F61CCE6A81001C7D04 /* MineHeaderCell.xib in Resources */,
				C2676D9D1CD04F6800430133 /* share@2x.png in Resources */,
				C2676DA01CD04F6800430133 /* WMPlayer.gif in Resources */,
				C2676D941CD04F6800430133 /* close@2x.png in Resources */,
				C2E6F7321CD0FD36004D27E1 /* .gitignore in Resources */,
				C25F46FF1CD0E43200D040B2 /* icon_play_Label_left.png in Resources */,
				C2E6F7561CD111D5004D27E1 /* startBackgroud@4x_640*1136.PNG in Resources */,
				C25F47201CD0E43200D040B2 /* icon_plus_highlighted.png in Resources */,
				C2676D951CD04F6800430133 /* found_s@2x.png in Resources */,
				C25F470F1CD0E43200D040B2 /* bg-addbutton.png in Resources */,
				C2E6F73B1CD0FD36004D27E1 /* .gitignore in Resources */,
				C25F47251CD0E43200D040B2 /* placeholder_image.png in Resources */,
				C2676D931CD04F6800430133 /* clear@2x.png in Resources */,
				C2E6F7291CD0FD36004D27E1 /* .gitignore in Resources */,
				C2E6F6BE1CD0F3D2004D27E1 /* demo－5.tiff in Resources */,
				C2676D9F1CD04F6800430133 /* video_play_btn_bg@2x.png in Resources */,
				C25F47051CD0E43200D040B2 /* new.png in Resources */,
				C2E6F7421CD0FD36004D27E1 /* .gitignore in Resources */,
				C2676D9B1CD04F6800430133 /* playcount.png in Resources */,
				C25F47231CD0E43200D040B2 /* backBtn.png in Resources */,
				C25F470E1CD0E43200D040B2 /* bg-addbutton-highlighted@2x.png in Resources */,
				C25F471C1CD0E43200D040B2 /* icon-plus.png in Resources */,
				C25F46FE1CD0E43200D040B2 /* icon_play.png in Resources */,
				C25F47001CD0E43200D040B2 /* topic.png in Resources */,
				C25F470D1CD0E43200D040B2 /* bg-addbutton-highlighted.png in Resources */,
				C2285E3A1CD20DEB000347A7 /* collect_selected.png in Resources */,
				C2E6F6BB1CD0F3D2004D27E1 /* demo－2.tiff in Resources */,
				C25F47011CD0E43200D040B2 /* 专题.png in Resources */,
				C25F47111CD0E43200D040B2 /* bg-menuitem-highlighted.png in Resources */,
				C2E6F7221CD0FD36004D27E1 /* .gitignore in Resources */,
				C2676D9A1CD04F6800430133 /* play.png in Resources */,
				C25F47121CD0E43200D040B2 /* bg-menuitem-highlighted@2x.png in Resources */,
				C25F47211CD0E43200D040B2 /* icon_plus_normal.png in Resources */,
				C25F47061CD0E43200D040B2 /* recommand.png in Resources */,
				C25F471D1CD0E43200D040B2 /* icon-plus@2x.png in Resources */,
				C25F47101CD0E43200D040B2 /* bg-addbutton@2x.png in Resources */,
				C2E6F6BC1CD0F3D2004D27E1 /* demo－3.tiff in Resources */,
				C25F47141CD0E43200D040B2 /* bg-menuitem@2x.png in Resources */,
				C25F471F1CD0E43200D040B2 /* icon-star@2x.png in Resources */,
				C25F471E1CD0E43200D040B2 /* icon-star.png in Resources */,
				C25F47091CD0E43200D040B2 /* video.png in Resources */,
				C25F471A1CD0E43200D040B2 /* icon-plus-highlighted.png in Resources */,
				C25F46FD1CD0E43200D040B2 /* commenticon.png in Resources */,
				C2E6F72C1CD0FD36004D27E1 /* .gitignore in Resources */,
				C25F47021CD0E43200D040B2 /* guide.png in Resources */,
				C25F47071CD0E43200D040B2 /* talk.png in Resources */,
				C2269EDA1CBE613200A63BD4 /* LaunchScreen.storyboard in Resources */,
				C25F47031CD0E43200D040B2 /* image.png in Resources */,
				C2676D9E1CD04F6800430133 /* time.png in Resources */,
				C25F47241CD0E43200D040B2 /* placeHolder.png in Resources */,
				C2E6F7241CD0FD36004D27E1 /* .gitignore in Resources */,
				C2E6F72F1CD0FD36004D27E1 /* .gitignore in Resources */,
				C2676D991CD04F6800430133 /* message@2x.png in Resources */,
				C2676D9C1CD04F6800430133 /* share_s@2x.png in Resources */,
				C2E6F74B1CD0FD36004D27E1 /* .gitignore in Resources */,
				C2285E3B1CD20DEB000347A7 /* collect.png in Resources */,
				C25F47171CD0E43200D040B2 /* bg_menuitem.png in Resources */,
				C2676D981CD04F6800430133 /* message_s@2x.png in Resources */,
				C2E6F6BD1CD0F3D2004D27E1 /* demo－4.tiff in Resources */,
				C2269ED71CBE613200A63BD4 /* Assets.xcassets in Resources */,
				C2676DA21CD05C6600430133 /* WMPlayer.bundle in Resources */,
				C25F470C1CD0E43200D040B2 /* nav_menu_icon@2x.png in Resources */,
				C25F47181CD0E43200D040B2 /* bg_menuitem_highlighted.png in Resources */,
				C2E6F6BA1CD0F3D2004D27E1 /* demo－1.tiff in Resources */,
				C25F47151CD0E43200D040B2 /* bg_addbutton.png in Resources */,
				C25F47161CD0E43200D040B2 /* bg_addbutton_highlighted.png in Resources */,
				C2E6F7371CD0FD36004D27E1 /* .gitignore in Resources */,
				C2676D961CD04F6800430133 /* found@2x.png in Resources */,
				C25F47131CD0E43200D040B2 /* bg-menuitem.png in Resources */,
				C2E6F6BF1CD0F3D2004D27E1 /* demo－6.tiff in Resources */,
				C25F47041CD0E43200D040B2 /* importantNews.png in Resources */,
				C25F47081CD0E43200D040B2 /* text.png in Resources */,
				C2269ED51CBE613200A63BD4 /* Main.storyboard in Resources */,
				C2E6F73E1CD0FD36004D27E1 /* .gitignore in Resources */,
				C25F470B1CD0E43200D040B2 /* logo_word.png in Resources */,
			);
			runOnlyForDeploymentPostprocessing = 0;
		};
/* End PBXResourcesBuildPhase section */

/* Begin PBXShellScriptBuildPhase section */
		156B713CB2441F83550321B3 /* Embed Pods Frameworks */ = {
			isa = PBXShellScriptBuildPhase;
			buildActionMask = 2147483647;
			files = (
			);
			inputPaths = (
			);
			name = "Embed Pods Frameworks";
			outputPaths = (
			);
			runOnlyForDeploymentPostprocessing = 0;
			shellPath = /bin/sh;
			shellScript = "\"${SRCROOT}/Pods/Target Support Files/Pods/Pods-frameworks.sh\"\n";
			showEnvVarsInLog = 0;
		};
/* End PBXShellScriptBuildPhase section */

/* Begin PBXSourcesBuildPhase section */
		C2269EC31CBE613200A63BD4 /* Sources */ = {
			isa = PBXSourcesBuildPhase;
			buildActionMask = 2147483647;
			files = (
				C2E6F7331CD0FD36004D27E1 /* VideoPlayViewController.m in Sources */,
				C2E6F74D1CD0FD36004D27E1 /* DetailTableViewTypeThreeCell.m in Sources */,
				C2E6F7531CD0FD89004D27E1 /* AppDelegate.m in Sources */,
				C242E5801CC77BB70097A119 /* CollectionViewController.m in Sources */,
				C2E6F7341CD0FD36004D27E1 /* VideoViewController.m in Sources */,
				C2E6F72D1CD0FD36004D27E1 /* RecommandViewController.m in Sources */,
				C2E6F73C1CD0FD36004D27E1 /* PictureDisplayModel.m in Sources */,
				C2E6F7361CD0FD36004D27E1 /* MenuViewController.m in Sources */,
				C2E6F73D1CD0FD36004D27E1 /* PictureModel.m in Sources */,
				C2D557341CC8C3D100B2737C /* DataModel.m in Sources */,
				C2E6F73F1CD0FD36004D27E1 /* DetailHeaderModel.m in Sources */,
				C2285E311CD1AD7C000347A7 /* DataBaseManager.m in Sources */,
				C2E6F7391CD0FD36004D27E1 /* ImportDetailModel.m in Sources */,
				C242E5861CC77BDF0097A119 /* RegisterViewController.m in Sources */,
				C2E6F72E1CD0FD36004D27E1 /* TalkCarViewController.m in Sources */,
				C2E6F7251CD0FD36004D27E1 /* ImportDetailsViewController.m in Sources */,
				C2676D791CD04EE800430133 /* WMPlayer.m in Sources */,
				C2E6F7381CD0FD36004D27E1 /* ImportantDetailheaderModel.m in Sources */,
				C2D557441CC8D89800B2737C /* TypeFourCell.m in Sources */,
				C2E6F7301CD0FD36004D27E1 /* TextDetailViewController.m in Sources */,
				C2269EFC1CBE7C7400A63BD4 /* BaseViewController.m in Sources */,
				C2D557411CC8D88C00B2737C /* TypeThreeCell.m in Sources */,
				C23943F41CCE6079001C7D04 /* MineHeaderCell.m in Sources */,
				C2E6F7471CD0FD36004D27E1 /* ImportantDetailHeaderView.m in Sources */,
				C2AD2C471CC4EF26004D5889 /* BaseTableViewController.m in Sources */,
				C23943DA1CCE151B001C7D04 /* MineViewController.m in Sources */,
				C2DE9A341CC1D2E300263791 /* NCAnimationView.m in Sources */,
				C2E6F7431CD0FD36004D27E1 /* VideoModel.m in Sources */,
				C2E6F7261CD0FD36004D27E1 /* ImportNewsViewController.m in Sources */,
				C2E6F7281CD0FD36004D27E1 /* NewCarsViewController.m in Sources */,
				C2E6F7311CD0FD36004D27E1 /* TextViewController.m in Sources */,
				C2E6F7481CD0FD36004D27E1 /* ImportantDetailTypeOneCell.m in Sources */,
				C2676D831CD04F5300430133 /* SidModel.m in Sources */,
				C2E3A2C31CCF13F9005B5200 /* TypeFiveCell.m in Sources */,
				C2E6F72A1CD0FD36004D27E1 /* PictureDisplayViewController.m in Sources */,
				C2E6F7451CD0FD36004D27E1 /* NSString+height.m in Sources */,
				C2E6F7231CD0FD36004D27E1 /* GuideViewController.m in Sources */,
				C23943DD1CCE152C001C7D04 /* MineModel.m in Sources */,
				C2E6F73A1CD0FD36004D27E1 /* ImportModel.m in Sources */,
				C2E6F74E1CD0FD36004D27E1 /* DetailTableViewTypeTwoCell.m in Sources */,
				C2E6F7401CD0FD36004D27E1 /* DetailModel.m in Sources */,
				C2D557371CC8CC4700B2737C /* TypeOneCell.m in Sources */,
				C2269EFF1CBE7C8900A63BD4 /* BaseModel.m in Sources */,
				C2D5573C1CC8CDB100B2737C /* TypeTwoCell.m in Sources */,
				C2285E2E1CD1A095000347A7 /* CollectionListDB.m in Sources */,
				C2E6F72B1CD0FD36004D27E1 /* PictureViewController.m in Sources */,
				C2E6F7351CD0FD36004D27E1 /* DrawerViewController.m in Sources */,
				C2E6F7491CD0FD36004D27E1 /* ImportantDetailTypeTwoCell.m in Sources */,
				C2DE9A351CC1D2E300263791 /* NCAnimationViewItem.m in Sources */,
				C2E6F7441CD0FD36004D27E1 /* AutoView.m in Sources */,
				C242E5831CC77BD10097A119 /* LoginViewController.m in Sources */,
				C2E6F7541CD0FD89004D27E1 /* ViewController.m in Sources */,
				C2E6F74A1CD0FD36004D27E1 /* MediaCell.m in Sources */,
				C2E6F74C1CD0FD36004D27E1 /* DetailTableViewTypeOneCell.m in Sources */,
				C2269F021CBE7CA400A63BD4 /* BaseTableViewCell.m in Sources */,
				C2E6F7411CD0FD36004D27E1 /* TextModel.m in Sources */,
				C2269ECC1CBE613200A63BD4 /* main.m in Sources */,
			);
			runOnlyForDeploymentPostprocessing = 0;
		};
/* End PBXSourcesBuildPhase section */

/* Begin PBXVariantGroup section */
		C2269ED31CBE613200A63BD4 /* Main.storyboard */ = {
			isa = PBXVariantGroup;
			children = (
				C2269ED41CBE613200A63BD4 /* Base */,
			);
			name = Main.storyboard;
			sourceTree = "<group>";
		};
		C2269ED81CBE613200A63BD4 /* LaunchScreen.storyboard */ = {
			isa = PBXVariantGroup;
			children = (
				C2269ED91CBE613200A63BD4 /* Base */,
			);
			name = LaunchScreen.storyboard;
			sourceTree = "<group>";
		};
/* End PBXVariantGroup section */

/* Begin XCBuildConfiguration section */
		C2269EDC1CBE613200A63BD4 /* Debug */ = {
			isa = XCBuildConfiguration;
			buildSettings = {
				ALWAYS_SEARCH_USER_PATHS = NO;
				CLANG_CXX_LANGUAGE_STANDARD = "gnu++0x";
				CLANG_CXX_LIBRARY = "libc++";
				CLANG_ENABLE_MODULES = YES;
				CLANG_ENABLE_OBJC_ARC = YES;
				CLANG_WARN_BOOL_CONVERSION = YES;
				CLANG_WARN_CONSTANT_CONVERSION = YES;
				CLANG_WARN_DIRECT_OBJC_ISA_USAGE = YES_ERROR;
				CLANG_WARN_EMPTY_BODY = YES;
				CLANG_WARN_ENUM_CONVERSION = YES;
				CLANG_WARN_INT_CONVERSION = YES;
				CLANG_WARN_OBJC_ROOT_CLASS = YES_ERROR;
				CLANG_WARN_UNREACHABLE_CODE = YES;
				CLANG_WARN__DUPLICATE_METHOD_MATCH = YES;
				"CODE_SIGN_IDENTITY[sdk=iphoneos*]" = "iPhone Developer";
				COPY_PHASE_STRIP = NO;
				DEBUG_INFORMATION_FORMAT = dwarf;
				ENABLE_STRICT_OBJC_MSGSEND = YES;
				ENABLE_TESTABILITY = YES;
				GCC_C_LANGUAGE_STANDARD = gnu99;
				GCC_DYNAMIC_NO_PIC = NO;
				GCC_NO_COMMON_BLOCKS = YES;
				GCC_OPTIMIZATION_LEVEL = 0;
				GCC_PREPROCESSOR_DEFINITIONS = (
					"DEBUG=1",
					"$(inherited)",
				);
				GCC_WARN_64_TO_32_BIT_CONVERSION = YES;
				GCC_WARN_ABOUT_RETURN_TYPE = YES_ERROR;
				GCC_WARN_UNDECLARED_SELECTOR = YES;
				GCC_WARN_UNINITIALIZED_AUTOS = YES_AGGRESSIVE;
				GCC_WARN_UNUSED_FUNCTION = YES;
				GCC_WARN_UNUSED_VARIABLE = YES;
				IPHONEOS_DEPLOYMENT_TARGET = 9.2;
				MTL_ENABLE_DEBUG_INFO = YES;
				ONLY_ACTIVE_ARCH = YES;
				SDKROOT = iphoneos;
			};
			name = Debug;
		};
		C2269EDD1CBE613200A63BD4 /* Release */ = {
			isa = XCBuildConfiguration;
			buildSettings = {
				ALWAYS_SEARCH_USER_PATHS = NO;
				CLANG_CXX_LANGUAGE_STANDARD = "gnu++0x";
				CLANG_CXX_LIBRARY = "libc++";
				CLANG_ENABLE_MODULES = YES;
				CLANG_ENABLE_OBJC_ARC = YES;
				CLANG_WARN_BOOL_CONVERSION = YES;
				CLANG_WARN_CONSTANT_CONVERSION = YES;
				CLANG_WARN_DIRECT_OBJC_ISA_USAGE = YES_ERROR;
				CLANG_WARN_EMPTY_BODY = YES;
				CLANG_WARN_ENUM_CONVERSION = YES;
				CLANG_WARN_INT_CONVERSION = YES;
				CLANG_WARN_OBJC_ROOT_CLASS = YES_ERROR;
				CLANG_WARN_UNREACHABLE_CODE = YES;
				CLANG_WARN__DUPLICATE_METHOD_MATCH = YES;
				"CODE_SIGN_IDENTITY[sdk=iphoneos*]" = "iPhone Developer";
				COPY_PHASE_STRIP = NO;
				DEBUG_INFORMATION_FORMAT = "dwarf-with-dsym";
				ENABLE_NS_ASSERTIONS = NO;
				ENABLE_STRICT_OBJC_MSGSEND = YES;
				GCC_C_LANGUAGE_STANDARD = gnu99;
				GCC_NO_COMMON_BLOCKS = YES;
				GCC_WARN_64_TO_32_BIT_CONVERSION = YES;
				GCC_WARN_ABOUT_RETURN_TYPE = YES_ERROR;
				GCC_WARN_UNDECLARED_SELECTOR = YES;
				GCC_WARN_UNINITIALIZED_AUTOS = YES_AGGRESSIVE;
				GCC_WARN_UNUSED_FUNCTION = YES;
				GCC_WARN_UNUSED_VARIABLE = YES;
				IPHONEOS_DEPLOYMENT_TARGET = 9.2;
				MTL_ENABLE_DEBUG_INFO = NO;
				SDKROOT = iphoneos;
				VALIDATE_PRODUCT = YES;
			};
			name = Release;
		};
		C2269EDF1CBE613200A63BD4 /* Debug */ = {
			isa = XCBuildConfiguration;
			baseConfigurationReference = 97CF78AAFE90DC8CFE4CCA72 /* Pods.debug.xcconfig */;
			buildSettings = {
				ASSETCATALOG_COMPILER_APPICON_NAME = AppIcon;
				ASSETCATALOG_COMPILER_LAUNCHIMAGE_NAME = "Brand Assets";
				CODE_SIGN_IDENTITY = "iPhone Developer";
				"CODE_SIGN_IDENTITY[sdk=iphoneos*]" = "iPhone Developer";
				GCC_PREFIX_HEADER = "$(SRCROOT)/CarPark/Tools/CarPark.pch";
				INFOPLIST_FILE = CarPark/Info.plist;
				IPHONEOS_DEPLOYMENT_TARGET = 8.4;
				LD_RUNPATH_SEARCH_PATHS = "$(inherited) @executable_path/Frameworks";
				PRODUCT_BUNDLE_IDENTIFIER = com.lcarpark.zfw.CarPark;
				PRODUCT_NAME = "$(TARGET_NAME)";
				PROVISIONING_PROFILE = "";
			};
			name = Debug;
		};
		C2269EE01CBE613200A63BD4 /* Release */ = {
			isa = XCBuildConfiguration;
			baseConfigurationReference = D22859644F039E2E1964D154 /* Pods.release.xcconfig */;
			buildSettings = {
				ASSETCATALOG_COMPILER_APPICON_NAME = AppIcon;
				ASSETCATALOG_COMPILER_LAUNCHIMAGE_NAME = "Brand Assets";
				CODE_SIGN_IDENTITY = "iPhone Developer";
				"CODE_SIGN_IDENTITY[sdk=iphoneos*]" = "iPhone Developer";
				GCC_PREFIX_HEADER = "$(SRCROOT)/CarPark/Tools/CarPark.pch";
				INFOPLIST_FILE = CarPark/Info.plist;
				IPHONEOS_DEPLOYMENT_TARGET = 8.4;
				LD_RUNPATH_SEARCH_PATHS = "$(inherited) @executable_path/Frameworks";
				PRODUCT_BUNDLE_IDENTIFIER = com.lcarpark.zfw.CarPark;
				PRODUCT_NAME = "$(TARGET_NAME)";
				PROVISIONING_PROFILE = "";
			};
			name = Release;
		};
/* End XCBuildConfiguration section */

/* Begin XCConfigurationList section */
		C2269EC21CBE613200A63BD4 /* Build configuration list for PBXProject "CarPark" */ = {
			isa = XCConfigurationList;
			buildConfigurations = (
				C2269EDC1CBE613200A63BD4 /* Debug */,
				C2269EDD1CBE613200A63BD4 /* Release */,
			);
			defaultConfigurationIsVisible = 0;
			defaultConfigurationName = Release;
		};
		C2269EDE1CBE613200A63BD4 /* Build configuration list for PBXNativeTarget "CarPark" */ = {
			isa = XCConfigurationList;
			buildConfigurations = (
				C2269EDF1CBE613200A63BD4 /* Debug */,
				C2269EE01CBE613200A63BD4 /* Release */,
			);
			defaultConfigurationIsVisible = 0;
			defaultConfigurationName = Release;
		};
/* End XCConfigurationList section */
	};
	rootObject = C2269EBF1CBE613200A63BD4 /* Project object */;
}
