// !$*UTF8*$!
{
	archiveVersion = 1;
	classes = {
	};
	objectVersion = 46;
	objects = {

/* Begin PBXBuildFile section */
		00935FC93493F945D5862800 /* libPods.a in Frameworks */ = {isa = PBXBuildFile; fileRef = 89954F290A804B134971FBB4 /* libPods.a */; };
		C2048E861CC48D2D00292A39 /* ImportTableVIewCell.m in Sources */ = {isa = PBXBuildFile; fileRef = C2048E841CC48D2D00292A39 /* ImportTableVIewCell.m */; settings = {ASSET_TAGS = (); }; };
		C2048E871CC48D2D00292A39 /* ImportTableVIewCell.xib in Resources */ = {isa = PBXBuildFile; fileRef = C2048E851CC48D2D00292A39 /* ImportTableVIewCell.xib */; settings = {ASSET_TAGS = (); }; };
		C2048E8A1CC4901A00292A39 /* ImportNewsViewController.m in Sources */ = {isa = PBXBuildFile; fileRef = C2048E891CC4901A00292A39 /* ImportNewsViewController.m */; settings = {ASSET_TAGS = (); }; };
		C2048E8D1CC4903B00292A39 /* ImportModel.m in Sources */ = {isa = PBXBuildFile; fileRef = C2048E8C1CC4903B00292A39 /* ImportModel.m */; settings = {ASSET_TAGS = (); }; };
		C2269ECC1CBE613200A63BD4 /* main.m in Sources */ = {isa = PBXBuildFile; fileRef = C2269ECB1CBE613200A63BD4 /* main.m */; };
		C2269ECF1CBE613200A63BD4 /* AppDelegate.m in Sources */ = {isa = PBXBuildFile; fileRef = C2269ECE1CBE613200A63BD4 /* AppDelegate.m */; };
		C2269ED21CBE613200A63BD4 /* ViewController.m in Sources */ = {isa = PBXBuildFile; fileRef = C2269ED11CBE613200A63BD4 /* ViewController.m */; };
		C2269ED51CBE613200A63BD4 /* Main.storyboard in Resources */ = {isa = PBXBuildFile; fileRef = C2269ED31CBE613200A63BD4 /* Main.storyboard */; };
		C2269ED71CBE613200A63BD4 /* Assets.xcassets in Resources */ = {isa = PBXBuildFile; fileRef = C2269ED61CBE613200A63BD4 /* Assets.xcassets */; };
		C2269EDA1CBE613200A63BD4 /* LaunchScreen.storyboard in Resources */ = {isa = PBXBuildFile; fileRef = C2269ED81CBE613200A63BD4 /* LaunchScreen.storyboard */; };
		C2269EEA1CBE76C700A63BD4 /* DrawerViewController.m in Sources */ = {isa = PBXBuildFile; fileRef = C2269EE71CBE76C700A63BD4 /* DrawerViewController.m */; };
		C2269EF01CBE78C100A63BD4 /* nav_menu_icon@2x.png in Resources */ = {isa = PBXBuildFile; fileRef = C2269EEF1CBE78C100A63BD4 /* nav_menu_icon@2x.png */; };
		C2269EFC1CBE7C7400A63BD4 /* BaseViewController.m in Sources */ = {isa = PBXBuildFile; fileRef = C2269EF91CBE7C7400A63BD4 /* BaseViewController.m */; };
		C2269EFF1CBE7C8900A63BD4 /* BaseModel.m in Sources */ = {isa = PBXBuildFile; fileRef = C2269EFE1CBE7C8900A63BD4 /* BaseModel.m */; };
		C2269F021CBE7CA400A63BD4 /* BaseTableViewCell.m in Sources */ = {isa = PBXBuildFile; fileRef = C2269F011CBE7CA400A63BD4 /* BaseTableViewCell.m */; };
		C2269F051CBE7CC000A63BD4 /* BaseCollectionViewCell.m in Sources */ = {isa = PBXBuildFile; fileRef = C2269F041CBE7CC000A63BD4 /* BaseCollectionViewCell.m */; };
		C2269F081CBE7CDB00A63BD4 /* BaseCollectionViewController.m in Sources */ = {isa = PBXBuildFile; fileRef = C2269F071CBE7CDB00A63BD4 /* BaseCollectionViewController.m */; };
		C2269F0B1CBE806F00A63BD4 /* MenuViewController.m in Sources */ = {isa = PBXBuildFile; fileRef = C2269F0A1CBE806F00A63BD4 /* MenuViewController.m */; };
		C2AD2C441CC4E780004D5889 /* NewCarsCell.xib in Resources */ = {isa = PBXBuildFile; fileRef = C2AD2C431CC4E780004D5889 /* NewCarsCell.xib */; };
		C2AD2C471CC4EF26004D5889 /* BaseTableViewController.m in Sources */ = {isa = PBXBuildFile; fileRef = C2AD2C461CC4EF26004D5889 /* BaseTableViewController.m */; };
		C2AD2C4D1CC4EF66004D5889 /* RecommandModel.m in Sources */ = {isa = PBXBuildFile; fileRef = C2AD2C4C1CC4EF66004D5889 /* RecommandModel.m */; };
		C2AD2C501CC4EF82004D5889 /* RecommandTableCell.m in Sources */ = {isa = PBXBuildFile; fileRef = C2AD2C4F1CC4EF82004D5889 /* RecommandTableCell.m */; };
		C2AD2C521CC4F8E6004D5889 /* RecommandTableCell.xib in Resources */ = {isa = PBXBuildFile; fileRef = C2AD2C511CC4F8E6004D5889 /* RecommandTableCell.xib */; };
		C2AD2C551CC4FC5E004D5889 /* RecommandViewController.m in Sources */ = {isa = PBXBuildFile; fileRef = C2AD2C541CC4FC5E004D5889 /* RecommandViewController.m */; };
		C2B6D5CB1CC7280E00FF7F2B /* TalkCarViewCell.m in Sources */ = {isa = PBXBuildFile; fileRef = C2B6D5CA1CC7280E00FF7F2B /* TalkCarViewCell.m */; settings = {ASSET_TAGS = (); }; };
		C2B6D5CD1CC7281900FF7F2B /* TalkCarViewCell.xib in Resources */ = {isa = PBXBuildFile; fileRef = C2B6D5CC1CC7281900FF7F2B /* TalkCarViewCell.xib */; settings = {ASSET_TAGS = (); }; };
		C2B6D5CF1CC738EA00FF7F2B /* Foundation+Log.m in Sources */ = {isa = PBXBuildFile; fileRef = C2B6D5CE1CC738EA00FF7F2B /* Foundation+Log.m */; settings = {ASSET_TAGS = (); }; };
		C2B6D6111CC77AB600FF7F2B /* 1.jpg in Resources */ = {isa = PBXBuildFile; fileRef = C2B6D6101CC77AB600FF7F2B /* 1.jpg */; settings = {ASSET_TAGS = (); }; };
		C2B6D6181CC7B99E00FF7F2B /* ImportDetailsViewController.m in Sources */ = {isa = PBXBuildFile; fileRef = C2B6D6161CC7B99E00FF7F2B /* ImportDetailsViewController.m */; settings = {ASSET_TAGS = (); }; };
		C2B6D6191CC7B99E00FF7F2B /* ImportDetailsViewController.xib in Resources */ = {isa = PBXBuildFile; fileRef = C2B6D6171CC7B99E00FF7F2B /* ImportDetailsViewController.xib */; settings = {ASSET_TAGS = (); }; };
		C2B6D61C1CC7BAA800FF7F2B /* ImportDetailModel.m in Sources */ = {isa = PBXBuildFile; fileRef = C2B6D61B1CC7BAA800FF7F2B /* ImportDetailModel.m */; settings = {ASSET_TAGS = (); }; };
		C2B6D6201CC7BE9900FF7F2B /* TalkCarViewController.m in Sources */ = {isa = PBXBuildFile; fileRef = C2B6D61F1CC7BE9900FF7F2B /* TalkCarViewController.m */; settings = {ASSET_TAGS = (); }; };
		C2DE9A161CC1CE3400263791 /* .gitignore in Resources */ = {isa = PBXBuildFile; fileRef = C2DE99E01CC1CE3300263791 /* .gitignore */; };
		C2DE9A171CC1CE3400263791 /* .gitignore in Resources */ = {isa = PBXBuildFile; fileRef = C2DE99E21CC1CE3300263791 /* .gitignore */; };
		C2DE9A181CC1CE3400263791 /* .gitignore in Resources */ = {isa = PBXBuildFile; fileRef = C2DE99E41CC1CE3300263791 /* .gitignore */; };
		C2DE9A191CC1CE3400263791 /* .gitignore in Resources */ = {isa = PBXBuildFile; fileRef = C2DE99E71CC1CE3300263791 /* .gitignore */; };
		C2DE9A1A1CC1CE3400263791 /* .gitignore in Resources */ = {isa = PBXBuildFile; fileRef = C2DE99E91CC1CE3300263791 /* .gitignore */; };
		C2DE9A1B1CC1CE3400263791 /* .gitignore in Resources */ = {isa = PBXBuildFile; fileRef = C2DE99EB1CC1CE3300263791 /* .gitignore */; };
		C2DE9A1C1CC1CE3400263791 /* .gitignore in Resources */ = {isa = PBXBuildFile; fileRef = C2DE99EE1CC1CE3300263791 /* .gitignore */; };
		C2DE9A1D1CC1CE3400263791 /* .gitignore in Resources */ = {isa = PBXBuildFile; fileRef = C2DE99F01CC1CE3300263791 /* .gitignore */; };
		C2DE9A1E1CC1CE3400263791 /* .gitignore in Resources */ = {isa = PBXBuildFile; fileRef = C2DE99F21CC1CE3300263791 /* .gitignore */; };
		C2DE9A1F1CC1CE3400263791 /* .gitignore in Resources */ = {isa = PBXBuildFile; fileRef = C2DE99F51CC1CE3300263791 /* .gitignore */; };
		C2DE9A201CC1CE3400263791 /* .gitignore in Resources */ = {isa = PBXBuildFile; fileRef = C2DE99F71CC1CE3400263791 /* .gitignore */; };
		C2DE9A211CC1CE3400263791 /* .gitignore in Resources */ = {isa = PBXBuildFile; fileRef = C2DE99F91CC1CE3400263791 /* .gitignore */; };
		C2DE9A221CC1CE3400263791 /* .gitignore in Resources */ = {isa = PBXBuildFile; fileRef = C2DE99FC1CC1CE3400263791 /* .gitignore */; };
		C2DE9A231CC1CE3400263791 /* .gitignore in Resources */ = {isa = PBXBuildFile; fileRef = C2DE99FE1CC1CE3400263791 /* .gitignore */; };
		C2DE9A241CC1CE3400263791 /* .gitignore in Resources */ = {isa = PBXBuildFile; fileRef = C2DE9A001CC1CE3400263791 /* .gitignore */; };
		C2DE9A251CC1CE3400263791 /* .gitignore in Resources */ = {isa = PBXBuildFile; fileRef = C2DE9A031CC1CE3400263791 /* .gitignore */; };
		C2DE9A261CC1CE3400263791 /* .gitignore in Resources */ = {isa = PBXBuildFile; fileRef = C2DE9A051CC1CE3400263791 /* .gitignore */; };
		C2DE9A271CC1CE3400263791 /* .gitignore in Resources */ = {isa = PBXBuildFile; fileRef = C2DE9A071CC1CE3400263791 /* .gitignore */; };
		C2DE9A281CC1CE3400263791 /* .gitignore in Resources */ = {isa = PBXBuildFile; fileRef = C2DE9A0A1CC1CE3400263791 /* .gitignore */; };
		C2DE9A291CC1CE3400263791 /* .gitignore in Resources */ = {isa = PBXBuildFile; fileRef = C2DE9A0C1CC1CE3400263791 /* .gitignore */; };
		C2DE9A2A1CC1CE3400263791 /* .gitignore in Resources */ = {isa = PBXBuildFile; fileRef = C2DE9A0E1CC1CE3400263791 /* .gitignore */; };
		C2DE9A2B1CC1CE3400263791 /* .gitignore in Resources */ = {isa = PBXBuildFile; fileRef = C2DE9A111CC1CE3400263791 /* .gitignore */; };
		C2DE9A2C1CC1CE3400263791 /* .gitignore in Resources */ = {isa = PBXBuildFile; fileRef = C2DE9A131CC1CE3400263791 /* .gitignore */; };
		C2DE9A2D1CC1CE3400263791 /* .gitignore in Resources */ = {isa = PBXBuildFile; fileRef = C2DE9A151CC1CE3400263791 /* .gitignore */; };
		C2DE9A341CC1D2E300263791 /* NCAnimationView.m in Sources */ = {isa = PBXBuildFile; fileRef = C2DE9A311CC1D2E300263791 /* NCAnimationView.m */; };
		C2DE9A351CC1D2E300263791 /* NCAnimationViewItem.m in Sources */ = {isa = PBXBuildFile; fileRef = C2DE9A331CC1D2E300263791 /* NCAnimationViewItem.m */; };
		C2DE9A451CC1D32700263791 /* bg-addbutton-highlighted.png in Resources */ = {isa = PBXBuildFile; fileRef = C2DE9A371CC1D32700263791 /* bg-addbutton-highlighted.png */; };
		C2DE9A461CC1D32700263791 /* bg-addbutton-highlighted@2x.png in Resources */ = {isa = PBXBuildFile; fileRef = C2DE9A381CC1D32700263791 /* bg-addbutton-highlighted@2x.png */; };
		C2DE9A471CC1D32700263791 /* bg-addbutton.png in Resources */ = {isa = PBXBuildFile; fileRef = C2DE9A391CC1D32700263791 /* bg-addbutton.png */; };
		C2DE9A481CC1D32700263791 /* bg-addbutton@2x.png in Resources */ = {isa = PBXBuildFile; fileRef = C2DE9A3A1CC1D32700263791 /* bg-addbutton@2x.png */; };
		C2DE9A491CC1D32700263791 /* bg-menuitem-highlighted.png in Resources */ = {isa = PBXBuildFile; fileRef = C2DE9A3B1CC1D32700263791 /* bg-menuitem-highlighted.png */; };
		C2DE9A4A1CC1D32700263791 /* bg-menuitem-highlighted@2x.png in Resources */ = {isa = PBXBuildFile; fileRef = C2DE9A3C1CC1D32700263791 /* bg-menuitem-highlighted@2x.png */; };
		C2DE9A4B1CC1D32700263791 /* bg-menuitem.png in Resources */ = {isa = PBXBuildFile; fileRef = C2DE9A3D1CC1D32700263791 /* bg-menuitem.png */; };
		C2DE9A4C1CC1D32700263791 /* bg-menuitem@2x.png in Resources */ = {isa = PBXBuildFile; fileRef = C2DE9A3E1CC1D32700263791 /* bg-menuitem@2x.png */; };
		C2DE9A4D1CC1D32700263791 /* icon-plus-highlighted.png in Resources */ = {isa = PBXBuildFile; fileRef = C2DE9A3F1CC1D32700263791 /* icon-plus-highlighted.png */; };
		C2DE9A4E1CC1D32700263791 /* icon-plus-highlighted@2x.png in Resources */ = {isa = PBXBuildFile; fileRef = C2DE9A401CC1D32700263791 /* icon-plus-highlighted@2x.png */; };
		C2DE9A4F1CC1D32700263791 /* icon-plus.png in Resources */ = {isa = PBXBuildFile; fileRef = C2DE9A411CC1D32700263791 /* icon-plus.png */; };
		C2DE9A501CC1D32700263791 /* icon-plus@2x.png in Resources */ = {isa = PBXBuildFile; fileRef = C2DE9A421CC1D32700263791 /* icon-plus@2x.png */; };
		C2DE9A511CC1D32700263791 /* icon-star.png in Resources */ = {isa = PBXBuildFile; fileRef = C2DE9A431CC1D32700263791 /* icon-star.png */; };
		C2DE9A521CC1D32700263791 /* icon-star@2x.png in Resources */ = {isa = PBXBuildFile; fileRef = C2DE9A441CC1D32700263791 /* icon-star@2x.png */; };
		C2DE9A711CC1D9BF00263791 /* BaseTableViewCell.xib in Resources */ = {isa = PBXBuildFile; fileRef = C2DE9A701CC1D9BF00263791 /* BaseTableViewCell.xib */; };
		C2DE9A731CC1DC1100263791 /* BaseCollectionViewCell.xib in Resources */ = {isa = PBXBuildFile; fileRef = C2DE9A721CC1DC1100263791 /* BaseCollectionViewCell.xib */; };
		C2DE9A791CC1DFF700263791 /* NewCarsModel.m in Sources */ = {isa = PBXBuildFile; fileRef = C2DE9A781CC1DFF700263791 /* NewCarsModel.m */; };
		C2DE9A7C1CC1E01300263791 /* NewCarsCell.m in Sources */ = {isa = PBXBuildFile; fileRef = C2DE9A7B1CC1E01300263791 /* NewCarsCell.m */; };
		C2DE9A821CC1E6FD00263791 /* NewCarsViewController.m in Sources */ = {isa = PBXBuildFile; fileRef = C2DE9A811CC1E6FD00263791 /* NewCarsViewController.m */; };
/* End PBXBuildFile section */

/* Begin PBXFileReference section */
		89954F290A804B134971FBB4 /* libPods.a */ = {isa = PBXFileReference; explicitFileType = archive.ar; includeInIndex = 0; path = libPods.a; sourceTree = BUILT_PRODUCTS_DIR; };
		97CF78AAFE90DC8CFE4CCA72 /* Pods.debug.xcconfig */ = {isa = PBXFileReference; includeInIndex = 1; lastKnownFileType = text.xcconfig; name = Pods.debug.xcconfig; path = "Pods/Target Support Files/Pods/Pods.debug.xcconfig"; sourceTree = "<group>"; };
		C2048E831CC48D2D00292A39 /* ImportTableVIewCell.h */ = {isa = PBXFileReference; fileEncoding = 4; lastKnownFileType = sourcecode.c.h; path = ImportTableVIewCell.h; sourceTree = "<group>"; };
		C2048E841CC48D2D00292A39 /* ImportTableVIewCell.m */ = {isa = PBXFileReference; fileEncoding = 4; lastKnownFileType = sourcecode.c.objc; path = ImportTableVIewCell.m; sourceTree = "<group>"; };
		C2048E851CC48D2D00292A39 /* ImportTableVIewCell.xib */ = {isa = PBXFileReference; fileEncoding = 4; lastKnownFileType = file.xib; path = ImportTableVIewCell.xib; sourceTree = "<group>"; };
		C2048E881CC4901A00292A39 /* ImportNewsViewController.h */ = {isa = PBXFileReference; fileEncoding = 4; lastKnownFileType = sourcecode.c.h; path = ImportNewsViewController.h; sourceTree = "<group>"; };
		C2048E891CC4901A00292A39 /* ImportNewsViewController.m */ = {isa = PBXFileReference; fileEncoding = 4; lastKnownFileType = sourcecode.c.objc; path = ImportNewsViewController.m; sourceTree = "<group>"; };
		C2048E8B1CC4903B00292A39 /* ImportModel.h */ = {isa = PBXFileReference; fileEncoding = 4; lastKnownFileType = sourcecode.c.h; path = ImportModel.h; sourceTree = "<group>"; };
		C2048E8C1CC4903B00292A39 /* ImportModel.m */ = {isa = PBXFileReference; fileEncoding = 4; lastKnownFileType = sourcecode.c.objc; path = ImportModel.m; sourceTree = "<group>"; };
		C2269EC71CBE613200A63BD4 /* CarPark.app */ = {isa = PBXFileReference; explicitFileType = wrapper.application; includeInIndex = 0; path = CarPark.app; sourceTree = BUILT_PRODUCTS_DIR; };
		C2269ECB1CBE613200A63BD4 /* main.m */ = {isa = PBXFileReference; lastKnownFileType = sourcecode.c.objc; path = main.m; sourceTree = "<group>"; };
		C2269ECD1CBE613200A63BD4 /* AppDelegate.h */ = {isa = PBXFileReference; lastKnownFileType = sourcecode.c.h; name = AppDelegate.h; path = ../AppDelegate.h; sourceTree = "<group>"; };
		C2269ECE1CBE613200A63BD4 /* AppDelegate.m */ = {isa = PBXFileReference; lastKnownFileType = sourcecode.c.objc; name = AppDelegate.m; path = ../AppDelegate.m; sourceTree = "<group>"; };
		C2269ED01CBE613200A63BD4 /* ViewController.h */ = {isa = PBXFileReference; lastKnownFileType = sourcecode.c.h; name = ViewController.h; path = ../ViewController.h; sourceTree = "<group>"; };
		C2269ED11CBE613200A63BD4 /* ViewController.m */ = {isa = PBXFileReference; lastKnownFileType = sourcecode.c.objc; name = ViewController.m; path = ../ViewController.m; sourceTree = "<group>"; };
		C2269ED41CBE613200A63BD4 /* Base */ = {isa = PBXFileReference; lastKnownFileType = file.storyboard; name = Base; path = Base.lproj/Main.storyboard; sourceTree = "<group>"; };
		C2269ED61CBE613200A63BD4 /* Assets.xcassets */ = {isa = PBXFileReference; lastKnownFileType = folder.assetcatalog; path = Assets.xcassets; sourceTree = "<group>"; };
		C2269ED91CBE613200A63BD4 /* Base */ = {isa = PBXFileReference; lastKnownFileType = file.storyboard; name = Base; path = Base.lproj/LaunchScreen.storyboard; sourceTree = "<group>"; };
		C2269EDB1CBE613200A63BD4 /* Info.plist */ = {isa = PBXFileReference; lastKnownFileType = text.plist.xml; path = Info.plist; sourceTree = "<group>"; };
		C2269EE61CBE76C700A63BD4 /* DrawerViewController.h */ = {isa = PBXFileReference; fileEncoding = 4; lastKnownFileType = sourcecode.c.h; path = DrawerViewController.h; sourceTree = "<group>"; };
		C2269EE71CBE76C700A63BD4 /* DrawerViewController.m */ = {isa = PBXFileReference; fileEncoding = 4; lastKnownFileType = sourcecode.c.objc; path = DrawerViewController.m; sourceTree = "<group>"; };
		C2269EEF1CBE78C100A63BD4 /* nav_menu_icon@2x.png */ = {isa = PBXFileReference; lastKnownFileType = image.png; path = "nav_menu_icon@2x.png"; sourceTree = "<group>"; };
		C2269EF31CBE798E00A63BD4 /* CarPark.pch */ = {isa = PBXFileReference; fileEncoding = 4; lastKnownFileType = sourcecode.c.h; path = CarPark.pch; sourceTree = "<group>"; };
		C2269EF81CBE7C7400A63BD4 /* BaseViewController.h */ = {isa = PBXFileReference; fileEncoding = 4; lastKnownFileType = sourcecode.c.h; path = BaseViewController.h; sourceTree = "<group>"; };
		C2269EF91CBE7C7400A63BD4 /* BaseViewController.m */ = {isa = PBXFileReference; fileEncoding = 4; lastKnownFileType = sourcecode.c.objc; path = BaseViewController.m; sourceTree = "<group>"; };
		C2269EFD1CBE7C8900A63BD4 /* BaseModel.h */ = {isa = PBXFileReference; fileEncoding = 4; lastKnownFileType = sourcecode.c.h; path = BaseModel.h; sourceTree = "<group>"; };
		C2269EFE1CBE7C8900A63BD4 /* BaseModel.m */ = {isa = PBXFileReference; fileEncoding = 4; lastKnownFileType = sourcecode.c.objc; path = BaseModel.m; sourceTree = "<group>"; };
		C2269F001CBE7CA400A63BD4 /* BaseTableViewCell.h */ = {isa = PBXFileReference; fileEncoding = 4; lastKnownFileType = sourcecode.c.h; path = BaseTableViewCell.h; sourceTree = "<group>"; };
		C2269F011CBE7CA400A63BD4 /* BaseTableViewCell.m */ = {isa = PBXFileReference; fileEncoding = 4; lastKnownFileType = sourcecode.c.objc; path = BaseTableViewCell.m; sourceTree = "<group>"; };
		C2269F031CBE7CC000A63BD4 /* BaseCollectionViewCell.h */ = {isa = PBXFileReference; fileEncoding = 4; lastKnownFileType = sourcecode.c.h; path = BaseCollectionViewCell.h; sourceTree = "<group>"; };
		C2269F041CBE7CC000A63BD4 /* BaseCollectionViewCell.m */ = {isa = PBXFileReference; fileEncoding = 4; lastKnownFileType = sourcecode.c.objc; path = BaseCollectionViewCell.m; sourceTree = "<group>"; };
		C2269F061CBE7CDB00A63BD4 /* BaseCollectionViewController.h */ = {isa = PBXFileReference; fileEncoding = 4; lastKnownFileType = sourcecode.c.h; path = BaseCollectionViewController.h; sourceTree = "<group>"; };
		C2269F071CBE7CDB00A63BD4 /* BaseCollectionViewController.m */ = {isa = PBXFileReference; fileEncoding = 4; lastKnownFileType = sourcecode.c.objc; path = BaseCollectionViewController.m; sourceTree = "<group>"; };
		C2269F091CBE806F00A63BD4 /* MenuViewController.h */ = {isa = PBXFileReference; fileEncoding = 4; lastKnownFileType = sourcecode.c.h; path = MenuViewController.h; sourceTree = "<group>"; };
		C2269F0A1CBE806F00A63BD4 /* MenuViewController.m */ = {isa = PBXFileReference; fileEncoding = 4; lastKnownFileType = sourcecode.c.objc; path = MenuViewController.m; sourceTree = "<group>"; };
		C2A366A81CC6339500657923 /* TalkCarViewCell.xib */ = {isa = PBXFileReference; fileEncoding = 4; lastKnownFileType = file.xib; path = TalkCarViewCell.xib; sourceTree = "<group>"; };
		C2A366AB1CC65B3400657923 /* TalkCarViewController.h */ = {isa = PBXFileReference; fileEncoding = 4; lastKnownFileType = sourcecode.c.h; path = TalkCarViewController.h; sourceTree = "<group>"; };
		C2AD2C431CC4E780004D5889 /* NewCarsCell.xib */ = {isa = PBXFileReference; fileEncoding = 4; lastKnownFileType = file.xib; path = NewCarsCell.xib; sourceTree = "<group>"; };
		C2AD2C451CC4EF26004D5889 /* BaseTableViewController.h */ = {isa = PBXFileReference; fileEncoding = 4; lastKnownFileType = sourcecode.c.h; path = BaseTableViewController.h; sourceTree = "<group>"; };
		C2AD2C461CC4EF26004D5889 /* BaseTableViewController.m */ = {isa = PBXFileReference; fileEncoding = 4; lastKnownFileType = sourcecode.c.objc; path = BaseTableViewController.m; sourceTree = "<group>"; };
		C2AD2C4B1CC4EF66004D5889 /* RecommandModel.h */ = {isa = PBXFileReference; fileEncoding = 4; lastKnownFileType = sourcecode.c.h; path = RecommandModel.h; sourceTree = "<group>"; };
		C2AD2C4C1CC4EF66004D5889 /* RecommandModel.m */ = {isa = PBXFileReference; fileEncoding = 4; lastKnownFileType = sourcecode.c.objc; path = RecommandModel.m; sourceTree = "<group>"; };
		C2AD2C4E1CC4EF82004D5889 /* RecommandTableCell.h */ = {isa = PBXFileReference; fileEncoding = 4; lastKnownFileType = sourcecode.c.h; path = RecommandTableCell.h; sourceTree = "<group>"; };
		C2AD2C4F1CC4EF82004D5889 /* RecommandTableCell.m */ = {isa = PBXFileReference; fileEncoding = 4; lastKnownFileType = sourcecode.c.objc; path = RecommandTableCell.m; sourceTree = "<group>"; };
		C2AD2C511CC4F8E6004D5889 /* RecommandTableCell.xib */ = {isa = PBXFileReference; fileEncoding = 4; lastKnownFileType = file.xib; path = RecommandTableCell.xib; sourceTree = "<group>"; };
		C2AD2C531CC4FC5E004D5889 /* RecommandViewController.h */ = {isa = PBXFileReference; fileEncoding = 4; lastKnownFileType = sourcecode.c.h; path = RecommandViewController.h; sourceTree = "<group>"; };
		C2AD2C541CC4FC5E004D5889 /* RecommandViewController.m */ = {isa = PBXFileReference; fileEncoding = 4; lastKnownFileType = sourcecode.c.objc; path = RecommandViewController.m; sourceTree = "<group>"; };
		C2B6D5C91CC7280E00FF7F2B /* TalkCarViewCell.h */ = {isa = PBXFileReference; fileEncoding = 4; lastKnownFileType = sourcecode.c.h; path = TalkCarViewCell.h; sourceTree = "<group>"; };
		C2B6D5CA1CC7280E00FF7F2B /* TalkCarViewCell.m */ = {isa = PBXFileReference; fileEncoding = 4; lastKnownFileType = sourcecode.c.objc; path = TalkCarViewCell.m; sourceTree = "<group>"; };
		C2B6D5CC1CC7281900FF7F2B /* TalkCarViewCell.xib */ = {isa = PBXFileReference; fileEncoding = 4; lastKnownFileType = file.xib; path = TalkCarViewCell.xib; sourceTree = "<group>"; };
		C2B6D5CE1CC738EA00FF7F2B /* Foundation+Log.m */ = {isa = PBXFileReference; fileEncoding = 4; lastKnownFileType = sourcecode.c.objc; path = "Foundation+Log.m"; sourceTree = "<group>"; };
		C2B6D6101CC77AB600FF7F2B /* 1.jpg */ = {isa = PBXFileReference; lastKnownFileType = image.jpeg; path = 1.jpg; sourceTree = "<group>"; };
		C2B6D6151CC7B99E00FF7F2B /* ImportDetailsViewController.h */ = {isa = PBXFileReference; fileEncoding = 4; lastKnownFileType = sourcecode.c.h; path = ImportDetailsViewController.h; sourceTree = "<group>"; };
		C2B6D6161CC7B99E00FF7F2B /* ImportDetailsViewController.m */ = {isa = PBXFileReference; fileEncoding = 4; lastKnownFileType = sourcecode.c.objc; path = ImportDetailsViewController.m; sourceTree = "<group>"; };
		C2B6D6171CC7B99E00FF7F2B /* ImportDetailsViewController.xib */ = {isa = PBXFileReference; fileEncoding = 4; lastKnownFileType = file.xib; path = ImportDetailsViewController.xib; sourceTree = "<group>"; };
		C2B6D61A1CC7BAA800FF7F2B /* ImportDetailModel.h */ = {isa = PBXFileReference; fileEncoding = 4; lastKnownFileType = sourcecode.c.h; path = ImportDetailModel.h; sourceTree = "<group>"; };
		C2B6D61B1CC7BAA800FF7F2B /* ImportDetailModel.m */ = {isa = PBXFileReference; fileEncoding = 4; lastKnownFileType = sourcecode.c.objc; path = ImportDetailModel.m; sourceTree = "<group>"; };
		C2B6D61F1CC7BE9900FF7F2B /* TalkCarViewController.m */ = {isa = PBXFileReference; fileEncoding = 4; lastKnownFileType = sourcecode.c.objc; path = TalkCarViewController.m; sourceTree = "<group>"; };
		C2D2B6801CC5D0FB00334AED /* NetWorkRequestManager.h */ = {isa = PBXFileReference; fileEncoding = 4; lastKnownFileType = sourcecode.c.h; path = NetWorkRequestManager.h; sourceTree = "<group>"; };
		C2D2B6811CC5D0FB00334AED /* NetWorkRequestManager.m */ = {isa = PBXFileReference; fileEncoding = 4; lastKnownFileType = sourcecode.c.objc; path = NetWorkRequestManager.m; sourceTree = "<group>"; };
		C2DE99E01CC1CE3300263791 /* .gitignore */ = {isa = PBXFileReference; fileEncoding = 4; lastKnownFileType = text; path = .gitignore; sourceTree = "<group>"; };
		C2DE99E21CC1CE3300263791 /* .gitignore */ = {isa = PBXFileReference; fileEncoding = 4; lastKnownFileType = text; path = .gitignore; sourceTree = "<group>"; };
		C2DE99E41CC1CE3300263791 /* .gitignore */ = {isa = PBXFileReference; fileEncoding = 4; lastKnownFileType = text; path = .gitignore; sourceTree = "<group>"; };
		C2DE99E71CC1CE3300263791 /* .gitignore */ = {isa = PBXFileReference; fileEncoding = 4; lastKnownFileType = text; path = .gitignore; sourceTree = "<group>"; };
		C2DE99E91CC1CE3300263791 /* .gitignore */ = {isa = PBXFileReference; fileEncoding = 4; lastKnownFileType = text; path = .gitignore; sourceTree = "<group>"; };
		C2DE99EB1CC1CE3300263791 /* .gitignore */ = {isa = PBXFileReference; fileEncoding = 4; lastKnownFileType = text; path = .gitignore; sourceTree = "<group>"; };
		C2DE99EE1CC1CE3300263791 /* .gitignore */ = {isa = PBXFileReference; fileEncoding = 4; lastKnownFileType = text; path = .gitignore; sourceTree = "<group>"; };
		C2DE99F01CC1CE3300263791 /* .gitignore */ = {isa = PBXFileReference; fileEncoding = 4; lastKnownFileType = text; path = .gitignore; sourceTree = "<group>"; };
		C2DE99F21CC1CE3300263791 /* .gitignore */ = {isa = PBXFileReference; fileEncoding = 4; lastKnownFileType = text; path = .gitignore; sourceTree = "<group>"; };
		C2DE99F51CC1CE3300263791 /* .gitignore */ = {isa = PBXFileReference; fileEncoding = 4; lastKnownFileType = text; path = .gitignore; sourceTree = "<group>"; };
		C2DE99F71CC1CE3400263791 /* .gitignore */ = {isa = PBXFileReference; fileEncoding = 4; lastKnownFileType = text; path = .gitignore; sourceTree = "<group>"; };
		C2DE99F91CC1CE3400263791 /* .gitignore */ = {isa = PBXFileReference; fileEncoding = 4; lastKnownFileType = text; path = .gitignore; sourceTree = "<group>"; };
		C2DE99FC1CC1CE3400263791 /* .gitignore */ = {isa = PBXFileReference; fileEncoding = 4; lastKnownFileType = text; path = .gitignore; sourceTree = "<group>"; };
		C2DE99FE1CC1CE3400263791 /* .gitignore */ = {isa = PBXFileReference; fileEncoding = 4; lastKnownFileType = text; path = .gitignore; sourceTree = "<group>"; };
		C2DE9A001CC1CE3400263791 /* .gitignore */ = {isa = PBXFileReference; fileEncoding = 4; lastKnownFileType = text; path = .gitignore; sourceTree = "<group>"; };
		C2DE9A031CC1CE3400263791 /* .gitignore */ = {isa = PBXFileReference; fileEncoding = 4; lastKnownFileType = text; path = .gitignore; sourceTree = "<group>"; };
		C2DE9A051CC1CE3400263791 /* .gitignore */ = {isa = PBXFileReference; fileEncoding = 4; lastKnownFileType = text; path = .gitignore; sourceTree = "<group>"; };
		C2DE9A071CC1CE3400263791 /* .gitignore */ = {isa = PBXFileReference; fileEncoding = 4; lastKnownFileType = text; path = .gitignore; sourceTree = "<group>"; };
		C2DE9A0A1CC1CE3400263791 /* .gitignore */ = {isa = PBXFileReference; fileEncoding = 4; lastKnownFileType = text; path = .gitignore; sourceTree = "<group>"; };
		C2DE9A0C1CC1CE3400263791 /* .gitignore */ = {isa = PBXFileReference; fileEncoding = 4; lastKnownFileType = text; path = .gitignore; sourceTree = "<group>"; };
		C2DE9A0E1CC1CE3400263791 /* .gitignore */ = {isa = PBXFileReference; fileEncoding = 4; lastKnownFileType = text; path = .gitignore; sourceTree = "<group>"; };
		C2DE9A111CC1CE3400263791 /* .gitignore */ = {isa = PBXFileReference; fileEncoding = 4; lastKnownFileType = text; path = .gitignore; sourceTree = "<group>"; };
		C2DE9A131CC1CE3400263791 /* .gitignore */ = {isa = PBXFileReference; fileEncoding = 4; lastKnownFileType = text; path = .gitignore; sourceTree = "<group>"; };
		C2DE9A151CC1CE3400263791 /* .gitignore */ = {isa = PBXFileReference; fileEncoding = 4; lastKnownFileType = text; path = .gitignore; sourceTree = "<group>"; };
		C2DE9A301CC1D2E300263791 /* NCAnimationView.h */ = {isa = PBXFileReference; fileEncoding = 4; lastKnownFileType = sourcecode.c.h; path = NCAnimationView.h; sourceTree = "<group>"; };
		C2DE9A311CC1D2E300263791 /* NCAnimationView.m */ = {isa = PBXFileReference; fileEncoding = 4; lastKnownFileType = sourcecode.c.objc; path = NCAnimationView.m; sourceTree = "<group>"; };
		C2DE9A321CC1D2E300263791 /* NCAnimationViewItem.h */ = {isa = PBXFileReference; fileEncoding = 4; lastKnownFileType = sourcecode.c.h; path = NCAnimationViewItem.h; sourceTree = "<group>"; };
		C2DE9A331CC1D2E300263791 /* NCAnimationViewItem.m */ = {isa = PBXFileReference; fileEncoding = 4; lastKnownFileType = sourcecode.c.objc; path = NCAnimationViewItem.m; sourceTree = "<group>"; };
		C2DE9A371CC1D32700263791 /* bg-addbutton-highlighted.png */ = {isa = PBXFileReference; lastKnownFileType = image.png; path = "bg-addbutton-highlighted.png"; sourceTree = "<group>"; };
		C2DE9A381CC1D32700263791 /* bg-addbutton-highlighted@2x.png */ = {isa = PBXFileReference; lastKnownFileType = image.png; path = "bg-addbutton-highlighted@2x.png"; sourceTree = "<group>"; };
		C2DE9A391CC1D32700263791 /* bg-addbutton.png */ = {isa = PBXFileReference; lastKnownFileType = image.png; path = "bg-addbutton.png"; sourceTree = "<group>"; };
		C2DE9A3A1CC1D32700263791 /* bg-addbutton@2x.png */ = {isa = PBXFileReference; lastKnownFileType = image.png; path = "bg-addbutton@2x.png"; sourceTree = "<group>"; };
		C2DE9A3B1CC1D32700263791 /* bg-menuitem-highlighted.png */ = {isa = PBXFileReference; lastKnownFileType = image.png; path = "bg-menuitem-highlighted.png"; sourceTree = "<group>"; };
		C2DE9A3C1CC1D32700263791 /* bg-menuitem-highlighted@2x.png */ = {isa = PBXFileReference; lastKnownFileType = image.png; path = "bg-menuitem-highlighted@2x.png"; sourceTree = "<group>"; };
		C2DE9A3D1CC1D32700263791 /* bg-menuitem.png */ = {isa = PBXFileReference; lastKnownFileType = image.png; path = "bg-menuitem.png"; sourceTree = "<group>"; };
		C2DE9A3E1CC1D32700263791 /* bg-menuitem@2x.png */ = {isa = PBXFileReference; lastKnownFileType = image.png; path = "bg-menuitem@2x.png"; sourceTree = "<group>"; };
		C2DE9A3F1CC1D32700263791 /* icon-plus-highlighted.png */ = {isa = PBXFileReference; lastKnownFileType = image.png; path = "icon-plus-highlighted.png"; sourceTree = "<group>"; };
		C2DE9A401CC1D32700263791 /* icon-plus-highlighted@2x.png */ = {isa = PBXFileReference; lastKnownFileType = image.png; path = "icon-plus-highlighted@2x.png"; sourceTree = "<group>"; };
		C2DE9A411CC1D32700263791 /* icon-plus.png */ = {isa = PBXFileReference; lastKnownFileType = image.png; path = "icon-plus.png"; sourceTree = "<group>"; };
		C2DE9A421CC1D32700263791 /* icon-plus@2x.png */ = {isa = PBXFileReference; lastKnownFileType = image.png; path = "icon-plus@2x.png"; sourceTree = "<group>"; };
		C2DE9A431CC1D32700263791 /* icon-star.png */ = {isa = PBXFileReference; lastKnownFileType = image.png; path = "icon-star.png"; sourceTree = "<group>"; };
		C2DE9A441CC1D32700263791 /* icon-star@2x.png */ = {isa = PBXFileReference; lastKnownFileType = image.png; path = "icon-star@2x.png"; sourceTree = "<group>"; };
		C2DE9A701CC1D9BF00263791 /* BaseTableViewCell.xib */ = {isa = PBXFileReference; fileEncoding = 4; lastKnownFileType = file.xib; path = BaseTableViewCell.xib; sourceTree = "<group>"; };
		C2DE9A721CC1DC1100263791 /* BaseCollectionViewCell.xib */ = {isa = PBXFileReference; fileEncoding = 4; lastKnownFileType = file.xib; path = BaseCollectionViewCell.xib; sourceTree = "<group>"; };
		C2DE9A771CC1DFF700263791 /* NewCarsModel.h */ = {isa = PBXFileReference; fileEncoding = 4; lastKnownFileType = sourcecode.c.h; path = NewCarsModel.h; sourceTree = "<group>"; };
		C2DE9A781CC1DFF700263791 /* NewCarsModel.m */ = {isa = PBXFileReference; fileEncoding = 4; lastKnownFileType = sourcecode.c.objc; path = NewCarsModel.m; sourceTree = "<group>"; };
		C2DE9A7A1CC1E01300263791 /* NewCarsCell.h */ = {isa = PBXFileReference; fileEncoding = 4; lastKnownFileType = sourcecode.c.h; path = NewCarsCell.h; sourceTree = "<group>"; };
		C2DE9A7B1CC1E01300263791 /* NewCarsCell.m */ = {isa = PBXFileReference; fileEncoding = 4; lastKnownFileType = sourcecode.c.objc; path = NewCarsCell.m; sourceTree = "<group>"; };
		C2DE9A801CC1E6FD00263791 /* NewCarsViewController.h */ = {isa = PBXFileReference; fileEncoding = 4; lastKnownFileType = sourcecode.c.h; path = NewCarsViewController.h; sourceTree = "<group>"; };
		C2DE9A811CC1E6FD00263791 /* NewCarsViewController.m */ = {isa = PBXFileReference; fileEncoding = 4; lastKnownFileType = sourcecode.c.objc; path = NewCarsViewController.m; sourceTree = "<group>"; };
		D22859644F039E2E1964D154 /* Pods.release.xcconfig */ = {isa = PBXFileReference; includeInIndex = 1; lastKnownFileType = text.xcconfig; name = Pods.release.xcconfig; path = "Pods/Target Support Files/Pods/Pods.release.xcconfig"; sourceTree = "<group>"; };
/* End PBXFileReference section */

/* Begin PBXFrameworksBuildPhase section */
		C2269EC41CBE613200A63BD4 /* Frameworks */ = {
			isa = PBXFrameworksBuildPhase;
			buildActionMask = 2147483647;
			files = (
				00935FC93493F945D5862800 /* libPods.a in Frameworks */,
			);
			runOnlyForDeploymentPostprocessing = 0;
		};
/* End PBXFrameworksBuildPhase section */

/* Begin PBXGroup section */
		40C3DF913EDD2AD22968FE81 /* Frameworks */ = {
			isa = PBXGroup;
			children = (
				89954F290A804B134971FBB4 /* libPods.a */,
			);
			name = Frameworks;
			sourceTree = "<group>";
		};
		77BA09BAFD078DCD1BE26AFE /* Pods */ = {
			isa = PBXGroup;
			children = (
				97CF78AAFE90DC8CFE4CCA72 /* Pods.debug.xcconfig */,
				D22859644F039E2E1964D154 /* Pods.release.xcconfig */,
			);
			name = Pods;
			sourceTree = "<group>";
		};
		C2269EBE1CBE613200A63BD4 = {
			isa = PBXGroup;
			children = (
				C2269EC91CBE613200A63BD4 /* CarPark */,
				C2269EC81CBE613200A63BD4 /* Products */,
				77BA09BAFD078DCD1BE26AFE /* Pods */,
				40C3DF913EDD2AD22968FE81 /* Frameworks */,
			);
			sourceTree = "<group>";
		};
		C2269EC81CBE613200A63BD4 /* Products */ = {
			isa = PBXGroup;
			children = (
				C2269EC71CBE613200A63BD4 /* CarPark.app */,
			);
			name = Products;
			sourceTree = "<group>";
		};
		C2269EC91CBE613200A63BD4 /* CarPark */ = {
			isa = PBXGroup;
			children = (
				C2269EF11CBE796400A63BD4 /* Tools */,
				C2269EEC1CBE78AC00A63BD4 /* Base */,
				C2269EED1CBE78AC00A63BD4 /* Document */,
				C2269EE11CBE767C00A63BD4 /* Main */,
				C2269ED31CBE613200A63BD4 /* Main.storyboard */,
				C2269ED61CBE613200A63BD4 /* Assets.xcassets */,
				C2B6D6101CC77AB600FF7F2B /* 1.jpg */,
				C2269ED81CBE613200A63BD4 /* LaunchScreen.storyboard */,
				C2269EDB1CBE613200A63BD4 /* Info.plist */,
				C2269ECA1CBE613200A63BD4 /* Supporting Files */,
			);
			path = CarPark;
			sourceTree = "<group>";
		};
		C2269ECA1CBE613200A63BD4 /* Supporting Files */ = {
			isa = PBXGroup;
			children = (
				C2269ECB1CBE613200A63BD4 /* main.m */,
			);
			name = "Supporting Files";
			sourceTree = "<group>";
		};
		C2269EE11CBE767C00A63BD4 /* Main */ = {
			isa = PBXGroup;
			children = (
				C2DE99E51CC1CE3300263791 /* ImportantNews */,
				C2DE9A011CC1CE3400263791 /* Talk */,
				C2DE99EC1CC1CE3300263791 /* News */,
				C2DE99DE1CC1CE3300263791 /* guide */,
				C2DE99F31CC1CE3300263791 /* Picture */,
				C2DE99FA1CC1CE3400263791 /* Recommand */,
				C2DE9A081CC1CE3400263791 /* Text */,
				C2DE9A0F1CC1CE3400263791 /* Video */,
				C2269ECD1CBE613200A63BD4 /* AppDelegate.h */,
				C2269ECE1CBE613200A63BD4 /* AppDelegate.m */,
				C2269ED01CBE613200A63BD4 /* ViewController.h */,
				C2269ED11CBE613200A63BD4 /* ViewController.m */,
				C2269EE21CBE767C00A63BD4 /* DrawerViewController */,
			);
			path = Main;
			sourceTree = "<group>";
		};
		C2269EE21CBE767C00A63BD4 /* DrawerViewController */ = {
			isa = PBXGroup;
			children = (
				C2269EE31CBE767C00A63BD4 /* Controller */,
				C2269EE41CBE767C00A63BD4 /* Model */,
				C2269EE51CBE767C00A63BD4 /* View */,
			);
			path = DrawerViewController;
			sourceTree = "<group>";
		};
		C2269EE31CBE767C00A63BD4 /* Controller */ = {
			isa = PBXGroup;
			children = (
				C2269EE61CBE76C700A63BD4 /* DrawerViewController.h */,
				C2269EE71CBE76C700A63BD4 /* DrawerViewController.m */,
				C2269F091CBE806F00A63BD4 /* MenuViewController.h */,
				C2269F0A1CBE806F00A63BD4 /* MenuViewController.m */,
			);
			path = Controller;
			sourceTree = "<group>";
		};
		C2269EE41CBE767C00A63BD4 /* Model */ = {
			isa = PBXGroup;
			children = (
			);
			path = Model;
			sourceTree = "<group>";
		};
		C2269EE51CBE767C00A63BD4 /* View */ = {
			isa = PBXGroup;
			children = (
			);
			path = View;
			sourceTree = "<group>";
		};
		C2269EEC1CBE78AC00A63BD4 /* Base */ = {
			isa = PBXGroup;
			children = (
				C2269EF71CBE7C7400A63BD4 /* Controller */,
				C2269EFA1CBE7C7400A63BD4 /* Model */,
				C2269EFB1CBE7C7400A63BD4 /* View */,
			);
			path = Base;
			sourceTree = "<group>";
		};
		C2269EED1CBE78AC00A63BD4 /* Document */ = {
			isa = PBXGroup;
			children = (
				C2269EEE1CBE78AC00A63BD4 /* Image */,
			);
			path = Document;
			sourceTree = "<group>";
		};
		C2269EEE1CBE78AC00A63BD4 /* Image */ = {
			isa = PBXGroup;
			children = (
				C2DE9A361CC1D32700263791 /* NCAnimationImage */,
				C2269EEF1CBE78C100A63BD4 /* nav_menu_icon@2x.png */,
			);
			path = Image;
			sourceTree = "<group>";
		};
		C2269EF11CBE796400A63BD4 /* Tools */ = {
			isa = PBXGroup;
			children = (
				C2D2B6801CC5D0FB00334AED /* NetWorkRequestManager.h */,
				C2D2B6811CC5D0FB00334AED /* NetWorkRequestManager.m */,
				C2B6D5CE1CC738EA00FF7F2B /* Foundation+Log.m */,
				C2DE9A2E1CC1D2AE00263791 /* NCAnimationView */,
				C2269EF31CBE798E00A63BD4 /* CarPark.pch */,
			);
			path = Tools;
			sourceTree = "<group>";
		};
		C2269EF71CBE7C7400A63BD4 /* Controller */ = {
			isa = PBXGroup;
			children = (
				C2269EF81CBE7C7400A63BD4 /* BaseViewController.h */,
				C2269EF91CBE7C7400A63BD4 /* BaseViewController.m */,
				C2269F061CBE7CDB00A63BD4 /* BaseCollectionViewController.h */,
				C2269F071CBE7CDB00A63BD4 /* BaseCollectionViewController.m */,
				C2AD2C451CC4EF26004D5889 /* BaseTableViewController.h */,
				C2AD2C461CC4EF26004D5889 /* BaseTableViewController.m */,
			);
			path = Controller;
			sourceTree = "<group>";
		};
		C2269EFA1CBE7C7400A63BD4 /* Model */ = {
			isa = PBXGroup;
			children = (
				C2269EFD1CBE7C8900A63BD4 /* BaseModel.h */,
				C2269EFE1CBE7C8900A63BD4 /* BaseModel.m */,
			);
			path = Model;
			sourceTree = "<group>";
		};
		C2269EFB1CBE7C7400A63BD4 /* View */ = {
			isa = PBXGroup;
			children = (
				C2269F001CBE7CA400A63BD4 /* BaseTableViewCell.h */,
				C2269F011CBE7CA400A63BD4 /* BaseTableViewCell.m */,
				C2DE9A701CC1D9BF00263791 /* BaseTableViewCell.xib */,
				C2269F031CBE7CC000A63BD4 /* BaseCollectionViewCell.h */,
				C2269F041CBE7CC000A63BD4 /* BaseCollectionViewCell.m */,
				C2DE9A721CC1DC1100263791 /* BaseCollectionViewCell.xib */,
			);
			path = View;
			sourceTree = "<group>";
		};
		C2DE99DE1CC1CE3300263791 /* guide */ = {
			isa = PBXGroup;
			children = (
				C2DE99DF1CC1CE3300263791 /* Controller */,
				C2DE99E11CC1CE3300263791 /* Model */,
				C2DE99E31CC1CE3300263791 /* View */,
			);
			path = guide;
			sourceTree = "<group>";
		};
		C2DE99DF1CC1CE3300263791 /* Controller */ = {
			isa = PBXGroup;
			children = (
				C2DE99E01CC1CE3300263791 /* .gitignore */,
			);
			path = Controller;
			sourceTree = "<group>";
		};
		C2DE99E11CC1CE3300263791 /* Model */ = {
			isa = PBXGroup;
			children = (
				C2DE99E21CC1CE3300263791 /* .gitignore */,
			);
			path = Model;
			sourceTree = "<group>";
		};
		C2DE99E31CC1CE3300263791 /* View */ = {
			isa = PBXGroup;
			children = (
				C2DE99E41CC1CE3300263791 /* .gitignore */,
			);
			path = View;
			sourceTree = "<group>";
		};
		C2DE99E51CC1CE3300263791 /* ImportantNews */ = {
			isa = PBXGroup;
			children = (
				C2DE99E61CC1CE3300263791 /* Controller */,
				C2DE99E81CC1CE3300263791 /* Model */,
				C2DE99EA1CC1CE3300263791 /* View */,
			);
			path = ImportantNews;
			sourceTree = "<group>";
		};
		C2DE99E61CC1CE3300263791 /* Controller */ = {
			isa = PBXGroup;
			children = (
				C2DE99E71CC1CE3300263791 /* .gitignore */,
				C2048E881CC4901A00292A39 /* ImportNewsViewController.h */,
				C2048E891CC4901A00292A39 /* ImportNewsViewController.m */,
				C2B6D6151CC7B99E00FF7F2B /* ImportDetailsViewController.h */,
				C2B6D6161CC7B99E00FF7F2B /* ImportDetailsViewController.m */,
				C2B6D6171CC7B99E00FF7F2B /* ImportDetailsViewController.xib */,
			);
			path = Controller;
			sourceTree = "<group>";
		};
		C2DE99E81CC1CE3300263791 /* Model */ = {
			isa = PBXGroup;
			children = (
				C2DE99E91CC1CE3300263791 /* .gitignore */,
				C2048E8B1CC4903B00292A39 /* ImportModel.h */,
				C2048E8C1CC4903B00292A39 /* ImportModel.m */,
				C2B6D61A1CC7BAA800FF7F2B /* ImportDetailModel.h */,
				C2B6D61B1CC7BAA800FF7F2B /* ImportDetailModel.m */,
			);
			path = Model;
			sourceTree = "<group>";
		};
		C2DE99EA1CC1CE3300263791 /* View */ = {
			isa = PBXGroup;
			children = (
				C2DE99EB1CC1CE3300263791 /* .gitignore */,
				C2048E831CC48D2D00292A39 /* ImportTableVIewCell.h */,
				C2048E841CC48D2D00292A39 /* ImportTableVIewCell.m */,
				C2048E851CC48D2D00292A39 /* ImportTableVIewCell.xib */,
			);
			path = View;
			sourceTree = "<group>";
		};
		C2DE99EC1CC1CE3300263791 /* News */ = {
			isa = PBXGroup;
			children = (
				C2DE99ED1CC1CE3300263791 /* Controller */,
				C2DE99EF1CC1CE3300263791 /* Model */,
				C2DE99F11CC1CE3300263791 /* View */,
			);
			path = News;
			sourceTree = "<group>";
		};
		C2DE99ED1CC1CE3300263791 /* Controller */ = {
			isa = PBXGroup;
			children = (
				C2DE99EE1CC1CE3300263791 /* .gitignore */,
				C2DE9A801CC1E6FD00263791 /* NewCarsViewController.h */,
				C2DE9A811CC1E6FD00263791 /* NewCarsViewController.m */,
			);
			path = Controller;
			sourceTree = "<group>";
		};
		C2DE99EF1CC1CE3300263791 /* Model */ = {
			isa = PBXGroup;
			children = (
				C2DE99F01CC1CE3300263791 /* .gitignore */,
				C2DE9A771CC1DFF700263791 /* NewCarsModel.h */,
				C2DE9A781CC1DFF700263791 /* NewCarsModel.m */,
			);
			path = Model;
			sourceTree = "<group>";
		};
		C2DE99F11CC1CE3300263791 /* View */ = {
			isa = PBXGroup;
			children = (
				C2DE99F21CC1CE3300263791 /* .gitignore */,
				C2DE9A7A1CC1E01300263791 /* NewCarsCell.h */,
				C2DE9A7B1CC1E01300263791 /* NewCarsCell.m */,
				C2AD2C431CC4E780004D5889 /* NewCarsCell.xib */,
			);
			path = View;
			sourceTree = "<group>";
		};
		C2DE99F31CC1CE3300263791 /* Picture */ = {
			isa = PBXGroup;
			children = (
				C2DE99F41CC1CE3300263791 /* Controller */,
				C2DE99F61CC1CE3400263791 /* Model */,
				C2DE99F81CC1CE3400263791 /* View */,
			);
			path = Picture;
			sourceTree = "<group>";
		};
		C2DE99F41CC1CE3300263791 /* Controller */ = {
			isa = PBXGroup;
			children = (
				C2DE99F51CC1CE3300263791 /* .gitignore */,
			);
			path = Controller;
			sourceTree = "<group>";
		};
		C2DE99F61CC1CE3400263791 /* Model */ = {
			isa = PBXGroup;
			children = (
				C2DE99F71CC1CE3400263791 /* .gitignore */,
			);
			path = Model;
			sourceTree = "<group>";
		};
		C2DE99F81CC1CE3400263791 /* View */ = {
			isa = PBXGroup;
			children = (
				C2DE99F91CC1CE3400263791 /* .gitignore */,
			);
			path = View;
			sourceTree = "<group>";
		};
		C2DE99FA1CC1CE3400263791 /* Recommand */ = {
			isa = PBXGroup;
			children = (
				C2DE99FB1CC1CE3400263791 /* Controller */,
				C2DE99FD1CC1CE3400263791 /* Model */,
				C2DE99FF1CC1CE3400263791 /* View */,
			);
			path = Recommand;
			sourceTree = "<group>";
		};
		C2DE99FB1CC1CE3400263791 /* Controller */ = {
			isa = PBXGroup;
			children = (
				C2DE99FC1CC1CE3400263791 /* .gitignore */,
				C2AD2C531CC4FC5E004D5889 /* RecommandViewController.h */,
				C2AD2C541CC4FC5E004D5889 /* RecommandViewController.m */,
			);
			path = Controller;
			sourceTree = "<group>";
		};
		C2DE99FD1CC1CE3400263791 /* Model */ = {
			isa = PBXGroup;
			children = (
				C2DE99FE1CC1CE3400263791 /* .gitignore */,
				C2AD2C4B1CC4EF66004D5889 /* RecommandModel.h */,
				C2AD2C4C1CC4EF66004D5889 /* RecommandModel.m */,
			);
			path = Model;
			sourceTree = "<group>";
		};
		C2DE99FF1CC1CE3400263791 /* View */ = {
			isa = PBXGroup;
			children = (
				C2DE9A001CC1CE3400263791 /* .gitignore */,
				C2AD2C4E1CC4EF82004D5889 /* RecommandTableCell.h */,
				C2AD2C4F1CC4EF82004D5889 /* RecommandTableCell.m */,
				C2AD2C511CC4F8E6004D5889 /* RecommandTableCell.xib */,
			);
			path = View;
			sourceTree = "<group>";
		};
		C2DE9A011CC1CE3400263791 /* Talk */ = {
			isa = PBXGroup;
			children = (
				C2DE9A021CC1CE3400263791 /* Controller */,
				C2DE9A041CC1CE3400263791 /* Model */,
				C2DE9A061CC1CE3400263791 /* View */,
			);
			path = Talk;
			sourceTree = "<group>";
		};
		C2DE9A021CC1CE3400263791 /* Controller */ = {
			isa = PBXGroup;
			children = (
				C2DE9A031CC1CE3400263791 /* .gitignore */,
				C2A366AB1CC65B3400657923 /* TalkCarViewController.h */,
				C2B6D61F1CC7BE9900FF7F2B /* TalkCarViewController.m */,
				C2A366A81CC6339500657923 /* TalkCarViewCell.xib */,
			);
			path = Controller;
			sourceTree = "<group>";
		};
		C2DE9A041CC1CE3400263791 /* Model */ = {
			isa = PBXGroup;
			children = (
				C2DE9A051CC1CE3400263791 /* .gitignore */,
			);
			path = Model;
			sourceTree = "<group>";
		};
		C2DE9A061CC1CE3400263791 /* View */ = {
			isa = PBXGroup;
			children = (
				C2DE9A071CC1CE3400263791 /* .gitignore */,
				C2B6D5C91CC7280E00FF7F2B /* TalkCarViewCell.h */,
				C2B6D5CA1CC7280E00FF7F2B /* TalkCarViewCell.m */,
				C2B6D5CC1CC7281900FF7F2B /* TalkCarViewCell.xib */,
			);
			path = View;
			sourceTree = "<group>";
		};
		C2DE9A081CC1CE3400263791 /* Text */ = {
			isa = PBXGroup;
			children = (
				C2DE9A091CC1CE3400263791 /* Controller */,
				C2DE9A0B1CC1CE3400263791 /* Model */,
				C2DE9A0D1CC1CE3400263791 /* View */,
			);
			path = Text;
			sourceTree = "<group>";
		};
		C2DE9A091CC1CE3400263791 /* Controller */ = {
			isa = PBXGroup;
			children = (
				C2DE9A0A1CC1CE3400263791 /* .gitignore */,
			);
			path = Controller;
			sourceTree = "<group>";
		};
		C2DE9A0B1CC1CE3400263791 /* Model */ = {
			isa = PBXGroup;
			children = (
				C2DE9A0C1CC1CE3400263791 /* .gitignore */,
			);
			path = Model;
			sourceTree = "<group>";
		};
		C2DE9A0D1CC1CE3400263791 /* View */ = {
			isa = PBXGroup;
			children = (
				C2DE9A0E1CC1CE3400263791 /* .gitignore */,
			);
			path = View;
			sourceTree = "<group>";
		};
		C2DE9A0F1CC1CE3400263791 /* Video */ = {
			isa = PBXGroup;
			children = (
				C2DE9A101CC1CE3400263791 /* Controller */,
				C2DE9A121CC1CE3400263791 /* Model */,
				C2DE9A141CC1CE3400263791 /* View */,
			);
			path = Video;
			sourceTree = "<group>";
		};
		C2DE9A101CC1CE3400263791 /* Controller */ = {
			isa = PBXGroup;
			children = (
				C2DE9A111CC1CE3400263791 /* .gitignore */,
			);
			path = Controller;
			sourceTree = "<group>";
		};
		C2DE9A121CC1CE3400263791 /* Model */ = {
			isa = PBXGroup;
			children = (
				C2DE9A131CC1CE3400263791 /* .gitignore */,
			);
			path = Model;
			sourceTree = "<group>";
		};
		C2DE9A141CC1CE3400263791 /* View */ = {
			isa = PBXGroup;
			children = (
				C2DE9A151CC1CE3400263791 /* .gitignore */,
			);
			path = View;
			sourceTree = "<group>";
		};
		C2DE9A2E1CC1D2AE00263791 /* NCAnimationView */ = {
			isa = PBXGroup;
			children = (
				C2DE9A2F1CC1D2E300263791 /* View */,
			);
			path = NCAnimationView;
			sourceTree = "<group>";
		};
		C2DE9A2F1CC1D2E300263791 /* View */ = {
			isa = PBXGroup;
			children = (
				C2DE9A301CC1D2E300263791 /* NCAnimationView.h */,
				C2DE9A311CC1D2E300263791 /* NCAnimationView.m */,
				C2DE9A321CC1D2E300263791 /* NCAnimationViewItem.h */,
				C2DE9A331CC1D2E300263791 /* NCAnimationViewItem.m */,
			);
			path = View;
			sourceTree = "<group>";
		};
		C2DE9A361CC1D32700263791 /* NCAnimationImage */ = {
			isa = PBXGroup;
			children = (
				C2DE9A371CC1D32700263791 /* bg-addbutton-highlighted.png */,
				C2DE9A381CC1D32700263791 /* bg-addbutton-highlighted@2x.png */,
				C2DE9A391CC1D32700263791 /* bg-addbutton.png */,
				C2DE9A3A1CC1D32700263791 /* bg-addbutton@2x.png */,
				C2DE9A3B1CC1D32700263791 /* bg-menuitem-highlighted.png */,
				C2DE9A3C1CC1D32700263791 /* bg-menuitem-highlighted@2x.png */,
				C2DE9A3D1CC1D32700263791 /* bg-menuitem.png */,
				C2DE9A3E1CC1D32700263791 /* bg-menuitem@2x.png */,
				C2DE9A3F1CC1D32700263791 /* icon-plus-highlighted.png */,
				C2DE9A401CC1D32700263791 /* icon-plus-highlighted@2x.png */,
				C2DE9A411CC1D32700263791 /* icon-plus.png */,
				C2DE9A421CC1D32700263791 /* icon-plus@2x.png */,
				C2DE9A431CC1D32700263791 /* icon-star.png */,
				C2DE9A441CC1D32700263791 /* icon-star@2x.png */,
			);
			path = NCAnimationImage;
			sourceTree = "<group>";
		};
/* End PBXGroup section */

/* Begin PBXNativeTarget section */
		C2269EC61CBE613200A63BD4 /* CarPark */ = {
			isa = PBXNativeTarget;
			buildConfigurationList = C2269EDE1CBE613200A63BD4 /* Build configuration list for PBXNativeTarget "CarPark" */;
			buildPhases = (
				9A4625D7AD12BAF120FA74A8 /* Check Pods Manifest.lock */,
				C2269EC31CBE613200A63BD4 /* Sources */,
				C2269EC41CBE613200A63BD4 /* Frameworks */,
				C2269EC51CBE613200A63BD4 /* Resources */,
				03816D81030ACFF2914FC624 /* Embed Pods Frameworks */,
				7CAE4E440C11FB431C502FD4 /* Copy Pods Resources */,
			);
			buildRules = (
			);
			dependencies = (
			);
			name = CarPark;
			productName = CarPark;
			productReference = C2269EC71CBE613200A63BD4 /* CarPark.app */;
			productType = "com.apple.product-type.application";
		};
/* End PBXNativeTarget section */

/* Begin PBXProject section */
		C2269EBF1CBE613200A63BD4 /* Project object */ = {
			isa = PBXProject;
			attributes = {
				LastUpgradeCheck = 0720;
				ORGANIZATIONNAME = com.lcarpark.zfw;
				TargetAttributes = {
					C2269EC61CBE613200A63BD4 = {
						CreatedOnToolsVersion = 7.2;
						DevelopmentTeam = A6DPYCKQWT;
					};
				};
			};
			buildConfigurationList = C2269EC21CBE613200A63BD4 /* Build configuration list for PBXProject "CarPark" */;
			compatibilityVersion = "Xcode 3.2";
			developmentRegion = English;
			hasScannedForEncodings = 0;
			knownRegions = (
				en,
				Base,
			);
			mainGroup = C2269EBE1CBE613200A63BD4;
			productRefGroup = C2269EC81CBE613200A63BD4 /* Products */;
			projectDirPath = "";
			projectRoot = "";
			targets = (
				C2269EC61CBE613200A63BD4 /* CarPark */,
			);
		};
/* End PBXProject section */

/* Begin PBXResourcesBuildPhase section */
		C2269EC51CBE613200A63BD4 /* Resources */ = {
			isa = PBXResourcesBuildPhase;
			buildActionMask = 2147483647;
			files = (
				C2DE9A4B1CC1D32700263791 /* bg-menuitem.png in Resources */,
				C2DE9A731CC1DC1100263791 /* BaseCollectionViewCell.xib in Resources */,
				C2DE9A251CC1CE3400263791 /* .gitignore in Resources */,
				C2DE9A261CC1CE3400263791 /* .gitignore in Resources */,
				C2DE9A211CC1CE3400263791 /* .gitignore in Resources */,
				C2AD2C521CC4F8E6004D5889 /* RecommandTableCell.xib in Resources */,
				C2DE9A1B1CC1CE3400263791 /* .gitignore in Resources */,
				C2DE9A271CC1CE3400263791 /* .gitignore in Resources */,
				C2DE9A281CC1CE3400263791 /* .gitignore in Resources */,
				C2DE9A191CC1CE3400263791 /* .gitignore in Resources */,
				C2DE9A2C1CC1CE3400263791 /* .gitignore in Resources */,
				C2048E871CC48D2D00292A39 /* ImportTableVIewCell.xib in Resources */,
				C2DE9A2D1CC1CE3400263791 /* .gitignore in Resources */,
				C2DE9A161CC1CE3400263791 /* .gitignore in Resources */,
				C2DE9A221CC1CE3400263791 /* .gitignore in Resources */,
				C2DE9A481CC1D32700263791 /* bg-addbutton@2x.png in Resources */,
				C2DE9A711CC1D9BF00263791 /* BaseTableViewCell.xib in Resources */,
				C2DE9A4F1CC1D32700263791 /* icon-plus.png in Resources */,
				C2DE9A181CC1CE3400263791 /* .gitignore in Resources */,
				C2DE9A2A1CC1CE3400263791 /* .gitignore in Resources */,
				C2DE9A451CC1D32700263791 /* bg-addbutton-highlighted.png in Resources */,
				C2DE9A4A1CC1D32700263791 /* bg-menuitem-highlighted@2x.png in Resources */,
				C2DE9A4C1CC1D32700263791 /* bg-menuitem@2x.png in Resources */,
				C2DE9A1D1CC1CE3400263791 /* .gitignore in Resources */,
				C2DE9A1C1CC1CE3400263791 /* .gitignore in Resources */,
				C2269EDA1CBE613200A63BD4 /* LaunchScreen.storyboard in Resources */,
				C2DE9A471CC1D32700263791 /* bg-addbutton.png in Resources */,
				C2DE9A511CC1D32700263791 /* icon-star.png in Resources */,
				C2DE9A501CC1D32700263791 /* icon-plus@2x.png in Resources */,
				C2B6D5CD1CC7281900FF7F2B /* TalkCarViewCell.xib in Resources */,
				C2269ED71CBE613200A63BD4 /* Assets.xcassets in Resources */,
				C2DE9A1F1CC1CE3400263791 /* .gitignore in Resources */,
				C2B6D6191CC7B99E00FF7F2B /* ImportDetailsViewController.xib in Resources */,
				C2DE9A241CC1CE3400263791 /* .gitignore in Resources */,
				C2DE9A291CC1CE3400263791 /* .gitignore in Resources */,
				C2269EF01CBE78C100A63BD4 /* nav_menu_icon@2x.png in Resources */,
				C2DE9A201CC1CE3400263791 /* .gitignore in Resources */,
				C2DE9A521CC1D32700263791 /* icon-star@2x.png in Resources */,
				C2DE9A171CC1CE3400263791 /* .gitignore in Resources */,
				C2DE9A1A1CC1CE3400263791 /* .gitignore in Resources */,
				C2DE9A4D1CC1D32700263791 /* icon-plus-highlighted.png in Resources */,
				C2DE9A491CC1D32700263791 /* bg-menuitem-highlighted.png in Resources */,
				C2B6D6111CC77AB600FF7F2B /* 1.jpg in Resources */,
				C2DE9A461CC1D32700263791 /* bg-addbutton-highlighted@2x.png in Resources */,
				C2DE9A4E1CC1D32700263791 /* icon-plus-highlighted@2x.png in Resources */,
				C2DE9A1E1CC1CE3400263791 /* .gitignore in Resources */,
				C2AD2C441CC4E780004D5889 /* NewCarsCell.xib in Resources */,
				C2DE9A231CC1CE3400263791 /* .gitignore in Resources */,
				C2DE9A2B1CC1CE3400263791 /* .gitignore in Resources */,
				C2269ED51CBE613200A63BD4 /* Main.storyboard in Resources */,
			);
			runOnlyForDeploymentPostprocessing = 0;
		};
/* End PBXResourcesBuildPhase section */

/* Begin PBXShellScriptBuildPhase section */
		03816D81030ACFF2914FC624 /* Embed Pods Frameworks */ = {
			isa = PBXShellScriptBuildPhase;
			buildActionMask = 2147483647;
			files = (
			);
			inputPaths = (
			);
			name = "Embed Pods Frameworks";
			outputPaths = (
			);
			runOnlyForDeploymentPostprocessing = 0;
			shellPath = /bin/sh;
			shellScript = "\"${SRCROOT}/Pods/Target Support Files/Pods/Pods-frameworks.sh\"\n";
			showEnvVarsInLog = 0;
		};
		7CAE4E440C11FB431C502FD4 /* Copy Pods Resources */ = {
			isa = PBXShellScriptBuildPhase;
			buildActionMask = 2147483647;
			files = (
			);
			inputPaths = (
			);
			name = "Copy Pods Resources";
			outputPaths = (
			);
			runOnlyForDeploymentPostprocessing = 0;
			shellPath = /bin/sh;
			shellScript = "\"${SRCROOT}/Pods/Target Support Files/Pods/Pods-resources.sh\"\n";
			showEnvVarsInLog = 0;
		};
		9A4625D7AD12BAF120FA74A8 /* Check Pods Manifest.lock */ = {
			isa = PBXShellScriptBuildPhase;
			buildActionMask = 2147483647;
			files = (
			);
			inputPaths = (
			);
			name = "Check Pods Manifest.lock";
			outputPaths = (
			);
			runOnlyForDeploymentPostprocessing = 0;
			shellPath = /bin/sh;
			shellScript = "diff \"${PODS_ROOT}/../Podfile.lock\" \"${PODS_ROOT}/Manifest.lock\" > /dev/null\nif [[ $? != 0 ]] ; then\n    cat << EOM\nerror: The sandbox is not in sync with the Podfile.lock. Run 'pod install' or update your CocoaPods installation.\nEOM\n    exit 1\nfi\n";
			showEnvVarsInLog = 0;
		};
/* End PBXShellScriptBuildPhase section */

/* Begin PBXSourcesBuildPhase section */
		C2269EC31CBE613200A63BD4 /* Sources */ = {
			isa = PBXSourcesBuildPhase;
			buildActionMask = 2147483647;
			files = (
				C2048E861CC48D2D00292A39 /* ImportTableVIewCell.m in Sources */,
				C2B6D5CF1CC738EA00FF7F2B /* Foundation+Log.m in Sources */,
				C2269ED21CBE613200A63BD4 /* ViewController.m in Sources */,
				C2DE9A791CC1DFF700263791 /* NewCarsModel.m in Sources */,
				C2B6D6201CC7BE9900FF7F2B /* TalkCarViewController.m in Sources */,
				C2269F051CBE7CC000A63BD4 /* BaseCollectionViewCell.m in Sources */,
				C2AD2C501CC4EF82004D5889 /* RecommandTableCell.m in Sources */,
				C2048E8A1CC4901A00292A39 /* ImportNewsViewController.m in Sources */,
				C2B6D6181CC7B99E00FF7F2B /* ImportDetailsViewController.m in Sources */,
				C2269EFC1CBE7C7400A63BD4 /* BaseViewController.m in Sources */,
				C2DE9A821CC1E6FD00263791 /* NewCarsViewController.m in Sources */,
				C2AD2C4D1CC4EF66004D5889 /* RecommandModel.m in Sources */,
				C2269F081CBE7CDB00A63BD4 /* BaseCollectionViewController.m in Sources */,
				C2AD2C471CC4EF26004D5889 /* BaseTableViewController.m in Sources */,
				C2DE9A341CC1D2E300263791 /* NCAnimationView.m in Sources */,
				C2B6D5CB1CC7280E00FF7F2B /* TalkCarViewCell.m in Sources */,
				C2B6D61C1CC7BAA800FF7F2B /* ImportDetailModel.m in Sources */,
				C2269EEA1CBE76C700A63BD4 /* DrawerViewController.m in Sources */,
				C2269EFF1CBE7C8900A63BD4 /* BaseModel.m in Sources */,
				C2DE9A351CC1D2E300263791 /* NCAnimationViewItem.m in Sources */,
				C2269F021CBE7CA400A63BD4 /* BaseTableViewCell.m in Sources */,
				C2DE9A7C1CC1E01300263791 /* NewCarsCell.m in Sources */,
				C2269ECF1CBE613200A63BD4 /* AppDelegate.m in Sources */,
				C2269ECC1CBE613200A63BD4 /* main.m in Sources */,
				C2048E8D1CC4903B00292A39 /* ImportModel.m in Sources */,
				C2269F0B1CBE806F00A63BD4 /* MenuViewController.m in Sources */,
				C2AD2C551CC4FC5E004D5889 /* RecommandViewController.m in Sources */,
			);
			runOnlyForDeploymentPostprocessing = 0;
		};
/* End PBXSourcesBuildPhase section */

/* Begin PBXVariantGroup section */
		C2269ED31CBE613200A63BD4 /* Main.storyboard */ = {
			isa = PBXVariantGroup;
			children = (
				C2269ED41CBE613200A63BD4 /* Base */,
			);
			name = Main.storyboard;
			sourceTree = "<group>";
		};
		C2269ED81CBE613200A63BD4 /* LaunchScreen.storyboard */ = {
			isa = PBXVariantGroup;
			children = (
				C2269ED91CBE613200A63BD4 /* Base */,
			);
			name = LaunchScreen.storyboard;
			sourceTree = "<group>";
		};
/* End PBXVariantGroup section */

/* Begin XCBuildConfiguration section */
		C2269EDC1CBE613200A63BD4 /* Debug */ = {
			isa = XCBuildConfiguration;
			buildSettings = {
				ALWAYS_SEARCH_USER_PATHS = NO;
				CLANG_CXX_LANGUAGE_STANDARD = "gnu++0x";
				CLANG_CXX_LIBRARY = "libc++";
				CLANG_ENABLE_MODULES = YES;
				CLANG_ENABLE_OBJC_ARC = YES;
				CLANG_WARN_BOOL_CONVERSION = YES;
				CLANG_WARN_CONSTANT_CONVERSION = YES;
				CLANG_WARN_DIRECT_OBJC_ISA_USAGE = YES_ERROR;
				CLANG_WARN_EMPTY_BODY = YES;
				CLANG_WARN_ENUM_CONVERSION = YES;
				CLANG_WARN_INT_CONVERSION = YES;
				CLANG_WARN_OBJC_ROOT_CLASS = YES_ERROR;
				CLANG_WARN_UNREACHABLE_CODE = YES;
				CLANG_WARN__DUPLICATE_METHOD_MATCH = YES;
				"CODE_SIGN_IDENTITY[sdk=iphoneos*]" = "iPhone Developer";
				COPY_PHASE_STRIP = NO;
				DEBUG_INFORMATION_FORMAT = dwarf;
				ENABLE_STRICT_OBJC_MSGSEND = YES;
				ENABLE_TESTABILITY = YES;
				GCC_C_LANGUAGE_STANDARD = gnu99;
				GCC_DYNAMIC_NO_PIC = NO;
				GCC_NO_COMMON_BLOCKS = YES;
				GCC_OPTIMIZATION_LEVEL = 0;
				GCC_PREPROCESSOR_DEFINITIONS = (
					"DEBUG=1",
					"$(inherited)",
				);
				GCC_WARN_64_TO_32_BIT_CONVERSION = YES;
				GCC_WARN_ABOUT_RETURN_TYPE = YES_ERROR;
				GCC_WARN_UNDECLARED_SELECTOR = YES;
				GCC_WARN_UNINITIALIZED_AUTOS = YES_AGGRESSIVE;
				GCC_WARN_UNUSED_FUNCTION = YES;
				GCC_WARN_UNUSED_VARIABLE = YES;
				IPHONEOS_DEPLOYMENT_TARGET = 9.2;
				MTL_ENABLE_DEBUG_INFO = YES;
				ONLY_ACTIVE_ARCH = YES;
				SDKROOT = iphoneos;
			};
			name = Debug;
		};
		C2269EDD1CBE613200A63BD4 /* Release */ = {
			isa = XCBuildConfiguration;
			buildSettings = {
				ALWAYS_SEARCH_USER_PATHS = NO;
				CLANG_CXX_LANGUAGE_STANDARD = "gnu++0x";
				CLANG_CXX_LIBRARY = "libc++";
				CLANG_ENABLE_MODULES = YES;
				CLANG_ENABLE_OBJC_ARC = YES;
				CLANG_WARN_BOOL_CONVERSION = YES;
				CLANG_WARN_CONSTANT_CONVERSION = YES;
				CLANG_WARN_DIRECT_OBJC_ISA_USAGE = YES_ERROR;
				CLANG_WARN_EMPTY_BODY = YES;
				CLANG_WARN_ENUM_CONVERSION = YES;
				CLANG_WARN_INT_CONVERSION = YES;
				CLANG_WARN_OBJC_ROOT_CLASS = YES_ERROR;
				CLANG_WARN_UNREACHABLE_CODE = YES;
				CLANG_WARN__DUPLICATE_METHOD_MATCH = YES;
				"CODE_SIGN_IDENTITY[sdk=iphoneos*]" = "iPhone Developer";
				COPY_PHASE_STRIP = NO;
				DEBUG_INFORMATION_FORMAT = "dwarf-with-dsym";
				ENABLE_NS_ASSERTIONS = NO;
				ENABLE_STRICT_OBJC_MSGSEND = YES;
				GCC_C_LANGUAGE_STANDARD = gnu99;
				GCC_NO_COMMON_BLOCKS = YES;
				GCC_WARN_64_TO_32_BIT_CONVERSION = YES;
				GCC_WARN_ABOUT_RETURN_TYPE = YES_ERROR;
				GCC_WARN_UNDECLARED_SELECTOR = YES;
				GCC_WARN_UNINITIALIZED_AUTOS = YES_AGGRESSIVE;
				GCC_WARN_UNUSED_FUNCTION = YES;
				GCC_WARN_UNUSED_VARIABLE = YES;
				IPHONEOS_DEPLOYMENT_TARGET = 9.2;
				MTL_ENABLE_DEBUG_INFO = NO;
				SDKROOT = iphoneos;
				VALIDATE_PRODUCT = YES;
			};
			name = Release;
		};
		C2269EDF1CBE613200A63BD4 /* Debug */ = {
			isa = XCBuildConfiguration;
			baseConfigurationReference = 97CF78AAFE90DC8CFE4CCA72 /* Pods.debug.xcconfig */;
			buildSettings = {
				ASSETCATALOG_COMPILER_APPICON_NAME = AppIcon;
				GCC_PREFIX_HEADER = "$(SRCROOT)/CarPark/Tools/CarPark.pch";
				INFOPLIST_FILE = CarPark/Info.plist;
				IPHONEOS_DEPLOYMENT_TARGET = 9.0;
				LD_RUNPATH_SEARCH_PATHS = "$(inherited) @executable_path/Frameworks";
				PRODUCT_BUNDLE_IDENTIFIER = com.lcarpark.zfw.CarPark;
				PRODUCT_NAME = "$(TARGET_NAME)";
			};
			name = Debug;
		};
		C2269EE01CBE613200A63BD4 /* Release */ = {
			isa = XCBuildConfiguration;
			baseConfigurationReference = D22859644F039E2E1964D154 /* Pods.release.xcconfig */;
			buildSettings = {
				ASSETCATALOG_COMPILER_APPICON_NAME = AppIcon;
				GCC_PREFIX_HEADER = "$(SRCROOT)/CarPark/Tools/CarPark.pch";
				INFOPLIST_FILE = CarPark/Info.plist;
				IPHONEOS_DEPLOYMENT_TARGET = 9.0;
				LD_RUNPATH_SEARCH_PATHS = "$(inherited) @executable_path/Frameworks";
				PRODUCT_BUNDLE_IDENTIFIER = com.lcarpark.zfw.CarPark;
				PRODUCT_NAME = "$(TARGET_NAME)";
			};
			name = Release;
		};
/* End XCBuildConfiguration section */

/* Begin XCConfigurationList section */
		C2269EC21CBE613200A63BD4 /* Build configuration list for PBXProject "CarPark" */ = {
			isa = XCConfigurationList;
			buildConfigurations = (
				C2269EDC1CBE613200A63BD4 /* Debug */,
				C2269EDD1CBE613200A63BD4 /* Release */,
			);
			defaultConfigurationIsVisible = 0;
			defaultConfigurationName = Release;
		};
		C2269EDE1CBE613200A63BD4 /* Build configuration list for PBXNativeTarget "CarPark" */ = {
			isa = XCConfigurationList;
			buildConfigurations = (
				C2269EDF1CBE613200A63BD4 /* Debug */,
				C2269EE01CBE613200A63BD4 /* Release */,
			);
			defaultConfigurationIsVisible = 0;
			defaultConfigurationName = Release;
		};
/* End XCConfigurationList section */
	};
	rootObject = C2269EBF1CBE613200A63BD4 /* Project object */;
}
